{
  "version": 4,
  "terraform_version": "1.3.2",
  "serial": 20,
  "lineage": "8264f8db-d38d-07f0-9582-c4121e02752e",
  "outputs": {
    "docker-vps-data": {
      "value": {
        "ip": "142.93.160.247",
        "machine_template": "s-4vcpu-8gb",
        "ssh_line": "ssh -l root 142.93.160.247",
        "volume_disk": 80,
        "vps_disk": 160
      },
      "type": [
        "object",
        {
          "ip": "string",
          "machine_template": "string",
          "ssh_line": "string",
          "volume_disk": "number",
          "vps_disk": "number"
        }
      ]
    }
  },
  "resources": [
    {
      "mode": "data",
      "type": "digitalocean_images",
      "name": "available",
      "provider": "provider[\"registry.terraform.io/digitalocean/digitalocean\"]",
      "instances": [
        {
          "schema_version": 0,
          "attributes": {
            "filter": [
              {
                "all": false,
                "key": "distribution",
                "match_by": "exact",
                "values": [
                  "Ubuntu"
                ]
              },
              {
                "all": false,
                "key": "regions",
                "match_by": "exact",
                "values": [
                  "fra1"
                ]
              }
            ],
            "id": "images/6892399944486857509",
            "images": [
              {
                "created": "2023-03-08T00:44:28Z",
                "description": "MERN 1.0 on Ubuntu 22.04",
                "distribution": "Ubuntu",
                "error_message": "",
                "id": 128276461,
                "image": "128276461",
                "min_disk_size": 25,
                "name": "MERN 1.0 on Ubuntu 22.04",
                "private": false,
                "regions": [
                  "ams2",
                  "ams3",
                  "blr1",
                  "fra1",
                  "lon1",
                  "nyc1",
                  "nyc2",
                  "nyc3",
                  "sfo1",
                  "sfo2",
                  "sfo3",
                  "sgp1",
                  "syd1",
                  "tor1"
                ],
                "size_gigabytes": 3.47,
                "slug": "mern",
                "status": "available",
                "tags": [],
                "type": "snapshot"
              },
              {
                "created": "2023-03-06T21:01:13Z",
                "description": "Rocket.Chat 5.4.3 on Ubuntu 20.04",
                "distribution": "Ubuntu",
                "error_message": "",
                "id": 128193765,
                "image": "128193765",
                "min_disk_size": 25,
                "name": "Rocket.Chat 5.4.3 on Ubuntu 20.04",
                "private": false,
                "regions": [
                  "ams2",
                  "ams3",
                  "blr1",
                  "fra1",
                  "lon1",
                  "nyc1",
                  "nyc2",
                  "nyc3",
                  "sfo1",
                  "sfo2",
                  "sfo3",
                  "sgp1",
                  "syd1",
                  "tor1"
                ],
                "size_gigabytes": 5.05,
                "slug": "rocketchat-20-04",
                "status": "available",
                "tags": [],
                "type": "snapshot"
              },
              {
                "created": "2023-03-06T09:39:26Z",
                "description": "HollaEx Kit 2.5.1 on Ubuntu 20.04",
                "distribution": "Ubuntu",
                "error_message": "",
                "id": 128180332,
                "image": "128180332",
                "min_disk_size": 160,
                "name": "HollaEx Kit 2.5.1 on Ubuntu 20.04",
                "private": false,
                "regions": [
                  "ams2",
                  "ams3",
                  "blr1",
                  "fra1",
                  "lon1",
                  "nyc1",
                  "nyc2",
                  "nyc3",
                  "sfo1",
                  "sfo2",
                  "sfo3",
                  "sgp1",
                  "syd1",
                  "tor1"
                ],
                "size_gigabytes": 3.21,
                "slug": "hollaex-hollaexkit",
                "status": "available",
                "tags": [],
                "type": "snapshot"
              },
              {
                "created": "2023-03-05T19:17:44Z",
                "description": "CapRover 1.10.1 on Ubuntu 20.04",
                "distribution": "Ubuntu",
                "error_message": "",
                "id": 128124429,
                "image": "128124429",
                "min_disk_size": 25,
                "name": "CapRover 1.10.1 on Ubuntu 20.04",
                "private": false,
                "regions": [
                  "ams2",
                  "ams3",
                  "blr1",
                  "fra1",
                  "lon1",
                  "nyc1",
                  "nyc2",
                  "nyc3",
                  "sfo1",
                  "sfo2",
                  "sfo3",
                  "sgp1",
                  "syd1",
                  "tor1"
                ],
                "size_gigabytes": 5.62,
                "slug": "caprover-18-04",
                "status": "available",
                "tags": [],
                "type": "snapshot"
              },
              {
                "created": "2023-03-04T17:39:34Z",
                "description": "Nextcloud 4.5.0 on Ubuntu 22.04 (LTS)",
                "distribution": "Ubuntu",
                "error_message": "",
                "id": 128060292,
                "image": "128060292",
                "min_disk_size": 25,
                "name": "Nextcloud 4.5.0 on Ubuntu 22.04 (LTS)",
                "private": false,
                "regions": [
                  "ams2",
                  "ams3",
                  "blr1",
                  "fra1",
                  "lon1",
                  "nyc1",
                  "nyc2",
                  "nyc3",
                  "sfo1",
                  "sfo2",
                  "sfo3",
                  "sgp1",
                  "syd1",
                  "tor1"
                ],
                "size_gigabytes": 2.8,
                "slug": "nextcloudgmbh-nextcloud",
                "status": "available",
                "tags": [],
                "type": "snapshot"
              },
              {
                "created": "2023-03-04T04:34:34Z",
                "description": "ShinyProxy 3.0.0 on Ubuntu 22.04",
                "distribution": "Ubuntu",
                "error_message": "",
                "id": 128041028,
                "image": "128041028",
                "min_disk_size": 25,
                "name": "ShinyProxy 3.0.0 on Ubuntu 22.04",
                "private": false,
                "regions": [
                  "ams2",
                  "ams3",
                  "blr1",
                  "fra1",
                  "lon1",
                  "nyc1",
                  "nyc2",
                  "nyc3",
                  "sfo1",
                  "sfo2",
                  "sfo3",
                  "sgp1",
                  "syd1",
                  "tor1"
                ],
                "size_gigabytes": 5.68,
                "slug": "analythium-shinyproxy-20-04",
                "status": "available",
                "tags": [],
                "type": "snapshot"
              },
              {
                "created": "2023-03-02T08:25:13Z",
                "description": "Passbolt CE 3.11.0-1 on Ubuntu 20.04",
                "distribution": "Ubuntu",
                "error_message": "",
                "id": 127924399,
                "image": "127924399",
                "min_disk_size": 25,
                "name": "Passbolt CE 3.11.0-1 on Ubuntu 20.04",
                "private": false,
                "regions": [
                  "ams2",
                  "ams3",
                  "blr1",
                  "fra1",
                  "lon1",
                  "nyc1",
                  "nyc2",
                  "nyc3",
                  "sfo1",
                  "sfo2",
                  "sfo3",
                  "sgp1",
                  "syd1",
                  "tor1"
                ],
                "size_gigabytes": 2.36,
                "slug": "passboltsa-passboltce-20-04",
                "status": "available",
                "tags": [],
                "type": "snapshot"
              },
              {
                "created": "2023-03-01T21:19:33Z",
                "description": "Teleport 12-latest on Ubuntu 20.04",
                "distribution": "Ubuntu",
                "error_message": "",
                "id": 127873304,
                "image": "127873304",
                "min_disk_size": 25,
                "name": "Teleport 12-latest on Ubuntu 20.04",
                "private": false,
                "regions": [
                  "ams2",
                  "ams3",
                  "blr1",
                  "fra1",
                  "lon1",
                  "nyc1",
                  "nyc2",
                  "nyc3",
                  "sfo1",
                  "sfo2",
                  "sfo3",
                  "sgp1",
                  "syd1",
                  "tor1"
                ],
                "size_gigabytes": 2.57,
                "slug": "devrel-teleport-20-04",
                "status": "available",
                "tags": [],
                "type": "snapshot"
              },
              {
                "created": "2023-02-28T17:45:16Z",
                "description": "EdgeDB 2.12 on Ubuntu 20.04",
                "distribution": "Ubuntu",
                "error_message": "",
                "id": 127803181,
                "image": "127803181",
                "min_disk_size": 25,
                "name": "EdgeDB 2.12 on Ubuntu 20.04",
                "private": false,
                "regions": [
                  "ams2",
                  "ams3",
                  "blr1",
                  "fra1",
                  "lon1",
                  "nyc1",
                  "nyc2",
                  "nyc3",
                  "sfo1",
                  "sfo2",
                  "sfo3",
                  "sgp1",
                  "syd1",
                  "tor1"
                ],
                "size_gigabytes": 2.45,
                "slug": "edgedb",
                "status": "available",
                "tags": [],
                "type": "snapshot"
              },
              {
                "created": "2023-02-27T18:13:42Z",
                "description": "CloudPanel 2 - Ubuntu 22.04 2.2.1 on Ubuntu 22.04",
                "distribution": "Ubuntu",
                "error_message": "",
                "id": 127739296,
                "image": "127739296",
                "min_disk_size": 25,
                "name": "CloudPanel 2 - Ubuntu 22.04 2.2.1 on Ubuntu 22.04",
                "private": false,
                "regions": [
                  "ams2",
                  "ams3",
                  "blr1",
                  "fra1",
                  "lon1",
                  "nyc1",
                  "nyc2",
                  "nyc3",
                  "sfo1",
                  "sfo2",
                  "sfo3",
                  "sgp1",
                  "syd1",
                  "tor1"
                ],
                "size_gigabytes": 7.8,
                "slug": "mgtcommercegmbh-cloudpanel2ubunt",
                "status": "available",
                "tags": [],
                "type": "snapshot"
              },
              {
                "created": "2023-02-27T07:51:34Z",
                "description": "Openblocks 1.1.6 on Ubuntu 20.04 (LTS)",
                "distribution": "Ubuntu",
                "error_message": "",
                "id": 127730195,
                "image": "127730195",
                "min_disk_size": 25,
                "name": "Openblocks 1.1.6 on Ubuntu 20.04 (LTS)",
                "private": false,
                "regions": [
                  "ams2",
                  "ams3",
                  "blr1",
                  "fra1",
                  "lon1",
                  "nyc1",
                  "nyc2",
                  "nyc3",
                  "sfo1",
                  "sfo2",
                  "sfo3",
                  "sgp1",
                  "syd1",
                  "tor1"
                ],
                "size_gigabytes": 5.75,
                "slug": "openblocks",
                "status": "available",
                "tags": [],
                "type": "snapshot"
              },
              {
                "created": "2023-02-24T14:41:37Z",
                "description": "WorkflowServer 3.1.1 on Ubuntu 22.04",
                "distribution": "Ubuntu",
                "error_message": "",
                "id": 127543848,
                "image": "127543848",
                "min_disk_size": 25,
                "name": "WorkflowServer 3.1.1 on Ubuntu 22.04",
                "private": false,
                "regions": [
                  "ams2",
                  "ams3",
                  "blr1",
                  "fra1",
                  "lon1",
                  "nyc1",
                  "nyc2",
                  "nyc3",
                  "sfo1",
                  "sfo2",
                  "sfo3",
                  "sgp1",
                  "syd1",
                  "tor1"
                ],
                "size_gigabytes": 2.91,
                "slug": "optimajet-workflowserver-18-04",
                "status": "available",
                "tags": [],
                "type": "snapshot"
              },
              {
                "created": "2023-02-23T19:15:31Z",
                "description": "Sandfly Security 4.3.1 on Ubuntu 22.04",
                "distribution": "Ubuntu",
                "error_message": "",
                "id": 127483794,
                "image": "127483794",
                "min_disk_size": 50,
                "name": "Sandfly Security 4.3.1 on Ubuntu 22.04",
                "private": false,
                "regions": [
                  "ams2",
                  "ams3",
                  "blr1",
                  "fra1",
                  "lon1",
                  "nyc1",
                  "nyc2",
                  "nyc3",
                  "sfo1",
                  "sfo2",
                  "sfo3",
                  "sgp1",
                  "syd1",
                  "tor1"
                ],
                "size_gigabytes": 3.08,
                "slug": "sandflysecurity-20-04",
                "status": "available",
                "tags": [],
                "type": "snapshot"
              },
              {
                "created": "2023-02-23T12:12:19Z",
                "description": "PhpMyAdmin 5.2.1 on Ubuntu 22.04",
                "distribution": "Ubuntu",
                "error_message": "",
                "id": 127477027,
                "image": "127477027",
                "min_disk_size": 25,
                "name": "PhpMyAdmin 5.2.1 on Ubuntu 22.04",
                "private": false,
                "regions": [
                  "ams2",
                  "ams3",
                  "blr1",
                  "fra1",
                  "lon1",
                  "nyc1",
                  "nyc2",
                  "nyc3",
                  "sfo1",
                  "sfo2",
                  "sfo3",
                  "sgp1",
                  "syd1",
                  "tor1"
                ],
                "size_gigabytes": 2.77,
                "slug": "phpmyadmin-20-04",
                "status": "available",
                "tags": [],
                "type": "snapshot"
              },
              {
                "created": "2023-02-23T11:50:55Z",
                "description": "FlowForge 1.4.0 on Ubuntu 22.04",
                "distribution": "Ubuntu",
                "error_message": "",
                "id": 127476759,
                "image": "127476759",
                "min_disk_size": 25,
                "name": "FlowForge 1.4.0 on Ubuntu 22.04",
                "private": false,
                "regions": [
                  "ams2",
                  "ams3",
                  "blr1",
                  "fra1",
                  "lon1",
                  "nyc1",
                  "nyc2",
                  "nyc3",
                  "sfo1",
                  "sfo2",
                  "sfo3",
                  "sgp1",
                  "syd1",
                  "tor1"
                ],
                "size_gigabytes": 6.42,
                "slug": "flowforge",
                "status": "available",
                "tags": [],
                "type": "snapshot"
              },
              {
                "created": "2023-02-17T07:05:59Z",
                "description": "Haltdos Community WAF 1.0.0 on Ubuntu 22.04",
                "distribution": "Ubuntu",
                "error_message": "",
                "id": 127089028,
                "image": "127089028",
                "min_disk_size": 60,
                "name": "Haltdos Community WAF 1.0.0 on Ubuntu 22.04",
                "private": false,
                "regions": [
                  "ams2",
                  "ams3",
                  "blr1",
                  "fra1",
                  "lon1",
                  "nyc1",
                  "nyc2",
                  "nyc3",
                  "sfo1",
                  "sfo2",
                  "sfo3",
                  "sgp1",
                  "syd1",
                  "tor1"
                ],
                "size_gigabytes": 3.4,
                "slug": "haltdos-haltdoscommunity",
                "status": "available",
                "tags": [],
                "type": "snapshot"
              },
              {
                "created": "2023-02-16T14:23:21Z",
                "description": "Bitwarden 2023.2.0 on Ubuntu 20.04",
                "distribution": "Ubuntu",
                "error_message": "",
                "id": 127032103,
                "image": "127032103",
                "min_disk_size": 25,
                "name": "Bitwarden 2023.2.0 on Ubuntu 20.04",
                "private": false,
                "regions": [
                  "ams2",
                  "ams3",
                  "blr1",
                  "fra1",
                  "lon1",
                  "nyc1",
                  "nyc2",
                  "nyc3",
                  "sfo1",
                  "sfo2",
                  "sfo3",
                  "sgp1",
                  "syd1",
                  "tor1"
                ],
                "size_gigabytes": 2.34,
                "slug": "bitwarden",
                "status": "available",
                "tags": [],
                "type": "snapshot"
              },
              {
                "created": "2023-02-16T09:15:47Z",
                "description": "FASTPANEL 1.10-ubuntu20.04p206 on Ubuntu 20.04",
                "distribution": "Ubuntu",
                "error_message": "",
                "id": 127028554,
                "image": "127028554",
                "min_disk_size": 25,
                "name": "FASTPANEL 1.10-ubuntu20.04p206 on Ubuntu 20.04",
                "private": false,
                "regions": [
                  "ams2",
                  "ams3",
                  "blr1",
                  "fra1",
                  "lon1",
                  "nyc1",
                  "nyc2",
                  "nyc3",
                  "sfo1",
                  "sfo2",
                  "sfo3",
                  "sgp1",
                  "syd1",
                  "tor1"
                ],
                "size_gigabytes": 2.69,
                "slug": "fastpanel-deb-9",
                "status": "available",
                "tags": [],
                "type": "snapshot"
              },
              {
                "created": "2023-02-16T04:56:50Z",
                "description": "Appwrite 1.2.1 on Ubuntu 20.04",
                "distribution": "Ubuntu",
                "error_message": "",
                "id": 127016586,
                "image": "127016586",
                "min_disk_size": 25,
                "name": "Appwrite 1.2.1 on Ubuntu 20.04",
                "private": false,
                "regions": [
                  "ams2",
                  "ams3",
                  "blr1",
                  "fra1",
                  "lon1",
                  "nyc1",
                  "nyc2",
                  "nyc3",
                  "sfo1",
                  "sfo2",
                  "sfo3",
                  "sgp1",
                  "syd1",
                  "tor1"
                ],
                "size_gigabytes": 6.3,
                "slug": "appwrite-20-04",
                "status": "available",
                "tags": [],
                "type": "snapshot"
              },
              {
                "created": "2023-02-15T17:43:09Z",
                "description": "Laravel 10.0.0 on Ubuntu 22.04",
                "distribution": "Ubuntu",
                "error_message": "",
                "id": 126971366,
                "image": "126971366",
                "min_disk_size": 10,
                "name": "Laravel 10.0.0 on Ubuntu 22.04",
                "private": false,
                "regions": [
                  "ams2",
                  "ams3",
                  "blr1",
                  "fra1",
                  "lon1",
                  "nyc1",
                  "nyc2",
                  "nyc3",
                  "sfo1",
                  "sfo2",
                  "sfo3",
                  "sgp1",
                  "syd1",
                  "tor1"
                ],
                "size_gigabytes": 4.24,
                "slug": "devdojo-laravel-20-04",
                "status": "available",
                "tags": [],
                "type": "snapshot"
              },
              {
                "created": "2023-02-15T14:02:08Z",
                "description": "VictoriaMetrics Single 1.87.1 on Ubuntu 20.04",
                "distribution": "Ubuntu",
                "error_message": "",
                "id": 126967414,
                "image": "126967414",
                "min_disk_size": 25,
                "name": "VictoriaMetrics Single 1.87.1 on Ubuntu 20.04",
                "private": false,
                "regions": [
                  "ams2",
                  "ams3",
                  "blr1",
                  "fra1",
                  "lon1",
                  "nyc1",
                  "nyc2",
                  "nyc3",
                  "sfo1",
                  "sfo2",
                  "sfo3",
                  "sgp1",
                  "syd1",
                  "tor1"
                ],
                "size_gigabytes": 2,
                "slug": "victoriametrics-victoriametricss",
                "status": "available",
                "tags": [],
                "type": "snapshot"
              },
              {
                "created": "2023-02-15T10:38:59Z",
                "description": "ONLYOFFICE Docs 7.3.2 on Ubuntu 20.04 LTS",
                "distribution": "Ubuntu",
                "error_message": "",
                "id": 126964726,
                "image": "126964726",
                "min_disk_size": 80,
                "name": "ONLYOFFICE Docs 7.3.2 on Ubuntu 20.04 LTS",
                "private": false,
                "regions": [
                  "ams2",
                  "ams3",
                  "blr1",
                  "fra1",
                  "lon1",
                  "nyc1",
                  "nyc2",
                  "nyc3",
                  "sfo1",
                  "sfo2",
                  "sfo3",
                  "sgp1",
                  "syd1",
                  "tor1"
                ],
                "size_gigabytes": 12.03,
                "slug": "ascensiosystemsi-onlyofficeeditor-18-04-4",
                "status": "available",
                "tags": [],
                "type": "snapshot"
              },
              {
                "created": "2023-02-15T07:45:01Z",
                "description": "EmailEngine 2.30.3 on Ubuntu 20.04",
                "distribution": "Ubuntu",
                "error_message": "",
                "id": 126960819,
                "image": "126960819",
                "min_disk_size": 25,
                "name": "EmailEngine 2.30.3 on Ubuntu 20.04",
                "private": false,
                "regions": [
                  "ams2",
                  "ams3",
                  "blr1",
                  "fra1",
                  "lon1",
                  "nyc1",
                  "nyc2",
                  "nyc3",
                  "sfo1",
                  "sfo2",
                  "sfo3",
                  "sgp1",
                  "syd1",
                  "tor1"
                ],
                "size_gigabytes": 2.47,
                "slug": "postalsystemso-emailengine",
                "status": "available",
                "tags": [],
                "type": "snapshot"
              },
              {
                "created": "2023-02-14T22:28:59Z",
                "description": "Ruby on Rails 7.0.4.2 on Ubuntu 22.04",
                "distribution": "Ubuntu",
                "error_message": "",
                "id": 126920856,
                "image": "126920856",
                "min_disk_size": 25,
                "name": "Ruby on Rails 7.0.4.2 on Ubuntu 22.04",
                "private": false,
                "regions": [
                  "ams2",
                  "ams3",
                  "blr1",
                  "fra1",
                  "lon1",
                  "nyc1",
                  "nyc2",
                  "nyc3",
                  "sfo1",
                  "sfo2",
                  "sfo3",
                  "sgp1",
                  "syd1",
                  "tor1"
                ],
                "size_gigabytes": 3.05,
                "slug": "rubyonrails-20-04",
                "status": "available",
                "tags": [],
                "type": "snapshot"
              },
              {
                "created": "2023-02-14T13:56:13Z",
                "description": "Workflow Server 3 3.1.1 on Ubuntu 22.04",
                "distribution": "Ubuntu",
                "error_message": "",
                "id": 126897486,
                "image": "126897486",
                "min_disk_size": 25,
                "name": "Workflow Server 3 3.1.1 on Ubuntu 22.04",
                "private": false,
                "regions": [
                  "ams2",
                  "ams3",
                  "blr1",
                  "fra1",
                  "lon1",
                  "nyc1",
                  "nyc2",
                  "nyc3",
                  "sfo1",
                  "sfo2",
                  "sfo3",
                  "sgp1",
                  "syd1",
                  "tor1"
                ],
                "size_gigabytes": 2.9,
                "slug": "optimajet-workflowserver3",
                "status": "available",
                "tags": [],
                "type": "snapshot"
              },
              {
                "created": "2023-02-14T05:43:44Z",
                "description": "RunCloud-20.04 2.6.1.1 on Ubuntu 20.04",
                "distribution": "Ubuntu",
                "error_message": "",
                "id": 126828281,
                "image": "126828281",
                "min_disk_size": 25,
                "name": "RunCloud-20.04 2.6.1.1 on Ubuntu 20.04",
                "private": false,
                "regions": [
                  "ams2",
                  "ams3",
                  "blr1",
                  "fra1",
                  "lon1",
                  "nyc1",
                  "nyc2",
                  "nyc3",
                  "sfo1",
                  "sfo2",
                  "sfo3",
                  "sgp1",
                  "syd1",
                  "tor1"
                ],
                "size_gigabytes": 4.01,
                "slug": "runcloud-runcloud2004-20-04",
                "status": "available",
                "tags": [],
                "type": "snapshot"
              },
              {
                "created": "2023-02-09T11:40:37Z",
                "description": "Django 4.1.1 on Ubuntu 22.04",
                "distribution": "Ubuntu",
                "error_message": "",
                "id": 126575892,
                "image": "126575892",
                "min_disk_size": 25,
                "name": "Django 4.1.1 on Ubuntu 22.04",
                "private": false,
                "regions": [
                  "ams2",
                  "ams3",
                  "blr1",
                  "fra1",
                  "lon1",
                  "nyc1",
                  "nyc2",
                  "nyc3",
                  "sfo1",
                  "sfo2",
                  "sfo3",
                  "sgp1",
                  "syd1",
                  "tor1"
                ],
                "size_gigabytes": 2.56,
                "slug": "django-20-04",
                "status": "available",
                "tags": [],
                "type": "snapshot"
              },
              {
                "created": "2023-02-08T19:32:36Z",
                "description": "Activepieces 0.3.0 on Ubuntu 22.04",
                "distribution": "Ubuntu",
                "error_message": "",
                "id": 126521840,
                "image": "126521840",
                "min_disk_size": 10,
                "name": "Activepieces 0.3.0 on Ubuntu 22.04",
                "private": false,
                "regions": [
                  "ams2",
                  "ams3",
                  "blr1",
                  "fra1",
                  "lon1",
                  "nyc1",
                  "nyc2",
                  "nyc3",
                  "sfo1",
                  "sfo2",
                  "sfo3",
                  "sgp1",
                  "syd1",
                  "tor1"
                ],
                "size_gigabytes": 5.78,
                "slug": "activepieces",
                "status": "available",
                "tags": [],
                "type": "snapshot"
              },
              {
                "created": "2023-02-08T16:49:45Z",
                "description": "Kasm Workspaces 1.12.0 on Ubuntu 20.04",
                "distribution": "Ubuntu",
                "error_message": "",
                "id": 126518693,
                "image": "126518693",
                "min_disk_size": 80,
                "name": "Kasm Workspaces 1.12.0 on Ubuntu 20.04",
                "private": false,
                "regions": [
                  "ams2",
                  "ams3",
                  "blr1",
                  "fra1",
                  "lon1",
                  "nyc1",
                  "nyc2",
                  "nyc3",
                  "sfo1",
                  "sfo2",
                  "sfo3",
                  "sgp1",
                  "syd1",
                  "tor1"
                ],
                "size_gigabytes": 24.75,
                "slug": "kasmtechnologies-kasmworkspaces-18-04",
                "status": "available",
                "tags": [],
                "type": "snapshot"
              },
              {
                "created": "2023-02-08T08:08:43Z",
                "description": "OpenVPN Access Server 2.11.3 on Ubuntu 22.04",
                "distribution": "Ubuntu",
                "error_message": "",
                "id": 126498652,
                "image": "126498652",
                "min_disk_size": 25,
                "name": "OpenVPN Access Server 2.11.3 on Ubuntu 22.04",
                "private": false,
                "regions": [
                  "ams2",
                  "ams3",
                  "blr1",
                  "fra1",
                  "lon1",
                  "nyc1",
                  "nyc2",
                  "nyc3",
                  "sfo1",
                  "sfo2",
                  "sfo3",
                  "sgp1",
                  "syd1",
                  "tor1"
                ],
                "size_gigabytes": 2.41,
                "slug": "openvpn-18-04",
                "status": "available",
                "tags": [],
                "type": "snapshot"
              },
              {
                "created": "2023-02-07T14:10:07Z",
                "description": "PocketBase 0.12.2 on Ubuntu 22.04",
                "distribution": "Ubuntu",
                "error_message": "",
                "id": 126452891,
                "image": "126452891",
                "min_disk_size": 25,
                "name": "PocketBase 0.12.2 on Ubuntu 22.04",
                "private": false,
                "regions": [
                  "ams2",
                  "ams3",
                  "blr1",
                  "fra1",
                  "lon1",
                  "nyc1",
                  "nyc2",
                  "nyc3",
                  "sfo1",
                  "sfo2",
                  "sfo3",
                  "sgp1",
                  "syd1",
                  "tor1"
                ],
                "size_gigabytes": 2.15,
                "slug": "doteamaccount-pocketbase",
                "status": "available",
                "tags": [],
                "type": "snapshot"
              },
              {
                "created": "2023-02-07T13:49:09Z",
                "description": "LEMP 43 on Ubuntu 22.04",
                "distribution": "Ubuntu",
                "error_message": "",
                "id": 126452293,
                "image": "126452293",
                "min_disk_size": 25,
                "name": "LEMP 43 on Ubuntu 22.04",
                "private": false,
                "regions": [
                  "ams2",
                  "ams3",
                  "blr1",
                  "fra1",
                  "lon1",
                  "nyc1",
                  "nyc2",
                  "nyc3",
                  "sfo1",
                  "sfo2",
                  "sfo3",
                  "sgp1",
                  "syd1",
                  "tor1"
                ],
                "size_gigabytes": 2.63,
                "slug": "lemp-20-04",
                "status": "available",
                "tags": [],
                "type": "snapshot"
              },
              {
                "created": "2023-02-02T11:01:25Z",
                "description": "Cloudron 7.3.4 on Ubuntu 22.04",
                "distribution": "Ubuntu",
                "error_message": "",
                "id": 126122117,
                "image": "126122117",
                "min_disk_size": 25,
                "name": "Cloudron 7.3.4 on Ubuntu 22.04",
                "private": false,
                "regions": [
                  "ams2",
                  "ams3",
                  "blr1",
                  "fra1",
                  "lon1",
                  "nyc1",
                  "nyc2",
                  "nyc3",
                  "sfo1",
                  "sfo2",
                  "sfo3",
                  "sgp1",
                  "syd1",
                  "tor1"
                ],
                "size_gigabytes": 10.57,
                "slug": "cloudron-20-04",
                "status": "available",
                "tags": [],
                "type": "snapshot"
              },
              {
                "created": "2023-02-02T04:31:40Z",
                "description": "OpenBoxes Server 0.8.20 on Ubuntu 22.04",
                "distribution": "Ubuntu",
                "error_message": "",
                "id": 126100150,
                "image": "126100150",
                "min_disk_size": 50,
                "name": "OpenBoxes Server 0.8.20 on Ubuntu 22.04",
                "private": false,
                "regions": [
                  "ams2",
                  "ams3",
                  "blr1",
                  "fra1",
                  "lon1",
                  "nyc1",
                  "nyc2",
                  "nyc3",
                  "sfo1",
                  "sfo2",
                  "sfo3",
                  "sgp1",
                  "syd1",
                  "tor1"
                ],
                "size_gigabytes": 3.18,
                "slug": "openboxes-openboxesserver",
                "status": "available",
                "tags": [],
                "type": "snapshot"
              },
              {
                "created": "2023-02-01T08:37:54Z",
                "description": "Aqtra Platform 0.4.16 on Ubuntu 18.04+",
                "distribution": "Ubuntu",
                "error_message": "",
                "id": 126048035,
                "image": "126048035",
                "min_disk_size": 25,
                "name": "Aqtra Platform 0.4.16 on Ubuntu 18.04+",
                "private": false,
                "regions": [
                  "ams2",
                  "ams3",
                  "blr1",
                  "fra1",
                  "lon1",
                  "nyc1",
                  "nyc2",
                  "nyc3",
                  "sfo1",
                  "sfo2",
                  "sfo3",
                  "sgp1",
                  "syd1",
                  "tor1"
                ],
                "size_gigabytes": 3.44,
                "slug": "aqtraplatform",
                "status": "available",
                "tags": [],
                "type": "snapshot"
              },
              {
                "created": "2023-01-30T13:43:08Z",
                "description": "WordPress 6.1.1 on Ubuntu 22.04",
                "distribution": "Ubuntu",
                "error_message": "",
                "id": 125930013,
                "image": "125930013",
                "min_disk_size": 25,
                "name": "WordPress 6.1.1 on Ubuntu 22.04",
                "private": false,
                "regions": [
                  "ams2",
                  "ams3",
                  "blr1",
                  "fra1",
                  "lon1",
                  "nyc1",
                  "nyc2",
                  "nyc3",
                  "sfo1",
                  "sfo2",
                  "sfo3",
                  "sgp1",
                  "syd1",
                  "tor1"
                ],
                "size_gigabytes": 2.75,
                "slug": "wordpress-20-04",
                "status": "available",
                "tags": [],
                "type": "snapshot"
              },
              {
                "created": "2023-01-27T15:10:05Z",
                "description": "Discourse on Ubuntu 22.04",
                "distribution": "Ubuntu",
                "error_message": "",
                "id": 125739546,
                "image": "125739546",
                "min_disk_size": 25,
                "name": "Discourse on Ubuntu 22.04",
                "private": false,
                "regions": [
                  "ams2",
                  "ams3",
                  "blr1",
                  "fra1",
                  "lon1",
                  "nyc1",
                  "nyc2",
                  "nyc3",
                  "sfo1",
                  "sfo2",
                  "sfo3",
                  "sgp1",
                  "syd1",
                  "tor1"
                ],
                "size_gigabytes": 3.87,
                "slug": "discourse-20-04",
                "status": "available",
                "tags": [],
                "type": "snapshot"
              },
              {
                "created": "2023-01-27T13:45:35Z",
                "description": "NirvaShare 2.4.0 on Ubuntu 20.04 (LTS)",
                "distribution": "Ubuntu",
                "error_message": "",
                "id": 125737319,
                "image": "125737319",
                "min_disk_size": 25,
                "name": "NirvaShare 2.4.0 on Ubuntu 20.04 (LTS)",
                "private": false,
                "regions": [
                  "ams2",
                  "ams3",
                  "blr1",
                  "fra1",
                  "lon1",
                  "nyc1",
                  "nyc2",
                  "nyc3",
                  "sfo1",
                  "sfo2",
                  "sfo3",
                  "sgp1",
                  "syd1",
                  "tor1"
                ],
                "size_gigabytes": 3.46,
                "slug": "nirvatosoftware-nirvashare-20-04",
                "status": "available",
                "tags": [],
                "type": "snapshot"
              },
              {
                "created": "2023-01-24T14:30:41Z",
                "description": "Zulip 6.1 on Ubuntu 20.04",
                "distribution": "Ubuntu",
                "error_message": "",
                "id": 125543178,
                "image": "125543178",
                "min_disk_size": 50,
                "name": "Zulip 6.1 on Ubuntu 20.04",
                "private": false,
                "regions": [
                  "ams2",
                  "ams3",
                  "blr1",
                  "fra1",
                  "lon1",
                  "nyc1",
                  "nyc2",
                  "nyc3",
                  "sfo1",
                  "sfo2",
                  "sfo3",
                  "sgp1",
                  "syd1",
                  "tor1"
                ],
                "size_gigabytes": 4.7,
                "slug": "kandralabs-zulip-18-04",
                "status": "available",
                "tags": [],
                "type": "snapshot"
              },
              {
                "created": "2023-01-20T17:39:10Z",
                "description": "Ant Media Server Community Edition 2.5.3 on Ubuntu 20.04",
                "distribution": "Ubuntu",
                "error_message": "",
                "id": 125287966,
                "image": "125287966",
                "min_disk_size": 25,
                "name": "Ant Media Server Community Edition 2.5.3 on Ubuntu 20.04",
                "private": false,
                "regions": [
                  "ams2",
                  "ams3",
                  "blr1",
                  "fra1",
                  "lon1",
                  "nyc1",
                  "nyc2",
                  "nyc3",
                  "sfo1",
                  "sfo2",
                  "sfo3",
                  "sgp1",
                  "syd1",
                  "tor1"
                ],
                "size_gigabytes": 3.01,
                "slug": "antmedia-antmediaserverco-18-04",
                "status": "available",
                "tags": [],
                "type": "snapshot"
              },
              {
                "created": "2023-01-20T17:38:53Z",
                "description": "Ant Media Server Enterprise Edition 2.5.3 on Ubuntu 20.04",
                "distribution": "Ubuntu",
                "error_message": "",
                "id": 125287960,
                "image": "125287960",
                "min_disk_size": 25,
                "name": "Ant Media Server Enterprise Edition 2.5.3 on Ubuntu 20.04",
                "private": false,
                "regions": [
                  "ams2",
                  "ams3",
                  "blr1",
                  "fra1",
                  "lon1",
                  "nyc1",
                  "nyc2",
                  "nyc3",
                  "sfo1",
                  "sfo2",
                  "sfo3",
                  "sgp1",
                  "syd1",
                  "tor1"
                ],
                "size_gigabytes": 3.07,
                "slug": "antmedia-antmediaserveren-18-04",
                "status": "available",
                "tags": [],
                "type": "snapshot"
              },
              {
                "created": "2023-01-20T11:29:02Z",
                "description": "Saltcorn 0.8.2 on Ubuntu 22.04",
                "distribution": "Ubuntu",
                "error_message": "",
                "id": 125279801,
                "image": "125279801",
                "min_disk_size": 25,
                "name": "Saltcorn 0.8.2 on Ubuntu 22.04",
                "private": false,
                "regions": [
                  "ams2",
                  "ams3",
                  "blr1",
                  "fra1",
                  "lon1",
                  "nyc1",
                  "nyc2",
                  "nyc3",
                  "sfo1",
                  "sfo2",
                  "sfo3",
                  "sgp1",
                  "syd1",
                  "tor1"
                ],
                "size_gigabytes": 9.74,
                "slug": "saltcorn-20-04",
                "status": "available",
                "tags": [],
                "type": "snapshot"
              },
              {
                "created": "2023-01-18T11:01:36Z",
                "description": "FileCloud 22.1.0 on Ubuntu 20.04",
                "distribution": "Ubuntu",
                "error_message": "",
                "id": 125146564,
                "image": "125146564",
                "min_disk_size": 80,
                "name": "FileCloud 22.1.0 on Ubuntu 20.04",
                "private": false,
                "regions": [
                  "ams2",
                  "ams3",
                  "blr1",
                  "fra1",
                  "lon1",
                  "nyc1",
                  "nyc2",
                  "nyc3",
                  "sfo1",
                  "sfo2",
                  "sfo3",
                  "sgp1",
                  "syd1",
                  "tor1"
                ],
                "size_gigabytes": 4.36,
                "slug": "codelathe-filecloud-20-04",
                "status": "available",
                "tags": [],
                "type": "snapshot"
              },
              {
                "created": "2023-01-17T07:49:48Z",
                "description": "OpenLiteSpeed WordPress 6.1.1 on Ubuntu 22.04",
                "distribution": "Ubuntu",
                "error_message": "",
                "id": 125074890,
                "image": "125074890",
                "min_disk_size": 25,
                "name": "OpenLiteSpeed WordPress 6.1.1 on Ubuntu 22.04",
                "private": false,
                "regions": [
                  "ams2",
                  "ams3",
                  "blr1",
                  "fra1",
                  "lon1",
                  "nyc1",
                  "nyc2",
                  "nyc3",
                  "sfo1",
                  "sfo2",
                  "sfo3",
                  "sgp1",
                  "syd1",
                  "tor1"
                ],
                "size_gigabytes": 2.96,
                "slug": "litespeedtechnol-openlitespeedwor-20-04",
                "status": "available",
                "tags": [],
                "type": "snapshot"
              },
              {
                "created": "2023-01-16T20:52:08Z",
                "description": "Droplet NFS Server 2.6.1 on Ubuntu 20.04",
                "distribution": "Ubuntu",
                "error_message": "",
                "id": 125030270,
                "image": "125030270",
                "min_disk_size": 25,
                "name": "Droplet NFS Server 2.6.1 on Ubuntu 20.04",
                "private": false,
                "regions": [
                  "ams2",
                  "ams3",
                  "blr1",
                  "fra1",
                  "lon1",
                  "nyc1",
                  "nyc2",
                  "nyc3",
                  "sfo1",
                  "sfo2",
                  "sfo3",
                  "sgp1",
                  "syd1",
                  "tor1"
                ],
                "size_gigabytes": 1.76,
                "slug": "sharklabs-dropletnfsserver",
                "status": "available",
                "tags": [],
                "type": "snapshot"
              },
              {
                "created": "2023-01-09T20:49:52Z",
                "description": "InvenTree 0.9.2 on Ubuntu 20.04",
                "distribution": "Ubuntu",
                "error_message": "",
                "id": 124576064,
                "image": "124576064",
                "min_disk_size": 25,
                "name": "InvenTree 0.9.2 on Ubuntu 20.04",
                "private": false,
                "regions": [
                  "ams2",
                  "ams3",
                  "blr1",
                  "fra1",
                  "lon1",
                  "nyc1",
                  "nyc2",
                  "nyc3",
                  "sfo1",
                  "sfo2",
                  "sfo3",
                  "sgp1",
                  "syd1",
                  "tor1"
                ],
                "size_gigabytes": 3.1,
                "slug": "mjmair-inventree",
                "status": "available",
                "tags": [],
                "type": "snapshot"
              },
              {
                "created": "2023-01-06T11:55:11Z",
                "description": "Plesk 18.0.49 on Ubuntu 22.04",
                "distribution": "Ubuntu",
                "error_message": "",
                "id": 124369995,
                "image": "124369995",
                "min_disk_size": 25,
                "name": "Plesk 18.0.49 on Ubuntu 22.04",
                "private": false,
                "regions": [
                  "ams2",
                  "ams3",
                  "blr1",
                  "fra1",
                  "lon1",
                  "nyc1",
                  "nyc2",
                  "nyc3",
                  "sfo1",
                  "sfo2",
                  "sfo3",
                  "sgp1",
                  "syd1",
                  "tor1"
                ],
                "size_gigabytes": 3.79,
                "slug": "plesk-20-04",
                "status": "available",
                "tags": [],
                "type": "snapshot"
              },
              {
                "created": "2022-12-29T23:53:48Z",
                "description": "Metaverse 0.92b1 on Ubuntu 20.04",
                "distribution": "Ubuntu",
                "error_message": "",
                "id": 123867219,
                "image": "123867219",
                "min_disk_size": 25,
                "name": "Metaverse 0.92b1 on Ubuntu 20.04",
                "private": false,
                "regions": [
                  "ams2",
                  "ams3",
                  "blr1",
                  "fra1",
                  "lon1",
                  "nyc1",
                  "nyc2",
                  "nyc3",
                  "sfo1",
                  "sfo2",
                  "sfo3",
                  "sgp1",
                  "syd1",
                  "tor1"
                ],
                "size_gigabytes": 3.66,
                "slug": "chaarmiworlds-metaverse",
                "status": "available",
                "tags": [],
                "type": "snapshot"
              },
              {
                "created": "2022-12-21T17:21:06Z",
                "description": "NGINX 1.23.3 on Ubuntu 22.04",
                "distribution": "Ubuntu",
                "error_message": "",
                "id": 123334937,
                "image": "123334937",
                "min_disk_size": 25,
                "name": "NGINX 1.23.3 on Ubuntu 22.04",
                "private": false,
                "regions": [
                  "ams2",
                  "ams3",
                  "blr1",
                  "fra1",
                  "lon1",
                  "nyc1",
                  "nyc2",
                  "nyc3",
                  "sfo1",
                  "sfo2",
                  "sfo3",
                  "sgp1",
                  "syd1",
                  "tor1"
                ],
                "size_gigabytes": 1.77,
                "slug": "nginx",
                "status": "available",
                "tags": [],
                "type": "snapshot"
              },
              {
                "created": "2022-12-19T06:04:26Z",
                "description": "CyberPanel 2.3.2 on Ubuntu 22.04",
                "distribution": "Ubuntu",
                "error_message": "",
                "id": 123178347,
                "image": "123178347",
                "min_disk_size": 25,
                "name": "CyberPanel 2.3.2 on Ubuntu 22.04",
                "private": false,
                "regions": [
                  "ams2",
                  "ams3",
                  "blr1",
                  "fra1",
                  "lon1",
                  "nyc1",
                  "nyc2",
                  "nyc3",
                  "sfo1",
                  "sfo2",
                  "sfo3",
                  "sgp1",
                  "syd1",
                  "tor1"
                ],
                "size_gigabytes": 6.25,
                "slug": "litespeedtechnol-cyberpanel-20-04",
                "status": "available",
                "tags": [],
                "type": "snapshot"
              },
              {
                "created": "2022-12-18T11:20:06Z",
                "description": "Easypanel 1.12.9 on Ubuntu 22.04",
                "distribution": "Ubuntu",
                "error_message": "",
                "id": 123128415,
                "image": "123128415",
                "min_disk_size": 25,
                "name": "Easypanel 1.12.9 on Ubuntu 22.04",
                "private": false,
                "regions": [
                  "ams2",
                  "ams3",
                  "blr1",
                  "fra1",
                  "lon1",
                  "nyc1",
                  "nyc2",
                  "nyc3",
                  "sfo1",
                  "sfo2",
                  "sfo3",
                  "sgp1",
                  "syd1",
                  "tor1"
                ],
                "size_gigabytes": 3.51,
                "slug": "easypanel",
                "status": "available",
                "tags": [],
                "type": "snapshot"
              },
              {
                "created": "2022-12-16T02:20:23Z",
                "description": "WPCloudDeploy 5.2.2 on Ubuntu 20.04",
                "distribution": "Ubuntu",
                "error_message": "",
                "id": 122963324,
                "image": "122963324",
                "min_disk_size": 50,
                "name": "WPCloudDeploy 5.2.2 on Ubuntu 20.04",
                "private": false,
                "regions": [
                  "ams2",
                  "ams3",
                  "blr1",
                  "fra1",
                  "lon1",
                  "nyc1",
                  "nyc2",
                  "nyc3",
                  "sfo1",
                  "sfo2",
                  "sfo3",
                  "sgp1",
                  "syd1",
                  "tor1"
                ],
                "size_gigabytes": 3.89,
                "slug": "wpclouddeploy",
                "status": "available",
                "tags": [],
                "type": "snapshot"
              },
              {
                "created": "2022-12-14T19:04:29Z",
                "description": "QuestDB 6.6.1 on Ubuntu 20.04",
                "distribution": "Ubuntu",
                "error_message": "",
                "id": 122875632,
                "image": "122875632",
                "min_disk_size": 25,
                "name": "QuestDB 6.6.1 on Ubuntu 20.04",
                "private": false,
                "regions": [
                  "ams2",
                  "ams3",
                  "blr1",
                  "fra1",
                  "lon1",
                  "nyc1",
                  "nyc2",
                  "nyc3",
                  "sfo1",
                  "sfo2",
                  "sfo3",
                  "sgp1",
                  "syd1",
                  "tor1"
                ],
                "size_gigabytes": 2.19,
                "slug": "questdb-20-04",
                "status": "available",
                "tags": [],
                "type": "snapshot"
              },
              {
                "created": "2022-12-14T16:04:33Z",
                "description": "Akaunting on Ubuntu 20.04",
                "distribution": "Ubuntu",
                "error_message": "",
                "id": 122871403,
                "image": "122871403",
                "min_disk_size": 25,
                "name": "Akaunting on Ubuntu 20.04",
                "private": false,
                "regions": [
                  "ams2",
                  "ams3",
                  "blr1",
                  "fra1",
                  "lon1",
                  "nyc1",
                  "nyc2",
                  "nyc3",
                  "sfo1",
                  "sfo2",
                  "sfo3",
                  "sgp1",
                  "syd1",
                  "tor1"
                ],
                "size_gigabytes": 2.58,
                "slug": "akaunting-20-04",
                "status": "available",
                "tags": [],
                "type": "snapshot"
              },
              {
                "created": "2022-12-13T12:25:42Z",
                "description": "ClusterControl 1.9.5 on Ubuntu 20.04",
                "distribution": "Ubuntu",
                "error_message": "",
                "id": 122802307,
                "image": "122802307",
                "min_disk_size": 80,
                "name": "ClusterControl 1.9.5 on Ubuntu 20.04",
                "private": false,
                "regions": [
                  "ams2",
                  "ams3",
                  "blr1",
                  "fra1",
                  "lon1",
                  "nyc1",
                  "nyc2",
                  "nyc3",
                  "sfo1",
                  "sfo2",
                  "sfo3",
                  "sgp1",
                  "syd1",
                  "tor1"
                ],
                "size_gigabytes": 4.21,
                "slug": "severalnines-clustercontrol-20-04",
                "status": "available",
                "tags": [],
                "type": "snapshot"
              },
              {
                "created": "2022-12-09T20:53:53Z",
                "description": "Mastodon 4.0.2 on Ubuntu 20.04",
                "distribution": "Ubuntu",
                "error_message": "",
                "id": 122553391,
                "image": "122553391",
                "min_disk_size": 50,
                "name": "Mastodon 4.0.2 on Ubuntu 20.04",
                "private": false,
                "regions": [
                  "ams2",
                  "ams3",
                  "blr1",
                  "fra1",
                  "lon1",
                  "nyc1",
                  "nyc2",
                  "nyc3",
                  "sfo1",
                  "sfo2",
                  "sfo3",
                  "sgp1",
                  "syd1",
                  "tor1"
                ],
                "size_gigabytes": 4.7,
                "slug": "mastodon-18-04",
                "status": "available",
                "tags": [],
                "type": "snapshot"
              },
              {
                "created": "2022-12-08T20:50:26Z",
                "description": "Test433 2.3 on Ubuntu 18.04",
                "distribution": "Ubuntu",
                "error_message": "",
                "id": 122487425,
                "image": "122487425",
                "min_disk_size": 25,
                "name": "Test433 2.3 on Ubuntu 18.04",
                "private": false,
                "regions": [
                  "ams2",
                  "ams3",
                  "blr1",
                  "fra1",
                  "lon1",
                  "nyc1",
                  "nyc2",
                  "nyc3",
                  "sfo1",
                  "sfo2",
                  "sfo3",
                  "sgp1",
                  "syd1",
                  "tor1"
                ],
                "size_gigabytes": 2.55,
                "slug": "test433",
                "status": "available",
                "tags": [],
                "type": "snapshot"
              },
              {
                "created": "2022-12-08T18:45:24Z",
                "description": "Open Source Social Network 6.6.0 on Ubuntu 22.04",
                "distribution": "Ubuntu",
                "error_message": "",
                "id": 122483294,
                "image": "122483294",
                "min_disk_size": 25,
                "name": "Open Source Social Network 6.6.0 on Ubuntu 22.04",
                "private": false,
                "regions": [
                  "ams2",
                  "ams3",
                  "blr1",
                  "fra1",
                  "lon1",
                  "nyc1",
                  "nyc2",
                  "nyc3",
                  "sfo1",
                  "sfo2",
                  "sfo3",
                  "sgp1",
                  "syd1",
                  "tor1"
                ],
                "size_gigabytes": 2.67,
                "slug": "softlab24-opensourcesocial-18-04",
                "status": "available",
                "tags": [],
                "type": "snapshot"
              },
              {
                "created": "2022-12-08T17:30:49Z",
                "description": "Netmaker 0.17.0 on Ubuntu 22.10",
                "distribution": "Ubuntu",
                "error_message": "",
                "id": 122482085,
                "image": "122482085",
                "min_disk_size": 25,
                "name": "Netmaker 0.17.0 on Ubuntu 22.10",
                "private": false,
                "regions": [
                  "ams2",
                  "ams3",
                  "blr1",
                  "fra1",
                  "lon1",
                  "nyc1",
                  "nyc2",
                  "nyc3",
                  "sfo1",
                  "sfo2",
                  "sfo3",
                  "sgp1",
                  "syd1",
                  "tor1"
                ],
                "size_gigabytes": 3.42,
                "slug": "gravitl-netmaker",
                "status": "available",
                "tags": [],
                "type": "snapshot"
              },
              {
                "created": "2022-12-06T15:56:35Z",
                "description": "Jitsi Server 2.0.6726 on Ubuntu 20.04",
                "distribution": "Ubuntu",
                "error_message": "",
                "id": 122347203,
                "image": "122347203",
                "min_disk_size": 25,
                "name": "Jitsi Server 2.0.6726 on Ubuntu 20.04",
                "private": false,
                "regions": [
                  "ams2",
                  "ams3",
                  "blr1",
                  "fra1",
                  "lon1",
                  "nyc1",
                  "nyc2",
                  "nyc3",
                  "sfo1",
                  "sfo2",
                  "sfo3",
                  "sgp1",
                  "syd1",
                  "tor1"
                ],
                "size_gigabytes": 1.79,
                "slug": "jitsiserver-20-04",
                "status": "available",
                "tags": [],
                "type": "snapshot"
              },
              {
                "created": "2022-12-06T15:09:26Z",
                "description": "LAMP on Ubuntu 20.04",
                "distribution": "Ubuntu",
                "error_message": "",
                "id": 122346339,
                "image": "122346339",
                "min_disk_size": 25,
                "name": "LAMP on Ubuntu 20.04",
                "private": false,
                "regions": [
                  "ams2",
                  "ams3",
                  "blr1",
                  "fra1",
                  "lon1",
                  "nyc1",
                  "nyc2",
                  "nyc3",
                  "sfo1",
                  "sfo2",
                  "sfo3",
                  "sgp1",
                  "syd1",
                  "tor1"
                ],
                "size_gigabytes": 2.59,
                "slug": "lamp-20-04",
                "status": "available",
                "tags": [],
                "type": "snapshot"
              },
              {
                "created": "2022-12-06T08:08:03Z",
                "description": "Konnect VPN Access Server 2208.0 on Ubuntu 20.04",
                "distribution": "Ubuntu",
                "error_message": "",
                "id": 122338967,
                "image": "122338967",
                "min_disk_size": 25,
                "name": "Konnect VPN Access Server 2208.0 on Ubuntu 20.04",
                "private": false,
                "regions": [
                  "ams2",
                  "ams3",
                  "blr1",
                  "fra1",
                  "lon1",
                  "nyc1",
                  "nyc2",
                  "nyc3",
                  "sfo1",
                  "sfo2",
                  "sfo3",
                  "sgp1",
                  "syd1",
                  "tor1"
                ],
                "size_gigabytes": 2.65,
                "slug": "kuyio-konnectvpna",
                "status": "available",
                "tags": [],
                "type": "snapshot"
              },
              {
                "created": "2022-12-04T21:18:45Z",
                "description": "StretchShop 0.6.8 on Ubuntu 22.04",
                "distribution": "Ubuntu",
                "error_message": "",
                "id": 122224025,
                "image": "122224025",
                "min_disk_size": 25,
                "name": "StretchShop 0.6.8 on Ubuntu 22.04",
                "private": false,
                "regions": [
                  "ams2",
                  "ams3",
                  "blr1",
                  "fra1",
                  "lon1",
                  "nyc1",
                  "nyc2",
                  "nyc3",
                  "sfo1",
                  "sfo2",
                  "sfo3",
                  "sgp1",
                  "syd1",
                  "tor1"
                ],
                "size_gigabytes": 4.37,
                "slug": "stretchshop",
                "status": "available",
                "tags": [],
                "type": "snapshot"
              },
              {
                "created": "2022-12-02T20:02:21Z",
                "description": "Docker 20.10.21 on Ubuntu 22.04",
                "distribution": "Ubuntu",
                "error_message": "",
                "id": 122088422,
                "image": "122088422",
                "min_disk_size": 25,
                "name": "Docker 20.10.21 on Ubuntu 22.04",
                "private": false,
                "regions": [
                  "ams2",
                  "ams3",
                  "blr1",
                  "fra1",
                  "lon1",
                  "nyc1",
                  "nyc2",
                  "nyc3",
                  "sfo1",
                  "sfo2",
                  "sfo3",
                  "sgp1",
                  "syd1",
                  "tor1"
                ],
                "size_gigabytes": 3.9,
                "slug": "docker-20-04",
                "status": "available",
                "tags": [],
                "type": "snapshot"
              },
              {
                "created": "2022-12-02T11:15:31Z",
                "description": "Flexify.IO Multi-cloud / Migration 2.12.11 on Ubuntu 20.04 LTS",
                "distribution": "Ubuntu",
                "error_message": "",
                "id": 122079409,
                "image": "122079409",
                "min_disk_size": 50,
                "name": "Flexify.IO Multi-cloud / Migration 2.12.11 on Ubuntu 20.04 LTS",
                "private": false,
                "regions": [
                  "ams2",
                  "ams3",
                  "blr1",
                  "fra1",
                  "lon1",
                  "nyc1",
                  "nyc2",
                  "nyc3",
                  "sfo1",
                  "sfo2",
                  "sfo3",
                  "sgp1",
                  "syd1",
                  "tor1"
                ],
                "size_gigabytes": 3.4,
                "slug": "flexifyio-flexifyiomulticl-20-04",
                "status": "available",
                "tags": [],
                "type": "snapshot"
              },
              {
                "created": "2022-11-29T12:48:10Z",
                "description": "Micro 3.15.0 on 22.04",
                "distribution": "Ubuntu",
                "error_message": "",
                "id": 121873995,
                "image": "121873995",
                "min_disk_size": 25,
                "name": "Micro 3.15.0 on 22.04",
                "private": false,
                "regions": [
                  "ams2",
                  "ams3",
                  "blr1",
                  "fra1",
                  "lon1",
                  "nyc1",
                  "nyc2",
                  "nyc3",
                  "sfo1",
                  "sfo2",
                  "sfo3",
                  "sgp1",
                  "syd1",
                  "tor1"
                ],
                "size_gigabytes": 2.28,
                "slug": "m3o-micro",
                "status": "available",
                "tags": [],
                "type": "snapshot"
              },
              {
                "created": "2022-11-27T18:24:36Z",
                "description": "wpcontroller 20221127181653 on Ubuntu 22.04",
                "distribution": "Ubuntu",
                "error_message": "",
                "id": 121749717,
                "image": "121749717",
                "min_disk_size": 25,
                "name": "wpcontroller 20221127181653 on Ubuntu 22.04",
                "private": false,
                "regions": [
                  "ams2",
                  "ams3",
                  "blr1",
                  "fra1",
                  "lon1",
                  "nyc1",
                  "nyc2",
                  "nyc3",
                  "sfo1",
                  "sfo2",
                  "sfo3",
                  "sgp1",
                  "syd1",
                  "tor1"
                ],
                "size_gigabytes": 2.12,
                "slug": "warpspeedvpn-wpcontroller",
                "status": "available",
                "tags": [],
                "type": "snapshot"
              },
              {
                "created": "2022-11-23T16:54:25Z",
                "description": "testing update app without image 1 on Ubuntu 20.04",
                "distribution": "Ubuntu",
                "error_message": "",
                "id": 121487052,
                "image": "121487052",
                "min_disk_size": 25,
                "name": "testing update app without image 1 on Ubuntu 20.04",
                "private": false,
                "regions": [
                  "ams2",
                  "ams3",
                  "blr1",
                  "fra1",
                  "lon1",
                  "nyc1",
                  "nyc2",
                  "nyc3",
                  "sfo1",
                  "sfo2",
                  "sfo3",
                  "sgp1",
                  "syd1",
                  "tor1"
                ],
                "size_gigabytes": 3.39,
                "slug": "mpdev-testingupdateapp",
                "status": "available",
                "tags": [],
                "type": "snapshot"
              },
              {
                "created": "2022-11-19T03:14:31Z",
                "description": "Wiki.js 2.5.292 on Ubuntu 20.04 (LTS)",
                "distribution": "Ubuntu",
                "error_message": "",
                "id": 121203161,
                "image": "121203161",
                "min_disk_size": 25,
                "name": "Wiki.js 2.5.292 on Ubuntu 20.04 (LTS)",
                "private": false,
                "regions": [
                  "ams2",
                  "ams3",
                  "blr1",
                  "fra1",
                  "lon1",
                  "nyc1",
                  "nyc2",
                  "nyc3",
                  "sfo1",
                  "sfo2",
                  "sfo3",
                  "sgp1",
                  "syd1",
                  "tor1"
                ],
                "size_gigabytes": 4.37,
                "slug": "wikijs-18-04",
                "status": "available",
                "tags": [],
                "type": "snapshot"
              },
              {
                "created": "2022-11-18T15:51:56Z",
                "description": "WordPress-WooCommerce 7.0.0 on Ubuntu 20.04",
                "distribution": "Ubuntu",
                "error_message": "",
                "id": 121158651,
                "image": "121158651",
                "min_disk_size": 25,
                "name": "WordPress-WooCommerce 7.0.0 on Ubuntu 20.04",
                "private": false,
                "regions": [
                  "ams2",
                  "ams3",
                  "blr1",
                  "fra1",
                  "lon1",
                  "nyc1",
                  "nyc2",
                  "nyc3",
                  "sfo1",
                  "sfo2",
                  "sfo3",
                  "sgp1",
                  "syd1",
                  "tor1"
                ],
                "size_gigabytes": 2.7,
                "slug": "smartarget-wordpresswoocomm",
                "status": "available",
                "tags": [],
                "type": "snapshot"
              },
              {
                "created": "2022-11-18T12:31:21Z",
                "description": "NodeJS 18.7.0 on Ubuntu 20.04",
                "distribution": "Ubuntu",
                "error_message": "",
                "id": 121155561,
                "image": "121155561",
                "min_disk_size": 10,
                "name": "NodeJS 18.7.0 on Ubuntu 20.04",
                "private": false,
                "regions": [
                  "ams2",
                  "ams3",
                  "blr1",
                  "fra1",
                  "lon1",
                  "nyc1",
                  "nyc2",
                  "nyc3",
                  "sfo1",
                  "sfo2",
                  "sfo3",
                  "sgp1",
                  "syd1",
                  "tor1"
                ],
                "size_gigabytes": 2.2,
                "slug": "nodejs-20-04",
                "status": "available",
                "tags": [],
                "type": "snapshot"
              },
              {
                "created": "2022-11-18T12:23:52Z",
                "description": "Varnish Cache 6.0.11 on Ubuntu 20.04",
                "distribution": "Ubuntu",
                "error_message": "",
                "id": 121155497,
                "image": "121155497",
                "min_disk_size": 25,
                "name": "Varnish Cache 6.0.11 on Ubuntu 20.04",
                "private": false,
                "regions": [
                  "ams2",
                  "ams3",
                  "blr1",
                  "fra1",
                  "lon1",
                  "nyc1",
                  "nyc2",
                  "nyc3",
                  "sfo1",
                  "sfo2",
                  "sfo3",
                  "sgp1",
                  "syd1",
                  "tor1"
                ],
                "size_gigabytes": 2.34,
                "slug": "varnishsoftware-varnishcache-18-04",
                "status": "available",
                "tags": [],
                "type": "snapshot"
              },
              {
                "created": "2022-11-08T18:40:49Z",
                "description": "SOOS DAST Droplet 0.3.4 on Ubuntu 20.04",
                "distribution": "Ubuntu",
                "error_message": "",
                "id": 120503505,
                "image": "120503505",
                "min_disk_size": 25,
                "name": "SOOS DAST Droplet 0.3.4 on Ubuntu 20.04",
                "private": false,
                "regions": [
                  "ams2",
                  "ams3",
                  "blr1",
                  "fra1",
                  "lon1",
                  "nyc1",
                  "nyc2",
                  "nyc3",
                  "sfo1",
                  "sfo2",
                  "sfo3",
                  "sgp1",
                  "syd1",
                  "tor1"
                ],
                "size_gigabytes": 5.09,
                "slug": "soos-soosdastdroplet",
                "status": "available",
                "tags": [],
                "type": "snapshot"
              },
              {
                "created": "2022-10-28T18:05:00Z",
                "description": "ShellHub 0.10.4 on Ubuntu 22.04",
                "distribution": "Ubuntu",
                "error_message": "",
                "id": 119776176,
                "image": "119776176",
                "min_disk_size": 25,
                "name": "ShellHub 0.10.4 on Ubuntu 22.04",
                "private": false,
                "regions": [
                  "ams2",
                  "ams3",
                  "blr1",
                  "fra1",
                  "lon1",
                  "nyc1",
                  "nyc2",
                  "nyc3",
                  "sfo1",
                  "sfo2",
                  "sfo3",
                  "sgp1",
                  "syd1",
                  "tor1"
                ],
                "size_gigabytes": 2.32,
                "slug": "shellhub",
                "status": "available",
                "tags": [],
                "type": "snapshot"
              },
              {
                "created": "2022-10-25T00:35:46Z",
                "description": "log-store 0.6.3 on Ubuntu 22.04",
                "distribution": "Ubuntu",
                "error_message": "",
                "id": 119537555,
                "image": "119537555",
                "min_disk_size": 25,
                "name": "log-store 0.6.3 on Ubuntu 22.04",
                "private": false,
                "regions": [
                  "ams2",
                  "ams3",
                  "blr1",
                  "fra1",
                  "lon1",
                  "nyc1",
                  "nyc2",
                  "nyc3",
                  "sfo1",
                  "sfo2",
                  "sfo3",
                  "sgp1",
                  "syd1",
                  "tor1"
                ],
                "size_gigabytes": 1.82,
                "slug": "logstore",
                "status": "available",
                "tags": [],
                "type": "snapshot"
              },
              {
                "created": "2022-10-22T19:58:00Z",
                "description": "Ubuntu 22.10 (LTS) x64",
                "distribution": "Ubuntu",
                "error_message": "",
                "id": 119383150,
                "image": "119383150",
                "min_disk_size": 7,
                "name": "22.10 x64",
                "private": false,
                "regions": [
                  "ams2",
                  "ams3",
                  "blr1",
                  "fra1",
                  "lon1",
                  "nyc1",
                  "nyc2",
                  "nyc3",
                  "sfo1",
                  "sfo2",
                  "sfo3",
                  "sgp1",
                  "syd1",
                  "tor1"
                ],
                "size_gigabytes": 0.74,
                "slug": "ubuntu-22-10-x64",
                "status": "available",
                "tags": [],
                "type": "snapshot"
              },
              {
                "created": "2022-10-17T10:47:34Z",
                "description": "Dokku 0.21.4 on Ubuntu 20.04",
                "distribution": "Ubuntu",
                "error_message": "",
                "id": 119044978,
                "image": "119044978",
                "min_disk_size": 10,
                "name": "Dokku 0.21.4 on Ubuntu 20.04",
                "private": false,
                "regions": [
                  "ams2",
                  "ams3",
                  "blr1",
                  "fra1",
                  "lon1",
                  "nyc1",
                  "nyc2",
                  "nyc3",
                  "sfo1",
                  "sfo2",
                  "sfo3",
                  "sgp1",
                  "syd1",
                  "tor1"
                ],
                "size_gigabytes": 5.59,
                "slug": "dokku-20-04",
                "status": "available",
                "tags": [],
                "type": "snapshot"
              },
              {
                "created": "2022-10-14T20:34:31Z",
                "description": "Ubuntu 22.04 (LTS) x64",
                "distribution": "Ubuntu",
                "error_message": "",
                "id": 118857366,
                "image": "118857366",
                "min_disk_size": 7,
                "name": "22.04 (LTS) x64",
                "private": false,
                "regions": [
                  "ams2",
                  "ams3",
                  "blr1",
                  "fra1",
                  "lon1",
                  "nyc1",
                  "nyc2",
                  "nyc3",
                  "sfo1",
                  "sfo2",
                  "sfo3",
                  "sgp1",
                  "syd1",
                  "tor1"
                ],
                "size_gigabytes": 0.69,
                "slug": "ubuntu-22-04-x64",
                "status": "available",
                "tags": [],
                "type": "snapshot"
              },
              {
                "created": "2022-10-12T03:52:32Z",
                "description": "OpenLiteSpeed Rails 7.0.4 on Ubuntu 22.04",
                "distribution": "Ubuntu",
                "error_message": "",
                "id": 118699135,
                "image": "118699135",
                "min_disk_size": 25,
                "name": "OpenLiteSpeed Rails 7.0.4 on Ubuntu 22.04",
                "private": false,
                "regions": [
                  "ams2",
                  "ams3",
                  "blr1",
                  "fra1",
                  "lon1",
                  "nyc1",
                  "nyc2",
                  "nyc3",
                  "sfo1",
                  "sfo2",
                  "sfo3",
                  "sgp1",
                  "syd1",
                  "tor1"
                ],
                "size_gigabytes": 2.89,
                "slug": "litespeedtechnol-openlitespeedrai-20-04",
                "status": "available",
                "tags": [],
                "type": "snapshot"
              },
              {
                "created": "2022-10-11T10:19:26Z",
                "description": "Callaba Cloud Live Streaming 6.0 on Ubuntu 20.04 (LTS)",
                "distribution": "Ubuntu",
                "error_message": "",
                "id": 118649344,
                "image": "118649344",
                "min_disk_size": 60,
                "name": "Callaba Cloud Live Streaming 6.0 on Ubuntu 20.04 (LTS)",
                "private": false,
                "regions": [
                  "ams2",
                  "ams3",
                  "blr1",
                  "fra1",
                  "lon1",
                  "nyc1",
                  "nyc2",
                  "nyc3",
                  "sfo1",
                  "sfo2",
                  "sfo3",
                  "sgp1",
                  "syd1",
                  "tor1"
                ],
                "size_gigabytes": 10.66,
                "slug": "callabacloud-callabacloudlive",
                "status": "available",
                "tags": [],
                "type": "snapshot"
              },
              {
                "created": "2022-10-11T07:27:50Z",
                "description": "OpenLiteSpeed NodeJS 18.10.0 on Ubuntu 22.04",
                "distribution": "Ubuntu",
                "error_message": "",
                "id": 118645529,
                "image": "118645529",
                "min_disk_size": 25,
                "name": "OpenLiteSpeed NodeJS 18.10.0 on Ubuntu 22.04",
                "private": false,
                "regions": [
                  "ams2",
                  "ams3",
                  "blr1",
                  "fra1",
                  "lon1",
                  "nyc1",
                  "nyc2",
                  "nyc3",
                  "sfo1",
                  "sfo2",
                  "sfo3",
                  "sgp1",
                  "syd1",
                  "tor1"
                ],
                "size_gigabytes": 2.32,
                "slug": "litespeedtechnol-openlitespeednod-20-04",
                "status": "available",
                "tags": [],
                "type": "snapshot"
              },
              {
                "created": "2022-10-03T07:57:06Z",
                "description": "ONLYOFFICE Workspace 22.09.738 on Ubuntu 20.04 LTS",
                "distribution": "Ubuntu",
                "error_message": "",
                "id": 118118318,
                "image": "118118318",
                "min_disk_size": 80,
                "name": "ONLYOFFICE Workspace 22.09.738 on Ubuntu 20.04 LTS",
                "private": false,
                "regions": [
                  "ams2",
                  "ams3",
                  "blr1",
                  "fra1",
                  "lon1",
                  "nyc1",
                  "nyc2",
                  "nyc3",
                  "sfo1",
                  "sfo2",
                  "sfo3",
                  "sgp1",
                  "syd1",
                  "tor1"
                ],
                "size_gigabytes": 18.87,
                "slug": "ascensiosystem-onlyoffice-18-04",
                "status": "available",
                "tags": [],
                "type": "snapshot"
              },
              {
                "created": "2022-10-02T08:17:54Z",
                "description": "OpenLiteSpeed Drupal 9.4.7 on Ubuntu 22.04",
                "distribution": "Ubuntu",
                "error_message": "",
                "id": 118054741,
                "image": "118054741",
                "min_disk_size": 25,
                "name": "OpenLiteSpeed Drupal 9.4.7 on Ubuntu 22.04",
                "private": false,
                "regions": [
                  "ams2",
                  "ams3",
                  "blr1",
                  "fra1",
                  "lon1",
                  "nyc1",
                  "nyc2",
                  "nyc3",
                  "sfo1",
                  "sfo2",
                  "sfo3",
                  "sgp1",
                  "syd1",
                  "tor1"
                ],
                "size_gigabytes": 2.62,
                "slug": "litespeedtechnol-openlitespeeddru",
                "status": "available",
                "tags": [],
                "type": "snapshot"
              },
              {
                "created": "2022-09-29T21:47:27Z",
                "description": "Intel gProfiler Crypto Demo 1.3 on Ubuntu 20.04",
                "distribution": "Ubuntu",
                "error_message": "",
                "id": 117873390,
                "image": "117873390",
                "min_disk_size": 80,
                "name": "Intel gProfiler Crypto Demo 1.3 on Ubuntu 20.04",
                "private": false,
                "regions": [
                  "ams2",
                  "ams3",
                  "blr1",
                  "fra1",
                  "lon1",
                  "nyc1",
                  "nyc2",
                  "nyc3",
                  "sfo1",
                  "sfo2",
                  "sfo3",
                  "sgp1",
                  "syd1",
                  "tor1"
                ],
                "size_gigabytes": 5.52,
                "slug": "intel-intelgprofilercr",
                "status": "available",
                "tags": [],
                "type": "snapshot"
              },
              {
                "created": "2022-09-27T08:08:52Z",
                "description": "OpenLiteSpeed Joomla 4.2.2 on Ubuntu 22.04",
                "distribution": "Ubuntu",
                "error_message": "",
                "id": 117722964,
                "image": "117722964",
                "min_disk_size": 25,
                "name": "OpenLiteSpeed Joomla 4.2.2 on Ubuntu 22.04",
                "private": false,
                "regions": [
                  "ams2",
                  "ams3",
                  "blr1",
                  "fra1",
                  "lon1",
                  "nyc1",
                  "nyc2",
                  "nyc3",
                  "sfo1",
                  "sfo2",
                  "sfo3",
                  "sgp1",
                  "syd1",
                  "tor1"
                ],
                "size_gigabytes": 2.85,
                "slug": "litespeedtechnol-openlitespeedjoo-20-04",
                "status": "available",
                "tags": [],
                "type": "snapshot"
              },
              {
                "created": "2022-09-27T02:33:55Z",
                "description": "OpenLiteSpeed Django 4.1 on Ubuntu 22.04",
                "distribution": "Ubuntu",
                "error_message": "",
                "id": 117702092,
                "image": "117702092",
                "min_disk_size": 25,
                "name": "OpenLiteSpeed Django 4.1 on Ubuntu 22.04",
                "private": false,
                "regions": [
                  "ams2",
                  "ams3",
                  "blr1",
                  "fra1",
                  "lon1",
                  "nyc1",
                  "nyc2",
                  "nyc3",
                  "sfo1",
                  "sfo2",
                  "sfo3",
                  "sgp1",
                  "syd1",
                  "tor1"
                ],
                "size_gigabytes": 2.54,
                "slug": "litespeedtechnol-openlitespeeddja-20-04",
                "status": "available",
                "tags": [],
                "type": "snapshot"
              },
              {
                "created": "2022-09-20T09:18:27Z",
                "description": "titra 0.80.0 on Ubuntu 22.04",
                "distribution": "Ubuntu",
                "error_message": "",
                "id": 117254784,
                "image": "117254784",
                "min_disk_size": 25,
                "name": "titra 0.80.0 on Ubuntu 22.04",
                "private": false,
                "regions": [
                  "ams2",
                  "ams3",
                  "blr1",
                  "fra1",
                  "lon1",
                  "nyc1",
                  "nyc2",
                  "nyc3",
                  "sfo1",
                  "sfo2",
                  "sfo3",
                  "sgp1",
                  "syd1",
                  "tor1"
                ],
                "size_gigabytes": 5.93,
                "slug": "kromit-titra-20-04",
                "status": "available",
                "tags": [],
                "type": "snapshot"
              },
              {
                "created": "2022-09-08T08:33:25Z",
                "description": "nPool 1.8 on Ubuntu 20.04",
                "distribution": "Ubuntu",
                "error_message": "",
                "id": 116470971,
                "image": "116470971",
                "min_disk_size": 25,
                "name": "nPool 1.8 on Ubuntu 20.04",
                "private": false,
                "regions": [
                  "ams2",
                  "ams3",
                  "blr1",
                  "fra1",
                  "lon1",
                  "nyc1",
                  "nyc2",
                  "nyc3",
                  "sfo1",
                  "sfo2",
                  "sfo3",
                  "sgp1",
                  "syd1",
                  "tor1"
                ],
                "size_gigabytes": 9.68,
                "slug": "npool",
                "status": "available",
                "tags": [],
                "type": "snapshot"
              },
              {
                "created": "2022-09-07T07:22:13Z",
                "description": "Appsmith 1.7 on Ubuntu 20.04",
                "distribution": "Ubuntu",
                "error_message": "",
                "id": 116403190,
                "image": "116403190",
                "min_disk_size": 25,
                "name": "Appsmith 1.7 on Ubuntu 20.04",
                "private": false,
                "regions": [
                  "ams2",
                  "ams3",
                  "blr1",
                  "fra1",
                  "lon1",
                  "nyc1",
                  "nyc2",
                  "nyc3",
                  "sfo1",
                  "sfo2",
                  "sfo3",
                  "sgp1",
                  "syd1",
                  "tor1"
                ],
                "size_gigabytes": 2.19,
                "slug": "appsmith-18-04",
                "status": "available",
                "tags": [],
                "type": "snapshot"
              },
              {
                "created": "2022-08-30T14:01:19Z",
                "description": "Ghost on Ubuntu 22.04",
                "distribution": "Ubuntu",
                "error_message": "",
                "id": 115876965,
                "image": "115876965",
                "min_disk_size": 25,
                "name": "Ghost on Ubuntu 22.04",
                "private": false,
                "regions": [
                  "ams2",
                  "ams3",
                  "blr1",
                  "fra1",
                  "lon1",
                  "nyc1",
                  "nyc2",
                  "nyc3",
                  "sfo1",
                  "sfo2",
                  "sfo3",
                  "sgp1",
                  "syd1",
                  "tor1"
                ],
                "size_gigabytes": 3.4,
                "slug": "ghost-20-04",
                "status": "available",
                "tags": [],
                "type": "snapshot"
              },
              {
                "created": "2022-08-15T19:53:56Z",
                "description": "Gramps Web 1.0 on Ubuntu 20.04",
                "distribution": "Ubuntu",
                "error_message": "",
                "id": 114879304,
                "image": "114879304",
                "min_disk_size": 25,
                "name": "Gramps Web 1.0 on Ubuntu 20.04",
                "private": false,
                "regions": [
                  "ams2",
                  "ams3",
                  "blr1",
                  "fra1",
                  "lon1",
                  "nyc1",
                  "nyc2",
                  "nyc3",
                  "sfo1",
                  "sfo2",
                  "sfo3",
                  "sgp1",
                  "syd1",
                  "tor1"
                ],
                "size_gigabytes": 1.88,
                "slug": "thegrampsproject-grampsweb",
                "status": "available",
                "tags": [],
                "type": "snapshot"
              },
              {
                "created": "2022-08-13T13:40:31Z",
                "description": "AresMUSH 1.0 on Ubuntu 20.04",
                "distribution": "Ubuntu",
                "error_message": "",
                "id": 114740552,
                "image": "114740552",
                "min_disk_size": 25,
                "name": "AresMUSH 1.0 on Ubuntu 20.04",
                "private": false,
                "regions": [
                  "ams2",
                  "ams3",
                  "blr1",
                  "fra1",
                  "lon1",
                  "nyc1",
                  "nyc2",
                  "nyc3",
                  "sfo1",
                  "sfo2",
                  "sfo3",
                  "sgp1",
                  "syd1",
                  "tor1"
                ],
                "size_gigabytes": 2.42,
                "slug": "wordsmythcreatio-aresmush",
                "status": "available",
                "tags": [],
                "type": "snapshot"
              },
              {
                "created": "2022-08-12T13:00:10Z",
                "description": "Microweber 1.3.1 on Ubuntu 20.04",
                "distribution": "Ubuntu",
                "error_message": "",
                "id": 114672793,
                "image": "114672793",
                "min_disk_size": 25,
                "name": "Microweber 1.3.1 on Ubuntu 20.04",
                "private": false,
                "regions": [
                  "ams2",
                  "ams3",
                  "blr1",
                  "fra1",
                  "lon1",
                  "nyc1",
                  "nyc2",
                  "nyc3",
                  "sfo1",
                  "sfo2",
                  "sfo3",
                  "sgp1",
                  "syd1",
                  "tor1"
                ],
                "size_gigabytes": 2.69,
                "slug": "microwebercms-microweber-20-04",
                "status": "available",
                "tags": [],
                "type": "snapshot"
              },
              {
                "created": "2022-08-10T11:07:23Z",
                "description": "Invoice Ninja 5 on Ubuntu 20.0.4",
                "distribution": "Ubuntu",
                "error_message": "",
                "id": 114537960,
                "image": "114537960",
                "min_disk_size": 25,
                "name": "Invoice Ninja 5 on Ubuntu 20.0.4",
                "private": false,
                "regions": [
                  "ams2",
                  "ams3",
                  "blr1",
                  "fra1",
                  "lon1",
                  "nyc1",
                  "nyc2",
                  "nyc3",
                  "sfo1",
                  "sfo2",
                  "sfo3",
                  "sgp1",
                  "syd1",
                  "tor1"
                ],
                "size_gigabytes": 2.8,
                "slug": "invoiceninja-20-0-4",
                "status": "available",
                "tags": [],
                "type": "snapshot"
              },
              {
                "created": "2022-08-09T02:09:10Z",
                "description": "RStudio 2021.09.2+382 on Ubuntu 20.04",
                "distribution": "Ubuntu",
                "error_message": "",
                "id": 114445163,
                "image": "114445163",
                "min_disk_size": 25,
                "name": "RStudio 2021.09.2+382 on Ubuntu 20.04",
                "private": false,
                "regions": [
                  "ams2",
                  "ams3",
                  "blr1",
                  "fra1",
                  "lon1",
                  "nyc1",
                  "nyc2",
                  "nyc3",
                  "sfo1",
                  "sfo2",
                  "sfo3",
                  "sgp1",
                  "syd1",
                  "tor1"
                ],
                "size_gigabytes": 6.18,
                "slug": "rstudio-20-04",
                "status": "available",
                "tags": [],
                "type": "snapshot"
              },
              {
                "created": "2022-08-04T16:12:54Z",
                "description": "Odoo 14 on Ubuntu 20.04",
                "distribution": "Ubuntu",
                "error_message": "",
                "id": 114133748,
                "image": "114133748",
                "min_disk_size": 25,
                "name": "Odoo 14 on Ubuntu 20.04",
                "private": false,
                "regions": [
                  "ams2",
                  "ams3",
                  "blr1",
                  "fra1",
                  "lon1",
                  "nyc1",
                  "nyc2",
                  "nyc3",
                  "sfo1",
                  "sfo2",
                  "sfo3",
                  "sgp1",
                  "syd1",
                  "tor1"
                ],
                "size_gigabytes": 4.32,
                "slug": "bigcloud-odoo",
                "status": "available",
                "tags": [],
                "type": "snapshot"
              },
              {
                "created": "2022-07-21T14:55:08Z",
                "description": "Nakama 3.12.0 on Ubuntu 18.04",
                "distribution": "Ubuntu",
                "error_message": "",
                "id": 113137715,
                "image": "113137715",
                "min_disk_size": 25,
                "name": "Nakama 3.12.0 on Ubuntu 18.04",
                "private": false,
                "regions": [
                  "ams2",
                  "ams3",
                  "blr1",
                  "fra1",
                  "lon1",
                  "nyc1",
                  "nyc2",
                  "nyc3",
                  "sfo1",
                  "sfo2",
                  "sfo3",
                  "sgp1",
                  "syd1",
                  "tor1"
                ],
                "size_gigabytes": 1.93,
                "slug": "nakama-18-04",
                "status": "available",
                "tags": [],
                "type": "snapshot"
              },
              {
                "created": "2022-07-18T19:42:42Z",
                "description": "Ubuntu 18.04 x86 image",
                "distribution": "Ubuntu",
                "error_message": "",
                "id": 112929540,
                "image": "112929540",
                "min_disk_size": 7,
                "name": "18.04 (LTS) x64",
                "private": false,
                "regions": [
                  "ams2",
                  "ams3",
                  "blr1",
                  "fra1",
                  "lon1",
                  "nyc1",
                  "nyc2",
                  "nyc3",
                  "sfo1",
                  "sfo2",
                  "sfo3",
                  "sgp1",
                  "syd1",
                  "tor1"
                ],
                "size_gigabytes": 0.43,
                "slug": "ubuntu-18-04-x64",
                "status": "available",
                "tags": [],
                "type": "snapshot"
              },
              {
                "created": "2022-07-18T19:40:04Z",
                "description": "Ubuntu 20.04 x86",
                "distribution": "Ubuntu",
                "error_message": "",
                "id": 112929454,
                "image": "112929454",
                "min_disk_size": 7,
                "name": "20.04 (LTS) x64",
                "private": false,
                "regions": [
                  "ams2",
                  "ams3",
                  "blr1",
                  "fra1",
                  "lon1",
                  "nyc1",
                  "nyc2",
                  "nyc3",
                  "sfo1",
                  "sfo2",
                  "sfo3",
                  "sgp1",
                  "syd1",
                  "tor1"
                ],
                "size_gigabytes": 0.63,
                "slug": "ubuntu-20-04-x64",
                "status": "available",
                "tags": [],
                "type": "snapshot"
              },
              {
                "created": "2022-07-11T09:54:32Z",
                "description": "Convoy 0.6.0 on Ubuntu 20.04",
                "distribution": "Ubuntu",
                "error_message": "",
                "id": 112379295,
                "image": "112379295",
                "min_disk_size": 25,
                "name": "Convoy 0.6.0 on Ubuntu 20.04",
                "private": false,
                "regions": [
                  "ams2",
                  "ams3",
                  "blr1",
                  "fra1",
                  "lon1",
                  "nyc1",
                  "nyc2",
                  "nyc3",
                  "sfo1",
                  "sfo2",
                  "sfo3",
                  "sgp1",
                  "syd1",
                  "tor1"
                ],
                "size_gigabytes": 4.95,
                "slug": "convoy",
                "status": "available",
                "tags": [],
                "type": "snapshot"
              },
              {
                "created": "2022-07-08T14:02:26Z",
                "description": "testing safe name 2 2 on Ubuntu 20.04",
                "distribution": "Ubuntu",
                "error_message": "",
                "id": 112176485,
                "image": "112176485",
                "min_disk_size": 25,
                "name": "testing safe name 2 2 on Ubuntu 20.04",
                "private": false,
                "regions": [
                  "ams2",
                  "ams3",
                  "blr1",
                  "fra1",
                  "lon1",
                  "nyc1",
                  "nyc2",
                  "nyc3",
                  "sfo1",
                  "sfo2",
                  "sfo3",
                  "sgp1",
                  "syd1",
                  "tor1"
                ],
                "size_gigabytes": 2.6,
                "slug": "testingsafename2",
                "status": "available",
                "tags": [],
                "type": "snapshot"
              },
              {
                "created": "2022-06-16T18:59:41Z",
                "description": "PyboxTech-Med 1.76.1 on Ubuntu 20.04",
                "distribution": "Ubuntu",
                "error_message": "",
                "id": 110628054,
                "image": "110628054",
                "min_disk_size": 25,
                "name": "PyboxTech-Med 1.76.1 on Ubuntu 20.04",
                "private": false,
                "regions": [
                  "ams2",
                  "ams3",
                  "blr1",
                  "fra1",
                  "lon1",
                  "nyc1",
                  "nyc2",
                  "nyc3",
                  "sfo1",
                  "sfo2",
                  "sfo3",
                  "sgp1",
                  "syd1",
                  "tor1"
                ],
                "size_gigabytes": 6.31,
                "slug": "pyboxtechnologie-pyboxtechmed-20-04",
                "status": "available",
                "tags": [],
                "type": "snapshot"
              },
              {
                "created": "2022-06-14T17:25:18Z",
                "description": "Deskpro on Ubuntu 20.04",
                "distribution": "Ubuntu",
                "error_message": "",
                "id": 110480561,
                "image": "110480561",
                "min_disk_size": 80,
                "name": "Deskpro on Ubuntu 20.04",
                "private": false,
                "regions": [
                  "ams2",
                  "ams3",
                  "blr1",
                  "fra1",
                  "lon1",
                  "nyc1",
                  "nyc2",
                  "nyc3",
                  "sfo1",
                  "sfo2",
                  "sfo3",
                  "sgp1",
                  "syd1",
                  "tor1"
                ],
                "size_gigabytes": 2.41,
                "slug": "deskpro",
                "status": "available",
                "tags": [],
                "type": "snapshot"
              },
              {
                "created": "2022-05-27T01:59:44Z",
                "description": "WarpSpeed VPN 202226192416 on Ubuntu 20.04",
                "distribution": "Ubuntu",
                "error_message": "",
                "id": 109141069,
                "image": "109141069",
                "min_disk_size": 25,
                "name": "WarpSpeed VPN 202226192416 on Ubuntu 20.04",
                "private": false,
                "regions": [
                  "ams2",
                  "ams3",
                  "blr1",
                  "fra1",
                  "lon1",
                  "nyc1",
                  "nyc2",
                  "nyc3",
                  "sfo1",
                  "sfo2",
                  "sfo3",
                  "sgp1",
                  "syd1",
                  "tor1"
                ],
                "size_gigabytes": 1.87,
                "slug": "bunkercloudservi-warpspeedvpn-18-04",
                "status": "available",
                "tags": [],
                "type": "snapshot"
              },
              {
                "created": "2022-05-18T08:23:04Z",
                "description": "Magento 2 Open Source 1.6.2 on Ubuntu 20.04 (LTS)",
                "distribution": "Ubuntu",
                "error_message": "",
                "id": 108527231,
                "image": "108527231",
                "min_disk_size": 160,
                "name": "Magento 2 Open Source 1.6.2 on Ubuntu 20.04 (LTS)",
                "private": false,
                "regions": [
                  "ams2",
                  "ams3",
                  "blr1",
                  "fra1",
                  "lon1",
                  "nyc1",
                  "nyc2",
                  "nyc3",
                  "sfo1",
                  "sfo2",
                  "sfo3",
                  "sgp1",
                  "syd1",
                  "tor1"
                ],
                "size_gigabytes": 15.16,
                "slug": "eltrino-magento2opensour-20-04",
                "status": "available",
                "tags": [],
                "type": "snapshot"
              },
              {
                "created": "2022-05-17T18:46:05Z",
                "description": "OriginTrail node 6 on Ubuntu 20.04",
                "distribution": "Ubuntu",
                "error_message": "",
                "id": 108470209,
                "image": "108470209",
                "min_disk_size": 25,
                "name": "OriginTrail node 6 on Ubuntu 20.04",
                "private": false,
                "regions": [
                  "ams2",
                  "ams3",
                  "blr1",
                  "fra1",
                  "lon1",
                  "nyc1",
                  "nyc2",
                  "nyc3",
                  "sfo1",
                  "sfo2",
                  "sfo3",
                  "sgp1",
                  "syd1",
                  "tor1"
                ],
                "size_gigabytes": 3.35,
                "slug": "origintrail-origintrailnode",
                "status": "available",
                "tags": [],
                "type": "snapshot"
              },
              {
                "created": "2022-05-12T23:08:04Z",
                "description": "Apache Kafka 3.1.0 on Ubuntu 20.04",
                "distribution": "Ubuntu",
                "error_message": "",
                "id": 108133533,
                "image": "108133533",
                "min_disk_size": 25,
                "name": "Apache Kafka 3.1.0 on Ubuntu 20.04",
                "private": false,
                "regions": [
                  "ams2",
                  "ams3",
                  "blr1",
                  "fra1",
                  "lon1",
                  "nyc1",
                  "nyc2",
                  "nyc3",
                  "sfo1",
                  "sfo2",
                  "sfo3",
                  "sgp1",
                  "syd1",
                  "tor1"
                ],
                "size_gigabytes": 2.72,
                "slug": "sharklabs-apachekafka",
                "status": "available",
                "tags": [],
                "type": "snapshot"
              },
              {
                "created": "2022-05-10T17:46:28Z",
                "description": "Wireguardian VPN Access Server 2205.0 on Ubuntu 20.04",
                "distribution": "Ubuntu",
                "error_message": "",
                "id": 107971569,
                "image": "107971569",
                "min_disk_size": 25,
                "name": "Wireguardian VPN Access Server 2205.0 on Ubuntu 20.04",
                "private": false,
                "regions": [
                  "ams2",
                  "ams3",
                  "blr1",
                  "fra1",
                  "lon1",
                  "nyc1",
                  "nyc2",
                  "nyc3",
                  "sfo1",
                  "sfo2",
                  "sfo3",
                  "sgp1",
                  "syd1",
                  "tor1"
                ],
                "size_gigabytes": 2.61,
                "slug": "kuyio-wireguardianvpna",
                "status": "available",
                "tags": [],
                "type": "snapshot"
              },
              {
                "created": "2022-05-03T14:04:31Z",
                "description": "cPanel \u0026 WHM® for Ubuntu RELEASE on Ubuntu 20.04 (LTS)",
                "distribution": "Ubuntu",
                "error_message": "",
                "id": 107472904,
                "image": "107472904",
                "min_disk_size": 25,
                "name": "cPanel \u0026 WHM® for Ubuntu RELEASE on Ubuntu 20.04 (LTS)",
                "private": false,
                "regions": [
                  "ams2",
                  "ams3",
                  "blr1",
                  "fra1",
                  "lon1",
                  "nyc1",
                  "nyc2",
                  "nyc3",
                  "sfo1",
                  "sfo2",
                  "sfo3",
                  "sgp1",
                  "syd1",
                  "tor1"
                ],
                "size_gigabytes": 1.85,
                "slug": "cpanel-cpanelwhmforubun",
                "status": "available",
                "tags": [],
                "type": "snapshot"
              },
              {
                "created": "2022-04-29T18:54:25Z",
                "description": "OpenSearch 1.3.1 on Ubuntu 20.04",
                "distribution": "Ubuntu",
                "error_message": "",
                "id": 107198492,
                "image": "107198492",
                "min_disk_size": 160,
                "name": "OpenSearch 1.3.1 on Ubuntu 20.04",
                "private": false,
                "regions": [
                  "ams2",
                  "ams3",
                  "blr1",
                  "fra1",
                  "lon1",
                  "nyc1",
                  "nyc2",
                  "nyc3",
                  "sfo1",
                  "sfo2",
                  "sfo3",
                  "sgp1",
                  "syd1",
                  "tor1"
                ],
                "size_gigabytes": 4.09,
                "slug": "sharklabs-opensearch",
                "status": "available",
                "tags": [],
                "type": "snapshot"
              },
              {
                "created": "2022-04-29T00:19:36Z",
                "description": "Lume Web DNS Relay 0.1.0 on Ubuntu 18.04",
                "distribution": "Ubuntu",
                "error_message": "",
                "id": 107151286,
                "image": "107151286",
                "min_disk_size": 25,
                "name": "Lume Web DNS Relay 0.1.0 on Ubuntu 18.04",
                "private": false,
                "regions": [
                  "ams2",
                  "ams3",
                  "blr1",
                  "fra1",
                  "lon1",
                  "nyc1",
                  "nyc2",
                  "nyc3",
                  "sfo1",
                  "sfo2",
                  "sfo3",
                  "sgp1",
                  "syd1",
                  "tor1"
                ],
                "size_gigabytes": 9.22,
                "slug": "hammertechnologi-lumewebdnsrelay",
                "status": "available",
                "tags": [],
                "type": "snapshot"
              },
              {
                "created": "2022-04-17T21:16:10Z",
                "description": "authentik 2022.4.1 on Ubuntu 20.04",
                "distribution": "Ubuntu",
                "error_message": "",
                "id": 106359426,
                "image": "106359426",
                "min_disk_size": 50,
                "name": "authentik 2022.4.1 on Ubuntu 20.04",
                "private": false,
                "regions": [
                  "ams2",
                  "ams3",
                  "blr1",
                  "fra1",
                  "lon1",
                  "nyc1",
                  "nyc2",
                  "nyc3",
                  "sfo1",
                  "sfo2",
                  "sfo3",
                  "sgp1",
                  "syd1",
                  "tor1"
                ],
                "size_gigabytes": 3.56,
                "slug": "goauthentikio-authentik",
                "status": "available",
                "tags": [],
                "type": "snapshot"
              },
              {
                "created": "2022-04-15T11:12:09Z",
                "description": "MonetDB 11.43.13 on Ubuntu 20.04",
                "distribution": "Ubuntu",
                "error_message": "",
                "id": 106199620,
                "image": "106199620",
                "min_disk_size": 25,
                "name": "MonetDB 11.43.13 on Ubuntu 20.04",
                "private": false,
                "regions": [
                  "ams2",
                  "ams3",
                  "blr1",
                  "fra1",
                  "lon1",
                  "nyc1",
                  "nyc2",
                  "nyc3",
                  "sfo1",
                  "sfo2",
                  "sfo3",
                  "sgp1",
                  "syd1",
                  "tor1"
                ],
                "size_gigabytes": 1.88,
                "slug": "monetdbsolutions-monetdb",
                "status": "available",
                "tags": [],
                "type": "snapshot"
              },
              {
                "created": "2022-04-11T01:16:58Z",
                "description": "Osmosis 7.1.0 on Ubuntu 20.04",
                "distribution": "Ubuntu",
                "error_message": "",
                "id": 105885383,
                "image": "105885383",
                "min_disk_size": 25,
                "name": "Osmosis 7.1.0 on Ubuntu 20.04",
                "private": false,
                "regions": [
                  "ams2",
                  "ams3",
                  "blr1",
                  "fra1",
                  "lon1",
                  "nyc1",
                  "nyc2",
                  "nyc3",
                  "sfo1",
                  "sfo2",
                  "sfo3",
                  "sgp1",
                  "syd1",
                  "tor1"
                ],
                "size_gigabytes": 4.05,
                "slug": "osmosislabs-osmosis",
                "status": "available",
                "tags": [],
                "type": "snapshot"
              },
              {
                "created": "2022-04-07T20:30:04Z",
                "description": "filecoin-lotus 1.15.0 on Ubuntu 20.04 (LTS)",
                "distribution": "Ubuntu",
                "error_message": "",
                "id": 105653912,
                "image": "105653912",
                "min_disk_size": 25,
                "name": "filecoin-lotus 1.15.0 on Ubuntu 20.04 (LTS)",
                "private": false,
                "regions": [
                  "ams2",
                  "ams3",
                  "blr1",
                  "fra1",
                  "lon1",
                  "nyc1",
                  "nyc2",
                  "nyc3",
                  "sfo1",
                  "sfo2",
                  "sfo3",
                  "sgp1",
                  "syd1",
                  "tor1"
                ],
                "size_gigabytes": 1.8,
                "slug": "protocollabs-filecoinlotus-20-04",
                "status": "available",
                "tags": [],
                "type": "snapshot"
              },
              {
                "created": "2022-04-05T19:29:57Z",
                "description": "Frankenstein Testnet Fullnode 0.18.13 on Ubuntu 20.04",
                "distribution": "Ubuntu",
                "error_message": "",
                "id": 105506463,
                "image": "105506463",
                "min_disk_size": 25,
                "name": "Frankenstein Testnet Fullnode 0.18.13 on Ubuntu 20.04",
                "private": false,
                "regions": [
                  "ams2",
                  "ams3",
                  "blr1",
                  "fra1",
                  "lon1",
                  "nyc1",
                  "nyc2",
                  "nyc3",
                  "sfo1",
                  "sfo2",
                  "sfo3",
                  "sgp1",
                  "syd1",
                  "tor1"
                ],
                "size_gigabytes": 2.48,
                "slug": "oneledger-frankensteintest",
                "status": "available",
                "tags": [],
                "type": "snapshot"
              },
              {
                "created": "2022-04-01T19:55:20Z",
                "description": "LiveSwitch Server 1.14.5.12846 on Ubuntu 20.04",
                "distribution": "Ubuntu",
                "error_message": "",
                "id": 105227812,
                "image": "105227812",
                "min_disk_size": 60,
                "name": "LiveSwitch Server 1.14.5.12846 on Ubuntu 20.04",
                "private": false,
                "regions": [
                  "ams2",
                  "ams3",
                  "blr1",
                  "fra1",
                  "lon1",
                  "nyc1",
                  "nyc2",
                  "nyc3",
                  "sfo1",
                  "sfo2",
                  "sfo3",
                  "sgp1",
                  "syd1",
                  "tor1"
                ],
                "size_gigabytes": 3.05,
                "slug": "liveswitch-liveswitchserver",
                "status": "available",
                "tags": [],
                "type": "snapshot"
              },
              {
                "created": "2022-03-28T03:53:35Z",
                "description": "SRS 4.3 on Ubuntu 20.04",
                "distribution": "Ubuntu",
                "error_message": "",
                "id": 104916642,
                "image": "104916642",
                "min_disk_size": 25,
                "name": "SRS 4.3 on Ubuntu 20.04",
                "private": false,
                "regions": [
                  "ams2",
                  "ams3",
                  "blr1",
                  "fra1",
                  "lon1",
                  "nyc1",
                  "nyc2",
                  "nyc3",
                  "sfo1",
                  "sfo2",
                  "sfo3",
                  "sgp1",
                  "syd1",
                  "tor1"
                ],
                "size_gigabytes": 5.5,
                "slug": "ossrs-srs",
                "status": "available",
                "tags": [],
                "type": "snapshot"
              },
              {
                "created": "2022-03-24T12:56:37Z",
                "description": "Bitwarden 1.47.1 on Ubuntu 20.04",
                "distribution": "Ubuntu",
                "error_message": "",
                "id": 104657754,
                "image": "104657754",
                "min_disk_size": 25,
                "name": "Bitwarden 1.47.1 on Ubuntu 20.04",
                "private": false,
                "regions": [
                  "ams2",
                  "ams3",
                  "blr1",
                  "fra1",
                  "lon1",
                  "nyc1",
                  "nyc2",
                  "nyc3",
                  "sfo1",
                  "sfo2",
                  "sfo3",
                  "sgp1",
                  "syd1",
                  "tor1"
                ],
                "size_gigabytes": 2.28,
                "slug": "bitwarden-18-04",
                "status": "available",
                "tags": [],
                "type": "snapshot"
              },
              {
                "created": "2022-03-20T06:42:39Z",
                "description": "Flipstarter 1.1.5 on Ubuntu 20.04",
                "distribution": "Ubuntu",
                "error_message": "",
                "id": 104372211,
                "image": "104372211",
                "min_disk_size": 25,
                "name": "Flipstarter 1.1.5 on Ubuntu 20.04",
                "private": false,
                "regions": [
                  "ams2",
                  "ams3",
                  "blr1",
                  "fra1",
                  "lon1",
                  "nyc1",
                  "nyc2",
                  "nyc3",
                  "sfo1",
                  "sfo2",
                  "sfo3",
                  "sgp1",
                  "syd1",
                  "tor1"
                ],
                "size_gigabytes": 2.79,
                "slug": "flipstarter-18-04",
                "status": "available",
                "tags": [],
                "type": "snapshot"
              },
              {
                "created": "2022-03-15T15:52:59Z",
                "description": "Coin Collector by PowerTrader.net 1.3.1 on Ubuntu 20.04",
                "distribution": "Ubuntu",
                "error_message": "",
                "id": 104033341,
                "image": "104033341",
                "min_disk_size": 25,
                "name": "Coin Collector by PowerTrader.net 1.3.1 on Ubuntu 20.04",
                "private": false,
                "regions": [
                  "ams2",
                  "ams3",
                  "blr1",
                  "fra1",
                  "lon1",
                  "nyc1",
                  "nyc2",
                  "nyc3",
                  "sfo1",
                  "sfo2",
                  "sfo3",
                  "sgp1",
                  "syd1",
                  "tor1"
                ],
                "size_gigabytes": 4.7,
                "slug": "powertrader-coincollectorbyp",
                "status": "available",
                "tags": [],
                "type": "snapshot"
              },
              {
                "created": "2022-03-10T09:16:09Z",
                "description": "Bugfender 2022.1.0 on Ubuntu 20.04",
                "distribution": "Ubuntu",
                "error_message": "",
                "id": 103677771,
                "image": "103677771",
                "min_disk_size": 80,
                "name": "Bugfender 2022.1.0 on Ubuntu 20.04",
                "private": false,
                "regions": [
                  "ams2",
                  "ams3",
                  "blr1",
                  "fra1",
                  "lon1",
                  "nyc1",
                  "nyc2",
                  "nyc3",
                  "sfo1",
                  "sfo2",
                  "sfo3",
                  "sgp1",
                  "syd1",
                  "tor1"
                ],
                "size_gigabytes": 8.48,
                "slug": "bugfender-20-04",
                "status": "available",
                "tags": [],
                "type": "snapshot"
              },
              {
                "created": "2022-03-04T19:12:33Z",
                "description": "Coder 1.28.1a on Ubuntu 20.04",
                "distribution": "Ubuntu",
                "error_message": "",
                "id": 103272884,
                "image": "103272884",
                "min_disk_size": 80,
                "name": "Coder 1.28.1a on Ubuntu 20.04",
                "private": false,
                "regions": [
                  "ams2",
                  "ams3",
                  "blr1",
                  "fra1",
                  "lon1",
                  "nyc1",
                  "nyc2",
                  "nyc3",
                  "sfo1",
                  "sfo2",
                  "sfo3",
                  "sgp1",
                  "syd1",
                  "tor1"
                ],
                "size_gigabytes": 4.32,
                "slug": "coder",
                "status": "available",
                "tags": [],
                "type": "snapshot"
              },
              {
                "created": "2022-02-11T07:16:48Z",
                "description": "Mainnet Fullnode 0.18.13 on Ubuntu 20.04",
                "distribution": "Ubuntu",
                "error_message": "",
                "id": 101794926,
                "image": "101794926",
                "min_disk_size": 25,
                "name": "Mainnet Fullnode 0.18.13 on Ubuntu 20.04",
                "private": false,
                "regions": [
                  "ams2",
                  "ams3",
                  "blr1",
                  "fra1",
                  "lon1",
                  "nyc1",
                  "nyc2",
                  "nyc3",
                  "sfo1",
                  "sfo2",
                  "sfo3",
                  "sgp1",
                  "syd1",
                  "tor1"
                ],
                "size_gigabytes": 2.23,
                "slug": "oneledger-mainnetfullnode",
                "status": "available",
                "tags": [],
                "type": "snapshot"
              },
              {
                "created": "2022-02-07T09:52:02Z",
                "description": "Restyaboard 1.7.1 on Ubuntu 20.04",
                "distribution": "Ubuntu",
                "error_message": "",
                "id": 101517161,
                "image": "101517161",
                "min_disk_size": 25,
                "name": "Restyaboard 1.7.1 on Ubuntu 20.04",
                "private": false,
                "regions": [
                  "ams2",
                  "ams3",
                  "blr1",
                  "fra1",
                  "lon1",
                  "nyc1",
                  "nyc2",
                  "nyc3",
                  "sfo1",
                  "sfo2",
                  "sfo3",
                  "sgp1",
                  "syd1",
                  "tor1"
                ],
                "size_gigabytes": 2.26,
                "slug": "restya-restyaboard-20-04",
                "status": "available",
                "tags": [],
                "type": "snapshot"
              },
              {
                "created": "2022-02-05T18:05:19Z",
                "description": "AzuraCast 0.15.0 on Ubuntu 20.04",
                "distribution": "Ubuntu",
                "error_message": "",
                "id": 101390962,
                "image": "101390962",
                "min_disk_size": 50,
                "name": "AzuraCast 0.15.0 on Ubuntu 20.04",
                "private": false,
                "regions": [
                  "ams2",
                  "ams3",
                  "blr1",
                  "fra1",
                  "lon1",
                  "nyc1",
                  "nyc2",
                  "nyc3",
                  "sfo1",
                  "sfo2",
                  "sfo3",
                  "sgp1",
                  "syd1",
                  "tor1"
                ],
                "size_gigabytes": 6.03,
                "slug": "azuracast-20-04",
                "status": "available",
                "tags": [],
                "type": "snapshot"
              },
              {
                "created": "2022-01-29T15:40:05Z",
                "description": "Chevereto-Free 1.6.2 on Ubuntu 20.04",
                "distribution": "Ubuntu",
                "error_message": "",
                "id": 100903121,
                "image": "100903121",
                "min_disk_size": 25,
                "name": "Chevereto-Free 1.6.2 on Ubuntu 20.04",
                "private": false,
                "regions": [
                  "ams2",
                  "ams3",
                  "blr1",
                  "fra1",
                  "lon1",
                  "nyc1",
                  "nyc2",
                  "nyc3",
                  "sfo1",
                  "sfo2",
                  "sfo3",
                  "sgp1",
                  "syd1",
                  "tor1"
                ],
                "size_gigabytes": 2.5,
                "slug": "chevereto-cheveretofree",
                "status": "available",
                "tags": [],
                "type": "snapshot"
              },
              {
                "created": "2022-01-26T18:58:07Z",
                "description": "Metabase 0.41.6 on Ubuntu 18.04",
                "distribution": "Ubuntu",
                "error_message": "",
                "id": 100701107,
                "image": "100701107",
                "min_disk_size": 25,
                "name": "Metabase 0.41.6 on Ubuntu 18.04",
                "private": false,
                "regions": [
                  "ams2",
                  "ams3",
                  "blr1",
                  "fra1",
                  "lon1",
                  "nyc1",
                  "nyc2",
                  "nyc3",
                  "sfo1",
                  "sfo2",
                  "sfo3",
                  "sgp1",
                  "syd1",
                  "tor1"
                ],
                "size_gigabytes": 2.79,
                "slug": "metabase-18-04",
                "status": "available",
                "tags": [],
                "type": "snapshot"
              },
              {
                "created": "2022-01-11T17:01:47Z",
                "description": "WebMaker Server 10.6 on Ubuntu 20.04",
                "distribution": "Ubuntu",
                "error_message": "",
                "id": 99669022,
                "image": "99669022",
                "min_disk_size": 25,
                "name": "WebMaker Server 10.6 on Ubuntu 20.04",
                "private": false,
                "regions": [
                  "ams2",
                  "ams3",
                  "blr1",
                  "fra1",
                  "lon1",
                  "nyc1",
                  "nyc2",
                  "nyc3",
                  "sfo1",
                  "sfo2",
                  "sfo3",
                  "sgp1",
                  "syd1",
                  "tor1"
                ],
                "size_gigabytes": 2.13,
                "slug": "hyfinity-webmakerserver-20-04",
                "status": "available",
                "tags": [],
                "type": "snapshot"
              },
              {
                "created": "2022-01-10T13:28:22Z",
                "description": "ThePlanMinder PostgreSQL 1.03 on Ubuntu 20.04",
                "distribution": "Ubuntu",
                "error_message": "",
                "id": 99594631,
                "image": "99594631",
                "min_disk_size": 25,
                "name": "ThePlanMinder PostgreSQL 1.03 on Ubuntu 20.04",
                "private": false,
                "regions": [
                  "ams2",
                  "ams3",
                  "blr1",
                  "fra1",
                  "lon1",
                  "nyc1",
                  "nyc2",
                  "nyc3",
                  "sfo1",
                  "sfo2",
                  "sfo3",
                  "sgp1",
                  "syd1",
                  "tor1"
                ],
                "size_gigabytes": 2.01,
                "slug": "auspiciaab-theplanminderpos-20-04",
                "status": "available",
                "tags": [],
                "type": "snapshot"
              },
              {
                "created": "2021-12-23T02:52:24Z",
                "description": "CyberPanel Joomla 3.0.10 on Ubuntu 20.04",
                "distribution": "Ubuntu",
                "error_message": "",
                "id": 98354302,
                "image": "98354302",
                "min_disk_size": 25,
                "name": "CyberPanel Joomla 3.0.10 on Ubuntu 20.04",
                "private": false,
                "regions": [
                  "ams2",
                  "ams3",
                  "blr1",
                  "fra1",
                  "lon1",
                  "nyc1",
                  "nyc2",
                  "nyc3",
                  "sfo1",
                  "sfo2",
                  "sfo3",
                  "sgp1",
                  "syd1",
                  "tor1"
                ],
                "size_gigabytes": 5.94,
                "slug": "litespeedtechnol-cyberpaneljoomla",
                "status": "available",
                "tags": [],
                "type": "snapshot"
              },
              {
                "created": "2021-12-21T10:05:25Z",
                "description": "Mist 4.6.2 on Ubuntu 20.04",
                "distribution": "Ubuntu",
                "error_message": "",
                "id": 98236710,
                "image": "98236710",
                "min_disk_size": 100,
                "name": "Mist 4.6.2 on Ubuntu 20.04",
                "private": false,
                "regions": [
                  "ams2",
                  "ams3",
                  "blr1",
                  "fra1",
                  "lon1",
                  "nyc1",
                  "nyc2",
                  "nyc3",
                  "sfo1",
                  "sfo2",
                  "sfo3",
                  "sgp1",
                  "syd1",
                  "tor1"
                ],
                "size_gigabytes": 13.45,
                "slug": "mistio-mist-20-04",
                "status": "available",
                "tags": [],
                "type": "snapshot"
              },
              {
                "created": "2021-12-13T12:51:00Z",
                "description": "GrandNode 2.0 1.1.0 on Ubuntu 18.04",
                "distribution": "Ubuntu",
                "error_message": "",
                "id": 97691195,
                "image": "97691195",
                "min_disk_size": 25,
                "name": "GrandNode 2.0 1.1.0 on Ubuntu 18.04",
                "private": false,
                "regions": [
                  "ams2",
                  "ams3",
                  "blr1",
                  "fra1",
                  "lon1",
                  "nyc1",
                  "nyc2",
                  "nyc3",
                  "sfo1",
                  "sfo2",
                  "sfo3",
                  "sgp1",
                  "syd1",
                  "tor1"
                ],
                "size_gigabytes": 2.42,
                "slug": "grandnode-grandnode20-18-04",
                "status": "available",
                "tags": [],
                "type": "snapshot"
              },
              {
                "created": "2021-12-09T21:42:12Z",
                "description": "node-army 3.0 on Ubuntu 20.04",
                "distribution": "Ubuntu",
                "error_message": "",
                "id": 97443875,
                "image": "97443875",
                "min_disk_size": 160,
                "name": "node-army 3.0 on Ubuntu 20.04",
                "private": false,
                "regions": [
                  "ams2",
                  "ams3",
                  "blr1",
                  "fra1",
                  "lon1",
                  "nyc1",
                  "nyc2",
                  "nyc3",
                  "sfo1",
                  "sfo2",
                  "sfo3",
                  "sgp1",
                  "syd1",
                  "tor1"
                ],
                "size_gigabytes": 1.82,
                "slug": "nodearmy",
                "status": "available",
                "tags": [],
                "type": "snapshot"
              },
              {
                "created": "2021-12-09T14:29:18Z",
                "description": "node-army-3.0 3.0 on Ubuntu 20.04 (LTS)",
                "distribution": "Ubuntu",
                "error_message": "",
                "id": 97423900,
                "image": "97423900",
                "min_disk_size": 160,
                "name": "node-army-3.0 3.0 on Ubuntu 20.04 (LTS)",
                "private": false,
                "regions": [
                  "ams2",
                  "ams3",
                  "blr1",
                  "fra1",
                  "lon1",
                  "nyc1",
                  "nyc2",
                  "nyc3",
                  "sfo1",
                  "sfo2",
                  "sfo3",
                  "sgp1",
                  "syd1",
                  "tor1"
                ],
                "size_gigabytes": 1.82,
                "slug": "nodearmy-nodearmy30",
                "status": "available",
                "tags": [],
                "type": "snapshot"
              },
              {
                "created": "2021-12-01T20:00:22Z",
                "description": "Budibase 1.0.0 on Ubuntu 20.04",
                "distribution": "Ubuntu",
                "error_message": "",
                "id": 96892285,
                "image": "96892285",
                "min_disk_size": 25,
                "name": "Budibase 1.0.0 on Ubuntu 20.04",
                "private": false,
                "regions": [
                  "ams2",
                  "ams3",
                  "blr1",
                  "fra1",
                  "lon1",
                  "nyc1",
                  "nyc2",
                  "nyc3",
                  "sfo1",
                  "sfo2",
                  "sfo3",
                  "sgp1",
                  "syd1",
                  "tor1"
                ],
                "size_gigabytes": 3.61,
                "slug": "budibase-20-04",
                "status": "available",
                "tags": [],
                "type": "snapshot"
              },
              {
                "created": "2021-11-27T16:13:21Z",
                "description": "Plone In A Box™ 5.2.2 on Ubuntu 20.04 (LTS)",
                "distribution": "Ubuntu",
                "error_message": "",
                "id": 96612479,
                "image": "96612479",
                "min_disk_size": 25,
                "name": "Plone In A Box™ 5.2.2 on Ubuntu 20.04 (LTS)",
                "private": false,
                "regions": [
                  "ams2",
                  "ams3",
                  "blr1",
                  "fra1",
                  "lon1",
                  "nyc1",
                  "nyc2",
                  "nyc3",
                  "sfo1",
                  "sfo2",
                  "sfo3",
                  "sgp1",
                  "syd1",
                  "tor1"
                ],
                "size_gigabytes": 4.73,
                "slug": "plone-ploneinabox",
                "status": "available",
                "tags": [],
                "type": "snapshot"
              },
              {
                "created": "2021-11-22T13:28:54Z",
                "description": "NodeGame 7.1.0 on Ubuntu 18.04",
                "distribution": "Ubuntu",
                "error_message": "",
                "id": 96267526,
                "image": "96267526",
                "min_disk_size": 25,
                "name": "NodeGame 7.1.0 on Ubuntu 18.04",
                "private": false,
                "regions": [
                  "ams2",
                  "ams3",
                  "blr1",
                  "fra1",
                  "lon1",
                  "nyc1",
                  "nyc2",
                  "nyc3",
                  "sfo1",
                  "sfo2",
                  "sfo3",
                  "sgp1",
                  "syd1",
                  "tor1"
                ],
                "size_gigabytes": 2.8,
                "slug": "nodegame-18-04",
                "status": "available",
                "tags": [],
                "type": "snapshot"
              },
              {
                "created": "2021-11-10T19:05:12Z",
                "description": "Airbyte 0.30.25 on 20.04",
                "distribution": "Ubuntu",
                "error_message": "",
                "id": 95451155,
                "image": "95451155",
                "min_disk_size": 25,
                "name": "Airbyte 0.30.25 on 20.04",
                "private": false,
                "regions": [
                  "ams2",
                  "ams3",
                  "blr1",
                  "fra1",
                  "lon1",
                  "nyc1",
                  "nyc2",
                  "nyc3",
                  "sfo1",
                  "sfo2",
                  "sfo3",
                  "sgp1",
                  "syd1",
                  "tor1"
                ],
                "size_gigabytes": 5.12,
                "slug": "airbyte",
                "status": "available",
                "tags": [],
                "type": "snapshot"
              },
              {
                "created": "2021-11-01T11:41:27Z",
                "description": "UTunnel VPN 1.0.0 on Ubuntu 20.04",
                "distribution": "Ubuntu",
                "error_message": "",
                "id": 94835736,
                "image": "94835736",
                "min_disk_size": 25,
                "name": "UTunnel VPN 1.0.0 on Ubuntu 20.04",
                "private": false,
                "regions": [
                  "ams2",
                  "ams3",
                  "blr1",
                  "fra1",
                  "lon1",
                  "nyc1",
                  "nyc2",
                  "nyc3",
                  "sfo1",
                  "sfo2",
                  "sfo3",
                  "sgp1",
                  "syd1",
                  "tor1"
                ],
                "size_gigabytes": 3.48,
                "slug": "utnadmins-utunnelvpn",
                "status": "available",
                "tags": [],
                "type": "snapshot"
              },
              {
                "created": "2021-10-09T01:11:53Z",
                "description": "CUBITE lilac on Ubuntu 20.04",
                "distribution": "Ubuntu",
                "error_message": "",
                "id": 93275894,
                "image": "93275894",
                "min_disk_size": 160,
                "name": "CUBITE lilac on Ubuntu 20.04",
                "private": false,
                "regions": [
                  "ams2",
                  "ams3",
                  "blr1",
                  "fra1",
                  "lon1",
                  "nyc1",
                  "nyc2",
                  "nyc3",
                  "sfo1",
                  "sfo2",
                  "sfo3",
                  "sgp1",
                  "syd1",
                  "tor1"
                ],
                "size_gigabytes": 19.92,
                "slug": "cubitetechnologi-cubite-20-04",
                "status": "available",
                "tags": [],
                "type": "snapshot"
              },
              {
                "created": "2021-09-12T07:27:05Z",
                "description": "SimpleX server 0.4.1 on Ubuntu 20.04",
                "distribution": "Ubuntu",
                "error_message": "",
                "id": 91647310,
                "image": "91647310",
                "min_disk_size": 25,
                "name": "SimpleX server 0.4.1 on Ubuntu 20.04",
                "private": false,
                "regions": [
                  "ams2",
                  "ams3",
                  "blr1",
                  "fra1",
                  "lon1",
                  "nyc1",
                  "nyc2",
                  "nyc3",
                  "sfo1",
                  "sfo2",
                  "sfo3",
                  "sgp1",
                  "syd1",
                  "tor1"
                ],
                "size_gigabytes": 1.6,
                "slug": "simplex-simplexserver-20-04",
                "status": "available",
                "tags": [],
                "type": "snapshot"
              },
              {
                "created": "2021-09-07T16:24:49Z",
                "description": "Helpy Pro 3.2.7.1 on Ubuntu 18.04",
                "distribution": "Ubuntu",
                "error_message": "",
                "id": 91338268,
                "image": "91338268",
                "min_disk_size": 25,
                "name": "Helpy Pro 3.2.7.1 on Ubuntu 18.04",
                "private": false,
                "regions": [
                  "ams2",
                  "ams3",
                  "blr1",
                  "fra1",
                  "lon1",
                  "nyc1",
                  "nyc2",
                  "nyc3",
                  "sfo1",
                  "sfo2",
                  "sfo3",
                  "sgp1",
                  "syd1",
                  "tor1"
                ],
                "size_gigabytes": 2.37,
                "slug": "helpyio-helpypro-18-04",
                "status": "available",
                "tags": [],
                "type": "snapshot"
              },
              {
                "created": "2021-09-03T12:22:58Z",
                "description": "Hyperledger Fabric Cloud Lab 1.4.2 on Ubuntu 18.04",
                "distribution": "Ubuntu",
                "error_message": "",
                "id": 91078400,
                "image": "91078400",
                "min_disk_size": 80,
                "name": "Hyperledger Fabric Cloud Lab 1.4.2 on Ubuntu 18.04",
                "private": false,
                "regions": [
                  "ams2",
                  "ams3",
                  "blr1",
                  "fra1",
                  "lon1",
                  "nyc1",
                  "nyc2",
                  "nyc3",
                  "sfo1",
                  "sfo2",
                  "sfo3",
                  "sgp1",
                  "syd1",
                  "tor1"
                ],
                "size_gigabytes": 2.62,
                "slug": "konnectedmindzte-hyperledgerfabri-18-04",
                "status": "available",
                "tags": [],
                "type": "snapshot"
              },
              {
                "created": "2021-08-16T17:18:44Z",
                "description": "MySQL 8.0.21 on Ubuntu 20.04",
                "distribution": "Ubuntu",
                "error_message": "",
                "id": 89941171,
                "image": "89941171",
                "min_disk_size": 25,
                "name": "MySQL 8.0.21 on Ubuntu 20.04",
                "private": false,
                "regions": [
                  "ams2",
                  "ams3",
                  "blr1",
                  "fra1",
                  "lon1",
                  "nyc1",
                  "nyc2",
                  "nyc3",
                  "sfo1",
                  "sfo2",
                  "sfo3",
                  "sgp1",
                  "syd1",
                  "tor1"
                ],
                "size_gigabytes": 2.5,
                "slug": "mysql-20-04",
                "status": "available",
                "tags": [],
                "type": "snapshot"
              },
              {
                "created": "2021-08-13T05:19:00Z",
                "description": "OpenCPU 2.2.4 on Ubuntu 20.04",
                "distribution": "Ubuntu",
                "error_message": "",
                "id": 89735378,
                "image": "89735378",
                "min_disk_size": 25,
                "name": "OpenCPU 2.2.4 on Ubuntu 20.04",
                "private": false,
                "regions": [
                  "ams2",
                  "ams3",
                  "blr1",
                  "fra1",
                  "lon1",
                  "nyc1",
                  "nyc2",
                  "nyc3",
                  "sfo1",
                  "sfo2",
                  "sfo3",
                  "sgp1",
                  "syd1",
                  "tor1"
                ],
                "size_gigabytes": 3.42,
                "slug": "analythium-opencpu-20-04",
                "status": "available",
                "tags": [],
                "type": "snapshot"
              },
              {
                "created": "2021-08-08T10:55:54Z",
                "description": "PhotoPrism on Ubuntu 20.04",
                "distribution": "Ubuntu",
                "error_message": "",
                "id": 89427598,
                "image": "89427598",
                "min_disk_size": 25,
                "name": "PhotoPrism on Ubuntu 20.04",
                "private": false,
                "regions": [
                  "ams2",
                  "ams3",
                  "blr1",
                  "fra1",
                  "lon1",
                  "nyc1",
                  "nyc2",
                  "nyc3",
                  "sfo1",
                  "sfo2",
                  "sfo3",
                  "sgp1",
                  "syd1",
                  "tor1"
                ],
                "size_gigabytes": 1.77,
                "slug": "photoprism-20-04",
                "status": "available",
                "tags": [],
                "type": "snapshot"
              },
              {
                "created": "2021-08-06T20:39:49Z",
                "description": "filecoin-lotus 1.11.0 on Ubuntu 20.04 (LTS)",
                "distribution": "Ubuntu",
                "error_message": "",
                "id": 89318075,
                "image": "89318075",
                "min_disk_size": 25,
                "name": "filecoin-lotus 1.11.0 on Ubuntu 20.04 (LTS)",
                "private": false,
                "regions": [
                  "ams2",
                  "ams3",
                  "blr1",
                  "fra1",
                  "lon1",
                  "nyc1",
                  "nyc2",
                  "nyc3",
                  "sfo1",
                  "sfo2",
                  "sfo3",
                  "sgp1",
                  "syd1",
                  "tor1"
                ],
                "size_gigabytes": 1.81,
                "slug": "",
                "status": "available",
                "tags": [],
                "type": "snapshot"
              },
              {
                "created": "2021-08-06T15:31:41Z",
                "description": "flussonic 21.08.1 on Ubuntu 20.04",
                "distribution": "Ubuntu",
                "error_message": "",
                "id": 89307756,
                "image": "89307756",
                "min_disk_size": 25,
                "name": "flussonic 21.08.1 on Ubuntu 20.04",
                "private": false,
                "regions": [
                  "ams2",
                  "ams3",
                  "blr1",
                  "fra1",
                  "lon1",
                  "nyc1",
                  "nyc2",
                  "nyc3",
                  "sfo1",
                  "sfo2",
                  "sfo3",
                  "sgp1",
                  "syd1",
                  "tor1"
                ],
                "size_gigabytes": 1.75,
                "slug": "flussonic-20-04",
                "status": "available",
                "tags": [],
                "type": "snapshot"
              },
              {
                "created": "2021-07-09T17:34:32Z",
                "description": "gutiumtestapp333 1 on Ubuntu 20.04",
                "distribution": "Ubuntu",
                "error_message": "",
                "id": 87540499,
                "image": "87540499",
                "min_disk_size": 25,
                "name": "gutiumtestapp333 1 on Ubuntu 20.04",
                "private": false,
                "regions": [
                  "ams2",
                  "ams3",
                  "blr1",
                  "fra1",
                  "lon1",
                  "nyc1",
                  "nyc2",
                  "nyc3",
                  "sfo1",
                  "sfo2",
                  "sfo3",
                  "sgp1",
                  "syd1",
                  "tor1"
                ],
                "size_gigabytes": 1.77,
                "slug": "mpdev-gutiumtestapp-20-04",
                "status": "available",
                "tags": [],
                "type": "snapshot"
              },
              {
                "created": "2021-07-08T15:04:43Z",
                "description": "gutiumtestapp_new_test 2 on Ubuntu 20.04",
                "distribution": "Ubuntu",
                "error_message": "",
                "id": 87473669,
                "image": "87473669",
                "min_disk_size": 25,
                "name": "gutiumtestapp_new_test 2 on Ubuntu 20.04",
                "private": false,
                "regions": [
                  "ams2",
                  "ams3",
                  "blr1",
                  "fra1",
                  "lon1",
                  "nyc1",
                  "nyc2",
                  "nyc3",
                  "sfo1",
                  "sfo2",
                  "sfo3",
                  "sgp1",
                  "syd1",
                  "tor1"
                ],
                "size_gigabytes": 1.91,
                "slug": "mpdev-gutiumtestappnew-20-04",
                "status": "available",
                "tags": [],
                "type": "snapshot"
              },
              {
                "created": "2021-07-06T09:26:30Z",
                "description": "Free Cost Management 1-1-326707216-master on Ubuntu 20.04",
                "distribution": "Ubuntu",
                "error_message": "",
                "id": 87342480,
                "image": "87342480",
                "min_disk_size": 160,
                "name": "Free Cost Management 1-1-326707216-master on Ubuntu 20.04",
                "private": false,
                "regions": [
                  "ams2",
                  "ams3",
                  "blr1",
                  "fra1",
                  "lon1",
                  "nyc1",
                  "nyc2",
                  "nyc3",
                  "sfo1",
                  "sfo2",
                  "sfo3",
                  "sgp1",
                  "syd1",
                  "tor1"
                ],
                "size_gigabytes": 14.24,
                "slug": "hystax-freecostmanageme-20-04",
                "status": "available",
                "tags": [],
                "type": "snapshot"
              },
              {
                "created": "2021-06-11T14:24:27Z",
                "description": "GitLab Enterprise Edition on Ubuntu 20.04",
                "distribution": "Ubuntu",
                "error_message": "",
                "id": 85777484,
                "image": "85777484",
                "min_disk_size": 50,
                "name": "GitLab Enterprise Edition on Ubuntu 20.04",
                "private": false,
                "regions": [
                  "ams2",
                  "ams3",
                  "blr1",
                  "fra1",
                  "lon1",
                  "nyc1",
                  "nyc2",
                  "nyc3",
                  "sfo1",
                  "sfo2",
                  "sfo3",
                  "sgp1",
                  "syd1",
                  "tor1"
                ],
                "size_gigabytes": 1.77,
                "slug": "gitlab-gitlabenterprise-20-04",
                "status": "available",
                "tags": [],
                "type": "snapshot"
              },
              {
                "created": "2021-06-11T05:58:33Z",
                "description": "Django 3.2 LTS 3.2.4 on Ubuntu 20.04",
                "distribution": "Ubuntu",
                "error_message": "",
                "id": 85765857,
                "image": "85765857",
                "min_disk_size": 25,
                "name": "Django 3.2 LTS 3.2.4 on Ubuntu 20.04",
                "private": false,
                "regions": [
                  "ams2",
                  "ams3",
                  "blr1",
                  "fra1",
                  "lon1",
                  "nyc1",
                  "nyc2",
                  "nyc3",
                  "sfo1",
                  "sfo2",
                  "sfo3",
                  "sgp1",
                  "syd1",
                  "tor1"
                ],
                "size_gigabytes": 2.17,
                "slug": "greendeployhq-django32lts-20-04",
                "status": "available",
                "tags": [],
                "type": "snapshot"
              },
              {
                "created": "2021-06-10T18:27:53Z",
                "description": "GitLab Enterprise Edition on Ubuntu 20.04",
                "distribution": "Ubuntu",
                "error_message": "",
                "id": 85720088,
                "image": "85720088",
                "min_disk_size": 80,
                "name": "GitLab Enterprise Edition on Ubuntu 20.04",
                "private": false,
                "regions": [
                  "ams2",
                  "ams3",
                  "blr1",
                  "fra1",
                  "lon1",
                  "nyc1",
                  "nyc2",
                  "nyc3",
                  "sfo1",
                  "sfo2",
                  "sfo3",
                  "sgp1",
                  "syd1",
                  "tor1"
                ],
                "size_gigabytes": 1.77,
                "slug": "gitlab-gitlabenterprise-18-04",
                "status": "available",
                "tags": [],
                "type": "snapshot"
              },
              {
                "created": "2021-06-08T19:32:22Z",
                "description": "Dokos 2.0.0 on Ubuntu 18.04",
                "distribution": "Ubuntu",
                "error_message": "",
                "id": 85595038,
                "image": "85595038",
                "min_disk_size": 80,
                "name": "Dokos 2.0.0 on Ubuntu 18.04",
                "private": false,
                "regions": [
                  "ams2",
                  "ams3",
                  "blr1",
                  "fra1",
                  "lon1",
                  "nyc1",
                  "nyc2",
                  "nyc3",
                  "sfo1",
                  "sfo2",
                  "sfo3",
                  "sgp1",
                  "syd1",
                  "tor1"
                ],
                "size_gigabytes": 7.23,
                "slug": "dokos-18-04",
                "status": "available",
                "tags": [],
                "type": "snapshot"
              },
              {
                "created": "2021-06-08T00:05:55Z",
                "description": "Gitea 1.14.2 on Ubuntu 20.04",
                "distribution": "Ubuntu",
                "error_message": "",
                "id": 85548027,
                "image": "85548027",
                "min_disk_size": 25,
                "name": "Gitea 1.14.2 on Ubuntu 20.04",
                "private": false,
                "regions": [
                  "ams2",
                  "ams3",
                  "blr1",
                  "fra1",
                  "lon1",
                  "nyc1",
                  "nyc2",
                  "nyc3",
                  "sfo1",
                  "sfo2",
                  "sfo3",
                  "sgp1",
                  "syd1",
                  "tor1"
                ],
                "size_gigabytes": 1.55,
                "slug": "gitea-20-04",
                "status": "available",
                "tags": [],
                "type": "snapshot"
              },
              {
                "created": "2021-06-04T18:11:25Z",
                "description": "WireSpeed VPN 1.1.5 on Ubuntu 18.04",
                "distribution": "Ubuntu",
                "error_message": "",
                "id": 85344051,
                "image": "85344051",
                "min_disk_size": 25,
                "name": "WireSpeed VPN 1.1.5 on Ubuntu 18.04",
                "private": false,
                "regions": [
                  "ams2",
                  "ams3",
                  "blr1",
                  "fra1",
                  "lon1",
                  "nyc1",
                  "nyc2",
                  "nyc3",
                  "sfo1",
                  "sfo2",
                  "sfo3",
                  "sgp1",
                  "syd1",
                  "tor1"
                ],
                "size_gigabytes": 1.53,
                "slug": "portalcloud-wirespeedvpnbybu-18-04",
                "status": "available",
                "tags": [],
                "type": "snapshot"
              },
              {
                "created": "2021-06-04T00:12:30Z",
                "description": "Chevereto 1.3.0 on Ubuntu 20.04",
                "distribution": "Ubuntu",
                "error_message": "",
                "id": 85299422,
                "image": "85299422",
                "min_disk_size": 25,
                "name": "Chevereto 1.3.0 on Ubuntu 20.04",
                "private": false,
                "regions": [
                  "ams2",
                  "ams3",
                  "blr1",
                  "fra1",
                  "lon1",
                  "nyc1",
                  "nyc2",
                  "nyc3",
                  "sfo1",
                  "sfo2",
                  "sfo3",
                  "sgp1",
                  "syd1",
                  "tor1"
                ],
                "size_gigabytes": 2.44,
                "slug": "chevereto-20-04",
                "status": "available",
                "tags": [],
                "type": "snapshot"
              },
              {
                "created": "2021-05-10T10:43:27Z",
                "description": "Speckle Server 2 on Ubuntu 20.04",
                "distribution": "Ubuntu",
                "error_message": "",
                "id": 83794590,
                "image": "83794590",
                "min_disk_size": 80,
                "name": "Speckle Server 2 on Ubuntu 20.04",
                "private": false,
                "regions": [
                  "ams2",
                  "ams3",
                  "blr1",
                  "fra1",
                  "lon1",
                  "nyc1",
                  "nyc2",
                  "nyc3",
                  "sfo1",
                  "sfo2",
                  "sfo3",
                  "sgp1",
                  "syd1",
                  "tor1"
                ],
                "size_gigabytes": 5.45,
                "slug": "aecsystems-speckleserver-20-04",
                "status": "available",
                "tags": [],
                "type": "snapshot"
              },
              {
                "created": "2021-05-06T07:43:40Z",
                "description": "AutoPanel - Wordpress Automation 1 on Ubuntu 20.04.2 LTS",
                "distribution": "Ubuntu",
                "error_message": "",
                "id": 83552241,
                "image": "83552241",
                "min_disk_size": 25,
                "name": "AutoPanel - Wordpress Automation 1 on Ubuntu 20.04.2 LTS",
                "private": false,
                "regions": [
                  "ams2",
                  "ams3",
                  "blr1",
                  "fra1",
                  "lon1",
                  "nyc1",
                  "nyc2",
                  "nyc3",
                  "sfo1",
                  "sfo2",
                  "sfo3",
                  "sgp1",
                  "syd1",
                  "tor1"
                ],
                "size_gigabytes": 2.79,
                "slug": "autopanel-autopanelwordpre-20-04-2",
                "status": "available",
                "tags": [],
                "type": "snapshot"
              },
              {
                "created": "2021-04-20T08:29:13Z",
                "description": "GrandNode 4.90.0 on Ubuntu 18.04",
                "distribution": "Ubuntu",
                "error_message": "",
                "id": 82584759,
                "image": "82584759",
                "min_disk_size": 25,
                "name": "GrandNode 4.90.0 on Ubuntu 18.04",
                "private": false,
                "regions": [
                  "ams2",
                  "ams3",
                  "blr1",
                  "fra1",
                  "lon1",
                  "nyc1",
                  "nyc2",
                  "nyc3",
                  "sfo1",
                  "sfo2",
                  "sfo3",
                  "sgp1",
                  "syd1",
                  "tor1"
                ],
                "size_gigabytes": 2.21,
                "slug": "grandnode-18-04",
                "status": "available",
                "tags": [],
                "type": "snapshot"
              },
              {
                "created": "2021-04-16T23:39:39Z",
                "description": "Gigantum Client 1.5.2 on Ubuntu 20.04",
                "distribution": "Ubuntu",
                "error_message": "",
                "id": 82368171,
                "image": "82368171",
                "min_disk_size": 25,
                "name": "Gigantum Client 1.5.2 on Ubuntu 20.04",
                "private": false,
                "regions": [
                  "ams2",
                  "ams3",
                  "blr1",
                  "fra1",
                  "lon1",
                  "nyc1",
                  "nyc2",
                  "nyc3",
                  "sfo1",
                  "sfo2",
                  "sfo3",
                  "sgp1",
                  "syd1",
                  "tor1"
                ],
                "size_gigabytes": 4.79,
                "slug": "gigantum-gigantumclient-20-04",
                "status": "available",
                "tags": [],
                "type": "snapshot"
              },
              {
                "created": "2021-03-31T10:23:39Z",
                "description": "Supabase Postgres 0.15.0 on Ubuntu 18.04",
                "distribution": "Ubuntu",
                "error_message": "",
                "id": 81378706,
                "image": "81378706",
                "min_disk_size": 25,
                "name": "Supabase Postgres 0.15.0 on Ubuntu 18.04",
                "private": false,
                "regions": [
                  "ams2",
                  "ams3",
                  "blr1",
                  "fra1",
                  "lon1",
                  "nyc1",
                  "nyc2",
                  "nyc3",
                  "sfo1",
                  "sfo2",
                  "sfo3",
                  "sgp1",
                  "syd1",
                  "tor1"
                ],
                "size_gigabytes": 5.97,
                "slug": "supabase-supabasepostgres-18-04",
                "status": "available",
                "tags": [],
                "type": "snapshot"
              },
              {
                "created": "2021-03-26T06:14:09Z",
                "description": "Web-WordPress 5.7 on 20.04",
                "distribution": "Ubuntu",
                "error_message": "",
                "id": 81075482,
                "image": "81075482",
                "min_disk_size": 25,
                "name": "Web-WordPress 5.7 on 20.04",
                "private": false,
                "regions": [
                  "ams2",
                  "ams3",
                  "blr1",
                  "fra1",
                  "lon1",
                  "nyc1",
                  "nyc2",
                  "nyc3",
                  "sfo1",
                  "sfo2",
                  "sfo3",
                  "sgp1",
                  "syd1",
                  "tor1"
                ],
                "size_gigabytes": 2.37,
                "slug": "cloudup-webwordpress-20-04",
                "status": "available",
                "tags": [],
                "type": "snapshot"
              },
              {
                "created": "2021-03-24T13:43:47Z",
                "description": "Mailcoach 4.0 on Ubuntu 20.04",
                "distribution": "Ubuntu",
                "error_message": "",
                "id": 80961989,
                "image": "80961989",
                "min_disk_size": 25,
                "name": "Mailcoach 4.0 on Ubuntu 20.04",
                "private": false,
                "regions": [
                  "ams2",
                  "ams3",
                  "blr1",
                  "fra1",
                  "lon1",
                  "nyc1",
                  "nyc2",
                  "nyc3",
                  "sfo1",
                  "sfo2",
                  "sfo3",
                  "sgp1",
                  "syd1",
                  "tor1"
                ],
                "size_gigabytes": 4.83,
                "slug": "spatie-mailcoach-20-04",
                "status": "available",
                "tags": [],
                "type": "snapshot"
              },
              {
                "created": "2021-03-12T20:08:57Z",
                "description": "twigs 1.0.1 on Ubuntu 20.04 LTS",
                "distribution": "Ubuntu",
                "error_message": "",
                "id": 80259222,
                "image": "80259222",
                "min_disk_size": 25,
                "name": "twigs 1.0.1 on Ubuntu 20.04 LTS",
                "private": false,
                "regions": [
                  "ams2",
                  "ams3",
                  "blr1",
                  "fra1",
                  "lon1",
                  "nyc1",
                  "nyc2",
                  "nyc3",
                  "sfo1",
                  "sfo2",
                  "sfo3",
                  "sgp1",
                  "syd1",
                  "tor1"
                ],
                "size_gigabytes": 3.93,
                "slug": "threatwatch-twigs-20-04",
                "status": "available",
                "tags": [],
                "type": "snapshot"
              },
              {
                "created": "2021-02-24T23:35:25Z",
                "description": "uzERP 1.26.6 on Ubuntu 18.04",
                "distribution": "Ubuntu",
                "error_message": "",
                "id": 79325374,
                "image": "79325374",
                "min_disk_size": 25,
                "name": "uzERP 1.26.6 on Ubuntu 18.04",
                "private": false,
                "regions": [
                  "ams2",
                  "ams3",
                  "blr1",
                  "fra1",
                  "lon1",
                  "nyc1",
                  "nyc2",
                  "nyc3",
                  "sfo1",
                  "sfo2",
                  "sfo3",
                  "sgp1",
                  "syd1",
                  "tor1"
                ],
                "size_gigabytes": 2.17,
                "slug": "uzerpllp-uzerp-18-04",
                "status": "available",
                "tags": [],
                "type": "snapshot"
              },
              {
                "created": "2021-02-22T18:57:35Z",
                "description": "WireSpeed VPN 1.1.3 on Ubuntu 18.04",
                "distribution": "Ubuntu",
                "error_message": "",
                "id": 79192925,
                "image": "79192925",
                "min_disk_size": 25,
                "name": "WireSpeed VPN 1.1.3 on Ubuntu 18.04",
                "private": false,
                "regions": [
                  "ams2",
                  "ams3",
                  "blr1",
                  "fra1",
                  "lon1",
                  "nyc1",
                  "nyc2",
                  "nyc3",
                  "sfo1",
                  "sfo2",
                  "sfo3",
                  "sgp1",
                  "syd1",
                  "tor1"
                ],
                "size_gigabytes": 1.5,
                "slug": "portalcloud-wirespeedvpn-18-04",
                "status": "available",
                "tags": [],
                "type": "snapshot"
              },
              {
                "created": "2021-02-21T04:23:39Z",
                "description": "WireSpeed VPN 1.1.2 on Ubuntu 18.04",
                "distribution": "Ubuntu",
                "error_message": "",
                "id": 79112725,
                "image": "79112725",
                "min_disk_size": 25,
                "name": "WireSpeed VPN 1.1.2 on Ubuntu 18.04",
                "private": false,
                "regions": [
                  "ams2",
                  "ams3",
                  "blr1",
                  "fra1",
                  "lon1",
                  "nyc1",
                  "nyc2",
                  "nyc3",
                  "sfo1",
                  "sfo2",
                  "sfo3",
                  "sgp1",
                  "syd1",
                  "tor1"
                ],
                "size_gigabytes": 1.5,
                "slug": "wirespeedvpn-18-04",
                "status": "available",
                "tags": [],
                "type": "snapshot"
              },
              {
                "created": "2021-02-18T07:39:36Z",
                "description": "QloApps 1.5.0 on Ubuntu 18.04",
                "distribution": "Ubuntu",
                "error_message": "",
                "id": 78946779,
                "image": "78946779",
                "min_disk_size": 25,
                "name": "QloApps 1.5.0 on Ubuntu 18.04",
                "private": false,
                "regions": [
                  "ams2",
                  "ams3",
                  "blr1",
                  "fra1",
                  "lon1",
                  "nyc1",
                  "nyc2",
                  "nyc3",
                  "sfo1",
                  "sfo2",
                  "sfo3",
                  "sgp1",
                  "syd1",
                  "tor1"
                ],
                "size_gigabytes": 6.75,
                "slug": "webkul-qloapps-18-04",
                "status": "available",
                "tags": [],
                "type": "snapshot"
              },
              {
                "created": "2021-02-15T03:46:46Z",
                "description": "RunCloud-18.04 on Ubuntu 18.04",
                "distribution": "Ubuntu",
                "error_message": "",
                "id": 78753774,
                "image": "78753774",
                "min_disk_size": 25,
                "name": "RunCloud-18.04 on Ubuntu 18.04",
                "private": false,
                "regions": [
                  "ams2",
                  "ams3",
                  "blr1",
                  "fra1",
                  "lon1",
                  "nyc1",
                  "nyc2",
                  "nyc3",
                  "sfo1",
                  "sfo2",
                  "sfo3",
                  "sgp1",
                  "syd1",
                  "tor1"
                ],
                "size_gigabytes": 3.17,
                "slug": "runcloud-runcloud1804-18-04",
                "status": "available",
                "tags": [],
                "type": "snapshot"
              },
              {
                "created": "2021-02-11T09:15:17Z",
                "description": "Appwrite 0.7.0 on Ubuntu 18.04",
                "distribution": "Ubuntu",
                "error_message": "",
                "id": 78539719,
                "image": "78539719",
                "min_disk_size": 50,
                "name": "Appwrite 0.7.0 on Ubuntu 18.04",
                "private": false,
                "regions": [
                  "ams2",
                  "ams3",
                  "blr1",
                  "fra1",
                  "lon1",
                  "nyc1",
                  "nyc2",
                  "nyc3",
                  "sfo1",
                  "sfo2",
                  "sfo3",
                  "sgp1",
                  "syd1",
                  "tor1"
                ],
                "size_gigabytes": 2.03,
                "slug": "appwrite-18-04",
                "status": "available",
                "tags": [],
                "type": "snapshot"
              },
              {
                "created": "2021-02-08T18:11:41Z",
                "description": "OpenBoxes 0.8.14 on Ubuntu 20.04",
                "distribution": "Ubuntu",
                "error_message": "",
                "id": 78373210,
                "image": "78373210",
                "min_disk_size": 50,
                "name": "OpenBoxes 0.8.14 on Ubuntu 20.04",
                "private": false,
                "regions": [
                  "ams2",
                  "ams3",
                  "blr1",
                  "fra1",
                  "lon1",
                  "nyc1",
                  "nyc2",
                  "nyc3",
                  "sfo1",
                  "sfo2",
                  "sfo3",
                  "sgp1",
                  "syd1",
                  "tor1"
                ],
                "size_gigabytes": 3.21,
                "slug": "openboxes-20-04",
                "status": "available",
                "tags": [],
                "type": "snapshot"
              },
              {
                "created": "2021-02-05T02:08:56Z",
                "description": "Decentralized Internet 5.3.5 on Ubuntu 18.04",
                "distribution": "Ubuntu",
                "error_message": "",
                "id": 78169498,
                "image": "78169498",
                "min_disk_size": 25,
                "name": "Decentralized Internet 5.3.5 on Ubuntu 18.04",
                "private": false,
                "regions": [
                  "ams2",
                  "ams3",
                  "blr1",
                  "fra1",
                  "lon1",
                  "nyc1",
                  "nyc2",
                  "nyc3",
                  "sfo1",
                  "sfo2",
                  "sfo3",
                  "sgp1",
                  "syd1",
                  "tor1"
                ],
                "size_gigabytes": 6.97,
                "slug": "starkdrones-decentralizedint-18-04",
                "status": "available",
                "tags": [],
                "type": "snapshot"
              },
              {
                "created": "2021-02-03T20:19:29Z",
                "description": "Doppler 1.0 on Ubuntu 20.04 (LTS)",
                "distribution": "Ubuntu",
                "error_message": "",
                "id": 78088685,
                "image": "78088685",
                "min_disk_size": 25,
                "name": "Doppler 1.0 on Ubuntu 20.04 (LTS)",
                "private": false,
                "regions": [
                  "ams2",
                  "ams3",
                  "blr1",
                  "fra1",
                  "lon1",
                  "nyc1",
                  "nyc2",
                  "nyc3",
                  "sfo1",
                  "sfo2",
                  "sfo3",
                  "sgp1",
                  "syd1",
                  "tor1"
                ],
                "size_gigabytes": 1.56,
                "slug": "doppler-20-04",
                "status": "available",
                "tags": [],
                "type": "snapshot"
              },
              {
                "created": "2021-01-27T18:29:36Z",
                "description": "NetBox 2.10.4 on Ubuntu 20.04",
                "distribution": "Ubuntu",
                "error_message": "",
                "id": 77675906,
                "image": "77675906",
                "min_disk_size": 25,
                "name": "NetBox 2.10.4 on Ubuntu 20.04",
                "private": false,
                "regions": [
                  "ams2",
                  "ams3",
                  "blr1",
                  "fra1",
                  "lon1",
                  "nyc1",
                  "nyc2",
                  "nyc3",
                  "sfo1",
                  "sfo2",
                  "sfo3",
                  "sgp1",
                  "syd1",
                  "tor1"
                ],
                "size_gigabytes": 2.7,
                "slug": "netverity-netbox-20-04",
                "status": "available",
                "tags": [],
                "type": "snapshot"
              },
              {
                "created": "2021-01-26T10:21:17Z",
                "description": "Kubernetes 1.19 1.19.7-001 on Ubuntu 20.04",
                "distribution": "Ubuntu",
                "error_message": "",
                "id": 77609844,
                "image": "77609844",
                "min_disk_size": 25,
                "name": "Kubernetes 1.19 1.19.7-001 on Ubuntu 20.04",
                "private": false,
                "regions": [
                  "ams2",
                  "ams3",
                  "blr1",
                  "fra1",
                  "lon1",
                  "nyc1",
                  "nyc2",
                  "nyc3",
                  "sfo1",
                  "sfo2",
                  "sfo3",
                  "sgp1",
                  "syd1",
                  "tor1"
                ],
                "size_gigabytes": 2.67,
                "slug": "castai-kubernetes119-20-04",
                "status": "available",
                "tags": [],
                "type": "snapshot"
              },
              {
                "created": "2021-01-20T13:03:17Z",
                "description": "Directus 9 on Ubuntu 18.04",
                "distribution": "Ubuntu",
                "error_message": "",
                "id": 77264003,
                "image": "77264003",
                "min_disk_size": 25,
                "name": "Directus 9 on Ubuntu 18.04",
                "private": false,
                "regions": [
                  "ams2",
                  "ams3",
                  "blr1",
                  "fra1",
                  "lon1",
                  "nyc1",
                  "nyc2",
                  "nyc3",
                  "sfo1",
                  "sfo2",
                  "sfo3",
                  "sgp1",
                  "syd1",
                  "tor1"
                ],
                "size_gigabytes": 2.46,
                "slug": "directus-18-04",
                "status": "available",
                "tags": [],
                "type": "snapshot"
              },
              {
                "created": "2021-01-19T22:18:23Z",
                "description": "Gitea 1.13.1 on Ubuntu 20.04",
                "distribution": "Ubuntu",
                "error_message": "",
                "id": 77222386,
                "image": "77222386",
                "min_disk_size": 25,
                "name": "Gitea 1.13.1 on Ubuntu 20.04",
                "private": false,
                "regions": [
                  "ams2",
                  "ams3",
                  "blr1",
                  "fra1",
                  "lon1",
                  "nyc1",
                  "nyc2",
                  "nyc3",
                  "sfo1",
                  "sfo2",
                  "sfo3",
                  "sgp1",
                  "syd1",
                  "tor1"
                ],
                "size_gigabytes": 1.53,
                "slug": "gitea-18-04",
                "status": "available",
                "tags": [],
                "type": "snapshot"
              },
              {
                "created": "2021-01-19T11:20:03Z",
                "description": "WebDNA Server 8.6.4 8.6.4 on Ubuntu 18.04",
                "distribution": "Ubuntu",
                "error_message": "",
                "id": 77204749,
                "image": "77204749",
                "min_disk_size": 25,
                "name": "WebDNA Server 8.6.4 8.6.4 on Ubuntu 18.04",
                "private": false,
                "regions": [
                  "ams2",
                  "ams3",
                  "blr1",
                  "fra1",
                  "lon1",
                  "nyc1",
                  "nyc2",
                  "nyc3",
                  "sfo1",
                  "sfo2",
                  "sfo3",
                  "sgp1",
                  "syd1",
                  "tor1"
                ],
                "size_gigabytes": 1.53,
                "slug": "pharoahlanesoftw-webdnaserver864-18-04",
                "status": "available",
                "tags": [],
                "type": "snapshot"
              },
              {
                "created": "2021-01-13T08:06:58Z",
                "description": "CAST AI Kubernetes 1.18 1.18.6-7 on Ubuntu 20.04",
                "distribution": "Ubuntu",
                "error_message": "",
                "id": 76859157,
                "image": "76859157",
                "min_disk_size": 25,
                "name": "CAST AI Kubernetes 1.18 1.18.6-7 on Ubuntu 20.04",
                "private": false,
                "regions": [
                  "ams2",
                  "ams3",
                  "blr1",
                  "fra1",
                  "lon1",
                  "nyc1",
                  "nyc2",
                  "nyc3",
                  "sfo1",
                  "sfo2",
                  "sfo3",
                  "sgp1",
                  "syd1",
                  "tor1"
                ],
                "size_gigabytes": 2.67,
                "slug": "castai-castaikubernetes-20-04",
                "status": "available",
                "tags": [],
                "type": "snapshot"
              },
              {
                "created": "2021-01-07T15:22:42Z",
                "description": "CSMM 1.20.2 on Ubuntu 20.04",
                "distribution": "Ubuntu",
                "error_message": "",
                "id": 76520760,
                "image": "76520760",
                "min_disk_size": 25,
                "name": "CSMM 1.20.2 on Ubuntu 20.04",
                "private": false,
                "regions": [
                  "ams2",
                  "ams3",
                  "blr1",
                  "fra1",
                  "lon1",
                  "nyc1",
                  "nyc2",
                  "nyc3",
                  "sfo1",
                  "sfo2",
                  "sfo3",
                  "sgp1",
                  "syd1",
                  "tor1"
                ],
                "size_gigabytes": 2.5,
                "slug": "csmm-20-04",
                "status": "available",
                "tags": [],
                "type": "snapshot"
              },
              {
                "created": "2021-01-06T15:14:00Z",
                "description": "Microweber 1.2.0 on Ubuntu 20.04",
                "distribution": "Ubuntu",
                "error_message": "",
                "id": 76463559,
                "image": "76463559",
                "min_disk_size": 25,
                "name": "Microweber 1.2.0 on Ubuntu 20.04",
                "private": false,
                "regions": [
                  "ams2",
                  "ams3",
                  "blr1",
                  "fra1",
                  "lon1",
                  "nyc1",
                  "nyc2",
                  "nyc3",
                  "sfo1",
                  "sfo2",
                  "sfo3",
                  "sgp1",
                  "syd1",
                  "tor1"
                ],
                "size_gigabytes": 3.61,
                "slug": "microweber-18-04",
                "status": "available",
                "tags": [],
                "type": "snapshot"
              },
              {
                "created": "2021-01-05T07:21:25Z",
                "description": "Plesk 18.0 on Ubuntu 20.04",
                "distribution": "Ubuntu",
                "error_message": "",
                "id": 76400437,
                "image": "76400437",
                "min_disk_size": 25,
                "name": "Plesk 18.0 on Ubuntu 20.04",
                "private": false,
                "regions": [
                  "ams2",
                  "ams3",
                  "blr1",
                  "fra1",
                  "lon1",
                  "nyc1",
                  "nyc2",
                  "nyc3",
                  "sfo1",
                  "sfo2",
                  "sfo3",
                  "sgp1",
                  "syd1",
                  "tor1"
                ],
                "size_gigabytes": 3.66,
                "slug": "plesk-18-04",
                "status": "available",
                "tags": [],
                "type": "snapshot"
              },
              {
                "created": "2020-12-18T01:51:59Z",
                "description": "OpenLiteSpeed WordPress 5.6 on Ubuntu 20.04",
                "distribution": "Ubuntu",
                "error_message": "",
                "id": 75356228,
                "image": "75356228",
                "min_disk_size": 25,
                "name": "OpenLiteSpeed WordPress 5.6 on Ubuntu 20.04",
                "private": false,
                "regions": [
                  "ams2",
                  "ams3",
                  "blr1",
                  "fra1",
                  "lon1",
                  "nyc1",
                  "nyc2",
                  "nyc3",
                  "sfo1",
                  "sfo2",
                  "sfo3",
                  "sgp1",
                  "syd1",
                  "tor1"
                ],
                "size_gigabytes": 2.68,
                "slug": "litespeedtechnol-openlitespeedwor-18-04",
                "status": "available",
                "tags": [],
                "type": "snapshot"
              },
              {
                "created": "2020-12-14T06:22:35Z",
                "description": "Cloudron 6.0.1 on Ubuntu 20.04",
                "distribution": "Ubuntu",
                "error_message": "",
                "id": 75147617,
                "image": "75147617",
                "min_disk_size": 25,
                "name": "Cloudron 6.0.1 on Ubuntu 20.04",
                "private": false,
                "regions": [
                  "ams2",
                  "ams3",
                  "blr1",
                  "fra1",
                  "lon1",
                  "nyc1",
                  "nyc2",
                  "nyc3",
                  "sfo1",
                  "sfo2",
                  "sfo3",
                  "sgp1",
                  "syd1",
                  "tor1"
                ],
                "size_gigabytes": 9.59,
                "slug": "cloudron-18-04",
                "status": "available",
                "tags": [],
                "type": "snapshot"
              },
              {
                "created": "2020-12-12T00:55:16Z",
                "description": "AzuraCast 0.11.2 on Ubuntu 20.04",
                "distribution": "Ubuntu",
                "error_message": "",
                "id": 75012291,
                "image": "75012291",
                "min_disk_size": 50,
                "name": "AzuraCast 0.11.2 on Ubuntu 20.04",
                "private": false,
                "regions": [
                  "ams2",
                  "ams3",
                  "blr1",
                  "fra1",
                  "lon1",
                  "nyc1",
                  "nyc2",
                  "nyc3",
                  "sfo1",
                  "sfo2",
                  "sfo3",
                  "sgp1",
                  "syd1",
                  "tor1"
                ],
                "size_gigabytes": 5.11,
                "slug": "azuracast-18-04",
                "status": "available",
                "tags": [],
                "type": "snapshot"
              },
              {
                "created": "2020-12-11T17:33:01Z",
                "description": "HarperDB 2.3.0 on Ubuntu 18.04",
                "distribution": "Ubuntu",
                "error_message": "",
                "id": 74990084,
                "image": "74990084",
                "min_disk_size": 25,
                "name": "HarperDB 2.3.0 on Ubuntu 18.04",
                "private": false,
                "regions": [
                  "ams2",
                  "ams3",
                  "blr1",
                  "fra1",
                  "lon1",
                  "nyc1",
                  "nyc2",
                  "nyc3",
                  "sfo1",
                  "sfo2",
                  "sfo3",
                  "sgp1",
                  "syd1",
                  "tor1"
                ],
                "size_gigabytes": 1.76,
                "slug": "harperdb-18-04",
                "status": "available",
                "tags": [],
                "type": "snapshot"
              },
              {
                "created": "2020-11-25T15:36:56Z",
                "description": "Flexify.IO Multi-cloud / Migration 2.12.0 on Ubuntu 20.04 LTS",
                "distribution": "Ubuntu",
                "error_message": "",
                "id": 74078670,
                "image": "74078670",
                "min_disk_size": 50,
                "name": "Flexify.IO Multi-cloud / Migration 2.12.0 on Ubuntu 20.04 LTS",
                "private": false,
                "regions": [
                  "ams2",
                  "ams3",
                  "blr1",
                  "fra1",
                  "lon1",
                  "nyc1",
                  "nyc2",
                  "nyc3",
                  "sfo1",
                  "sfo2",
                  "sfo3",
                  "sgp1",
                  "syd1",
                  "tor1"
                ],
                "size_gigabytes": 3.33,
                "slug": "flexify-18-04",
                "status": "available",
                "tags": [],
                "type": "snapshot"
              },
              {
                "created": "2020-11-25T14:59:40Z",
                "description": "Yacht 0.0.5-alpha on Ubuntu 20.04",
                "distribution": "Ubuntu",
                "error_message": "",
                "id": 74077950,
                "image": "74077950",
                "min_disk_size": 25,
                "name": "Yacht 0.0.5-alpha on Ubuntu 20.04",
                "private": false,
                "regions": [
                  "ams2",
                  "ams3",
                  "blr1",
                  "fra1",
                  "lon1",
                  "nyc1",
                  "nyc2",
                  "nyc3",
                  "sfo1",
                  "sfo2",
                  "sfo3",
                  "sgp1",
                  "syd1",
                  "tor1"
                ],
                "size_gigabytes": 3.04,
                "slug": "selfhostedpro-yacht-20-04",
                "status": "available",
                "tags": [],
                "type": "snapshot"
              },
              {
                "created": "2020-11-20T06:17:42Z",
                "description": "CyberPanel 2.0.3 on Ubuntu 20.04",
                "distribution": "Ubuntu",
                "error_message": "",
                "id": 73787891,
                "image": "73787891",
                "min_disk_size": 25,
                "name": "CyberPanel 2.0.3 on Ubuntu 20.04",
                "private": false,
                "regions": [
                  "ams2",
                  "ams3",
                  "blr1",
                  "fra1",
                  "lon1",
                  "nyc1",
                  "nyc2",
                  "nyc3",
                  "sfo1",
                  "sfo2",
                  "sfo3",
                  "sgp1",
                  "syd1",
                  "tor1"
                ],
                "size_gigabytes": 5.42,
                "slug": "cyberpanel-18-04",
                "status": "available",
                "tags": [],
                "type": "snapshot"
              },
              {
                "created": "2020-11-05T23:40:06Z",
                "description": "Ant Media Server Enterprise Edition 2.2.1 on Ubuntu 18.04",
                "distribution": "Ubuntu",
                "error_message": "",
                "id": 72973416,
                "image": "72973416",
                "min_disk_size": 25,
                "name": "Ant Media Server Enterprise Edition 2.2.1 on Ubuntu 18.04",
                "private": false,
                "regions": [
                  "ams2",
                  "ams3",
                  "blr1",
                  "fra1",
                  "lon1",
                  "nyc1",
                  "nyc2",
                  "nyc3",
                  "sfo1",
                  "sfo2",
                  "sfo3",
                  "sgp1",
                  "syd1",
                  "tor1"
                ],
                "size_gigabytes": 3.35,
                "slug": "antmedia-antmediaserveren-16-04",
                "status": "available",
                "tags": [],
                "type": "snapshot"
              },
              {
                "created": "2020-11-04T15:54:43Z",
                "description": "Magento 2 Open Source 1.3.1 on Ubuntu 20.04 (LTS)",
                "distribution": "Ubuntu",
                "error_message": "",
                "id": 72899914,
                "image": "72899914",
                "min_disk_size": 80,
                "name": "Magento 2 Open Source 1.3.1 on Ubuntu 20.04 (LTS)",
                "private": false,
                "regions": [
                  "ams2",
                  "ams3",
                  "blr1",
                  "fra1",
                  "lon1",
                  "nyc1",
                  "nyc2",
                  "nyc3",
                  "sfo1",
                  "sfo2",
                  "sfo3",
                  "sgp1",
                  "syd1",
                  "tor1"
                ],
                "size_gigabytes": 5.52,
                "slug": "eltrino-magento2opensour-18-04",
                "status": "available",
                "tags": [],
                "type": "snapshot"
              },
              {
                "created": "2020-11-03T15:28:48Z",
                "description": "TRASA 1.1.2 on Ubuntu 20.04",
                "distribution": "Ubuntu",
                "error_message": "",
                "id": 72843498,
                "image": "72843498",
                "min_disk_size": 25,
                "name": "TRASA 1.1.2 on Ubuntu 20.04",
                "private": false,
                "regions": [
                  "ams2",
                  "ams3",
                  "blr1",
                  "fra1",
                  "lon1",
                  "nyc1",
                  "nyc2",
                  "nyc3",
                  "sfo1",
                  "sfo2",
                  "sfo3",
                  "sgp1",
                  "syd1",
                  "tor1"
                ],
                "size_gigabytes": 2.35,
                "slug": "seknox-trasa-20-04",
                "status": "available",
                "tags": [],
                "type": "snapshot"
              },
              {
                "created": "2020-10-30T05:30:25Z",
                "description": "Traccar 4.10 on Ubuntu 20.04",
                "distribution": "Ubuntu",
                "error_message": "",
                "id": 72610555,
                "image": "72610555",
                "min_disk_size": 25,
                "name": "Traccar 4.10 on Ubuntu 20.04",
                "private": false,
                "regions": [
                  "ams2",
                  "ams3",
                  "blr1",
                  "fra1",
                  "lon1",
                  "nyc1",
                  "nyc2",
                  "nyc3",
                  "sfo1",
                  "sfo2",
                  "sfo3",
                  "sgp1",
                  "syd1",
                  "tor1"
                ],
                "size_gigabytes": 2.21,
                "slug": "traccar-20-04",
                "status": "available",
                "tags": [],
                "type": "snapshot"
              },
              {
                "created": "2020-10-27T21:01:05Z",
                "description": "NKN Commercial 2.0 on Ubuntu 18.04",
                "distribution": "Ubuntu",
                "error_message": "",
                "id": 72463240,
                "image": "72463240",
                "min_disk_size": 25,
                "name": "NKN Commercial 2.0 on Ubuntu 18.04",
                "private": false,
                "regions": [
                  "ams2",
                  "ams3",
                  "blr1",
                  "fra1",
                  "lon1",
                  "nyc1",
                  "nyc2",
                  "nyc3",
                  "sfo1",
                  "sfo2",
                  "sfo3",
                  "sgp1",
                  "syd1",
                  "tor1"
                ],
                "size_gigabytes": 11.76,
                "slug": "nknfullnode-18-04",
                "status": "available",
                "tags": [],
                "type": "snapshot"
              },
              {
                "created": "2020-10-26T18:44:23Z",
                "description": "Docker 19.03.12 on Ubuntu 18.04",
                "distribution": "Ubuntu",
                "error_message": "",
                "id": 72401836,
                "image": "72401836",
                "min_disk_size": 25,
                "name": "Docker 19.03.12 on Ubuntu 18.04",
                "private": false,
                "regions": [
                  "ams2",
                  "ams3",
                  "blr1",
                  "fra1",
                  "lon1",
                  "nyc1",
                  "nyc2",
                  "nyc3",
                  "sfo1",
                  "sfo2",
                  "sfo3",
                  "sgp1",
                  "syd1",
                  "tor1"
                ],
                "size_gigabytes": 2.58,
                "slug": "docker-18-04",
                "status": "available",
                "tags": [],
                "type": "snapshot"
              },
              {
                "created": "2020-10-22T06:26:44Z",
                "description": "ShinyProxy 2.4.0 on Ubuntu 20.04",
                "distribution": "Ubuntu",
                "error_message": "",
                "id": 72169560,
                "image": "72169560",
                "min_disk_size": 25,
                "name": "ShinyProxy 2.4.0 on Ubuntu 20.04",
                "private": false,
                "regions": [
                  "ams2",
                  "ams3",
                  "blr1",
                  "fra1",
                  "lon1",
                  "nyc1",
                  "nyc2",
                  "nyc3",
                  "sfo1",
                  "sfo2",
                  "sfo3",
                  "sgp1",
                  "syd1",
                  "tor1"
                ],
                "size_gigabytes": 4.9,
                "slug": "analythium-shinyproxy-18-04",
                "status": "available",
                "tags": [],
                "type": "snapshot"
              },
              {
                "created": "2020-10-14T22:03:59Z",
                "description": "MongoDB 4.0.3 on Ubuntu 18.04",
                "distribution": "Ubuntu",
                "error_message": "",
                "id": 71748278,
                "image": "71748278",
                "min_disk_size": 25,
                "name": "MongoDB 4.0.3 on Ubuntu 18.04",
                "private": false,
                "regions": [
                  "ams2",
                  "ams3",
                  "blr1",
                  "fra1",
                  "lon1",
                  "nyc1",
                  "nyc2",
                  "nyc3",
                  "sfo1",
                  "sfo2",
                  "sfo3",
                  "sgp1",
                  "syd1",
                  "tor1"
                ],
                "size_gigabytes": 1.73,
                "slug": "mongodb-18-04",
                "status": "available",
                "tags": [],
                "type": "snapshot"
              },
              {
                "created": "2020-10-13T19:04:56Z",
                "description": "Caddy 2.2.1 on Ubuntu 18.04",
                "distribution": "Ubuntu",
                "error_message": "",
                "id": 71684158,
                "image": "71684158",
                "min_disk_size": 25,
                "name": "Caddy 2.2.1 on Ubuntu 18.04",
                "private": false,
                "regions": [
                  "ams2",
                  "ams3",
                  "blr1",
                  "fra1",
                  "lon1",
                  "nyc1",
                  "nyc2",
                  "nyc3",
                  "sfo1",
                  "sfo2",
                  "sfo3",
                  "sgp1",
                  "syd1",
                  "tor1"
                ],
                "size_gigabytes": 1.62,
                "slug": "caddy-18-04",
                "status": "available",
                "tags": [],
                "type": "snapshot"
              },
              {
                "created": "2020-10-12T20:11:45Z",
                "description": "MongoDB 4.4.1 on Ubuntu 20.04",
                "distribution": "Ubuntu",
                "error_message": "",
                "id": 71630964,
                "image": "71630964",
                "min_disk_size": 25,
                "name": "MongoDB 4.4.1 on Ubuntu 20.04",
                "private": false,
                "regions": [
                  "ams2",
                  "ams3",
                  "blr1",
                  "fra1",
                  "lon1",
                  "nyc1",
                  "nyc2",
                  "nyc3",
                  "sfo1",
                  "sfo2",
                  "sfo3",
                  "sgp1",
                  "syd1",
                  "tor1"
                ],
                "size_gigabytes": 2.12,
                "slug": "mongodb-20-04",
                "status": "available",
                "tags": [],
                "type": "snapshot"
              },
              {
                "created": "2020-10-09T17:00:57Z",
                "description": "WordPress 5.5.1 on Ubuntu 18.04",
                "distribution": "Ubuntu",
                "error_message": "",
                "id": 71462359,
                "image": "71462359",
                "min_disk_size": 25,
                "name": "WordPress 5.5.1 on Ubuntu 18.04",
                "private": false,
                "regions": [
                  "ams2",
                  "ams3",
                  "blr1",
                  "fra1",
                  "lon1",
                  "nyc1",
                  "nyc2",
                  "nyc3",
                  "sfo1",
                  "sfo2",
                  "sfo3",
                  "sgp1",
                  "syd1",
                  "tor1"
                ],
                "size_gigabytes": 1.96,
                "slug": "wordpress-18-04",
                "status": "available",
                "tags": [],
                "type": "snapshot"
              },
              {
                "created": "2020-10-08T00:50:36Z",
                "description": "Gluu Server CE 4.2.1 on Ubuntu 20.04 (LTS)",
                "distribution": "Ubuntu",
                "error_message": "",
                "id": 71372451,
                "image": "71372451",
                "min_disk_size": 160,
                "name": "Gluu Server CE 4.2.1 on Ubuntu 20.04 (LTS)",
                "private": false,
                "regions": [
                  "ams2",
                  "ams3",
                  "blr1",
                  "fra1",
                  "lon1",
                  "nyc1",
                  "nyc2",
                  "nyc3",
                  "sfo1",
                  "sfo2",
                  "sfo3",
                  "sgp1",
                  "syd1",
                  "tor1"
                ],
                "size_gigabytes": 3.92,
                "slug": "gluu-gluuserverce-18-04-3",
                "status": "available",
                "tags": [],
                "type": "snapshot"
              },
              {
                "created": "2020-10-07T11:23:15Z",
                "description": "UH VPN 1.2.0 on Ubuntu 20.04",
                "distribution": "Ubuntu",
                "error_message": "",
                "id": 71345668,
                "image": "71345668",
                "min_disk_size": 25,
                "name": "UH VPN 1.2.0 on Ubuntu 20.04",
                "private": false,
                "regions": [
                  "ams2",
                  "ams3",
                  "blr1",
                  "fra1",
                  "lon1",
                  "nyc1",
                  "nyc2",
                  "nyc3",
                  "sfo1",
                  "sfo2",
                  "sfo3",
                  "sgp1",
                  "syd1",
                  "tor1"
                ],
                "size_gigabytes": 2.07,
                "slug": "ultrahorizon-uhvpn-18-04",
                "status": "available",
                "tags": [],
                "type": "snapshot"
              },
              {
                "created": "2020-10-07T07:40:50Z",
                "description": "ServerWand 1.0 on Ubuntu 18.04",
                "distribution": "Ubuntu",
                "error_message": "",
                "id": 71344049,
                "image": "71344049",
                "min_disk_size": 25,
                "name": "ServerWand 1.0 on Ubuntu 18.04",
                "private": false,
                "regions": [
                  "ams2",
                  "ams3",
                  "blr1",
                  "fra1",
                  "lon1",
                  "nyc1",
                  "nyc2",
                  "nyc3",
                  "sfo1",
                  "sfo2",
                  "sfo3",
                  "sgp1",
                  "syd1",
                  "tor1"
                ],
                "size_gigabytes": 2.06,
                "slug": "shiftedit-serverwand-18-04",
                "status": "available",
                "tags": [],
                "type": "snapshot"
              },
              {
                "created": "2020-10-01T01:00:41Z",
                "description": "BigBlueButton Server 2.2 on Ubuntu 16.04",
                "distribution": "Ubuntu",
                "error_message": "",
                "id": 70987172,
                "image": "70987172",
                "min_disk_size": 25,
                "name": "BigBlueButton Server 2.2 on Ubuntu 16.04",
                "private": false,
                "regions": [
                  "ams2",
                  "ams3",
                  "blr1",
                  "fra1",
                  "lon1",
                  "nyc1",
                  "nyc2",
                  "nyc3",
                  "sfo1",
                  "sfo2",
                  "sfo3",
                  "sgp1",
                  "syd1",
                  "tor1"
                ],
                "size_gigabytes": 4,
                "slug": "opentradestatist-bigbluebuttonser-16-04",
                "status": "available",
                "tags": [],
                "type": "snapshot"
              },
              {
                "created": "2020-09-29T14:25:28Z",
                "description": "Grafana 7.2.0 on Ubuntu 18.04",
                "distribution": "Ubuntu",
                "error_message": "",
                "id": 70906592,
                "image": "70906592",
                "min_disk_size": 20,
                "name": "Grafana 7.2.0 on Ubuntu 18.04",
                "private": false,
                "regions": [
                  "ams2",
                  "ams3",
                  "blr1",
                  "fra1",
                  "lon1",
                  "nyc1",
                  "nyc2",
                  "nyc3",
                  "sfo1",
                  "sfo2",
                  "sfo3",
                  "sgp1",
                  "syd1",
                  "tor1"
                ],
                "size_gigabytes": 1.72,
                "slug": "grafana-18-04",
                "status": "available",
                "tags": [],
                "type": "snapshot"
              },
              {
                "created": "2020-09-28T14:03:05Z",
                "description": "Mailcoach 3.0 on Ubuntu 18.04",
                "distribution": "Ubuntu",
                "error_message": "",
                "id": 70850700,
                "image": "70850700",
                "min_disk_size": 25,
                "name": "Mailcoach 3.0 on Ubuntu 18.04",
                "private": false,
                "regions": [
                  "ams2",
                  "ams3",
                  "blr1",
                  "fra1",
                  "lon1",
                  "nyc1",
                  "nyc2",
                  "nyc3",
                  "sfo1",
                  "sfo2",
                  "sfo3",
                  "sgp1",
                  "syd1",
                  "tor1"
                ],
                "size_gigabytes": 4.3,
                "slug": "spatie-mailcoach-18-04",
                "status": "available",
                "tags": [],
                "type": "snapshot"
              },
              {
                "created": "2020-09-28T09:58:52Z",
                "description": "Countly Analytics 20.04.1 on Ubuntu 18.04",
                "distribution": "Ubuntu",
                "error_message": "",
                "id": 70847966,
                "image": "70847966",
                "min_disk_size": 80,
                "name": "Countly Analytics 20.04.1 on Ubuntu 18.04",
                "private": false,
                "regions": [
                  "ams2",
                  "ams3",
                  "blr1",
                  "fra1",
                  "lon1",
                  "nyc1",
                  "nyc2",
                  "nyc3",
                  "sfo1",
                  "sfo2",
                  "sfo3",
                  "sgp1",
                  "syd1",
                  "tor1"
                ],
                "size_gigabytes": 4.93,
                "slug": "countly-18-04",
                "status": "available",
                "tags": [],
                "type": "snapshot"
              },
              {
                "created": "2020-09-22T09:24:36Z",
                "description": "Curiosity 0.12549 on Ubuntu 16.04",
                "distribution": "Ubuntu",
                "error_message": "",
                "id": 70517637,
                "image": "70517637",
                "min_disk_size": 160,
                "name": "Curiosity 0.12549 on Ubuntu 16.04",
                "private": false,
                "regions": [
                  "ams2",
                  "ams3",
                  "blr1",
                  "fra1",
                  "lon1",
                  "nyc1",
                  "nyc2",
                  "nyc3",
                  "sfo1",
                  "sfo2",
                  "sfo3",
                  "sgp1",
                  "syd1",
                  "tor1"
                ],
                "size_gigabytes": 3.6,
                "slug": "curiositygmbh-curiosity-16-04",
                "status": "available",
                "tags": [],
                "type": "snapshot"
              },
              {
                "created": "2020-09-22T03:44:02Z",
                "description": "OpenLiteSpeed ClassicPress 1.2.0 on Ubuntu 20.04",
                "distribution": "Ubuntu",
                "error_message": "",
                "id": 70503312,
                "image": "70503312",
                "min_disk_size": 25,
                "name": "OpenLiteSpeed ClassicPress 1.2.0 on Ubuntu 20.04",
                "private": false,
                "regions": [
                  "ams2",
                  "ams3",
                  "blr1",
                  "fra1",
                  "lon1",
                  "nyc1",
                  "nyc2",
                  "nyc3",
                  "sfo1",
                  "sfo2",
                  "sfo3",
                  "sgp1",
                  "syd1",
                  "tor1"
                ],
                "size_gigabytes": 2.57,
                "slug": "litespeedtechnol-openlitespeedcla-18-04",
                "status": "available",
                "tags": [],
                "type": "snapshot"
              },
              {
                "created": "2020-09-18T06:20:30Z",
                "description": "OpenLiteSpeed Django 3.1.1 on Ubuntu 20.04",
                "distribution": "Ubuntu",
                "error_message": "",
                "id": 70294884,
                "image": "70294884",
                "min_disk_size": 25,
                "name": "OpenLiteSpeed Django 3.1.1 on Ubuntu 20.04",
                "private": false,
                "regions": [
                  "ams2",
                  "ams3",
                  "blr1",
                  "fra1",
                  "lon1",
                  "nyc1",
                  "nyc2",
                  "nyc3",
                  "sfo1",
                  "sfo2",
                  "sfo3",
                  "sgp1",
                  "syd1",
                  "tor1"
                ],
                "size_gigabytes": 2.32,
                "slug": "litespeedtechnol-openlitespeeddja-18-04",
                "status": "available",
                "tags": [],
                "type": "snapshot"
              },
              {
                "created": "2020-09-16T03:03:52Z",
                "description": "RStudio + Stan 1.2 on Ubuntu 18.04",
                "distribution": "Ubuntu",
                "error_message": "",
                "id": 70172490,
                "image": "70172490",
                "min_disk_size": 25,
                "name": "RStudio + Stan 1.2 on Ubuntu 18.04",
                "private": false,
                "regions": [
                  "ams2",
                  "ams3",
                  "blr1",
                  "fra1",
                  "lon1",
                  "nyc1",
                  "nyc2",
                  "nyc3",
                  "sfo1",
                  "sfo2",
                  "sfo3",
                  "sgp1",
                  "syd1",
                  "tor1"
                ],
                "size_gigabytes": 4.64,
                "slug": "opentradestatist-rstudiostan-18-04",
                "status": "available",
                "tags": [],
                "type": "snapshot"
              },
              {
                "created": "2020-09-08T12:36:10Z",
                "description": "Bagisto on 18.04",
                "distribution": "Ubuntu",
                "error_message": "",
                "id": 69755229,
                "image": "69755229",
                "min_disk_size": 25,
                "name": "Bagisto on 18.04",
                "private": false,
                "regions": [
                  "ams2",
                  "ams3",
                  "blr1",
                  "fra1",
                  "lon1",
                  "nyc1",
                  "nyc2",
                  "nyc3",
                  "sfo1",
                  "sfo2",
                  "sfo3",
                  "sgp1",
                  "syd1",
                  "tor1"
                ],
                "size_gigabytes": 7.26,
                "slug": "bagisto-18-04",
                "status": "available",
                "tags": [],
                "type": "snapshot"
              },
              {
                "created": "2020-08-27T11:52:06Z",
                "description": "Restyaboard 0.6.9 on Ubuntu 18.04",
                "distribution": "Ubuntu",
                "error_message": "",
                "id": 69105518,
                "image": "69105518",
                "min_disk_size": 25,
                "name": "Restyaboard 0.6.9 on Ubuntu 18.04",
                "private": false,
                "regions": [
                  "ams2",
                  "ams3",
                  "blr1",
                  "fra1",
                  "lon1",
                  "nyc1",
                  "nyc2",
                  "nyc3",
                  "sfo1",
                  "sfo2",
                  "sfo3",
                  "sgp1",
                  "syd1",
                  "tor1"
                ],
                "size_gigabytes": 1.9,
                "slug": "restya-restyaboard-18-04",
                "status": "available",
                "tags": [],
                "type": "snapshot"
              },
              {
                "created": "2020-08-25T06:24:32Z",
                "description": "Erxes 1.0 on Ubuntu 22.04",
                "distribution": "Ubuntu",
                "error_message": "",
                "id": 68992907,
                "image": "68992907",
                "min_disk_size": 80,
                "name": "Erxes 1.0 on Ubuntu 22.04",
                "private": false,
                "regions": [
                  "ams2",
                  "ams3",
                  "blr1",
                  "fra1",
                  "lon1",
                  "nyc1",
                  "nyc2",
                  "nyc3",
                  "sfo1",
                  "sfo2",
                  "sfo3",
                  "sgp1",
                  "syd1",
                  "tor1"
                ],
                "size_gigabytes": 4.82,
                "slug": "nmtec-erxes-18-04",
                "status": "available",
                "tags": [],
                "type": "snapshot"
              },
              {
                "created": "2020-08-17T18:51:36Z",
                "description": "LAMP on Ubuntu 18.04",
                "distribution": "Ubuntu",
                "error_message": "",
                "id": 68574510,
                "image": "68574510",
                "min_disk_size": 20,
                "name": "LAMP on Ubuntu 18.04",
                "private": false,
                "regions": [
                  "ams2",
                  "ams3",
                  "blr1",
                  "fra1",
                  "lon1",
                  "nyc1",
                  "nyc2",
                  "nyc3",
                  "sfo1",
                  "sfo2",
                  "sfo3",
                  "sgp1",
                  "syd1",
                  "tor1"
                ],
                "size_gigabytes": 1.85,
                "slug": "lamp-18-04",
                "status": "available",
                "tags": [],
                "type": "snapshot"
              },
              {
                "created": "2020-08-14T05:54:33Z",
                "description": "RethinkDB 2.4.1 on Ubuntu 18.04",
                "distribution": "Ubuntu",
                "error_message": "",
                "id": 68402596,
                "image": "68402596",
                "min_disk_size": 25,
                "name": "RethinkDB 2.4.1 on Ubuntu 18.04",
                "private": false,
                "regions": [
                  "ams2",
                  "ams3",
                  "blr1",
                  "fra1",
                  "lon1",
                  "nyc1",
                  "nyc2",
                  "nyc3",
                  "sfo1",
                  "sfo2",
                  "sfo3",
                  "sgp1",
                  "syd1",
                  "tor1"
                ],
                "size_gigabytes": 1.52,
                "slug": "rethinkdb-18-04",
                "status": "available",
                "tags": [],
                "type": "snapshot"
              },
              {
                "created": "2020-08-13T20:15:26Z",
                "description": "Jitsi Server 2.1-273 on Ubuntu 18.04",
                "distribution": "Ubuntu",
                "error_message": "",
                "id": 68365058,
                "image": "68365058",
                "min_disk_size": 25,
                "name": "Jitsi Server 2.1-273 on Ubuntu 18.04",
                "private": false,
                "regions": [
                  "ams2",
                  "ams3",
                  "blr1",
                  "fra1",
                  "lon1",
                  "nyc1",
                  "nyc2",
                  "nyc3",
                  "sfo1",
                  "sfo2",
                  "sfo3",
                  "sgp1",
                  "syd1",
                  "tor1"
                ],
                "size_gigabytes": 1.81,
                "slug": "opentradestatist-jitsiserver-18-04",
                "status": "available",
                "tags": [],
                "type": "snapshot"
              },
              {
                "created": "2020-08-10T14:34:08Z",
                "description": "Bugfender 2020.2.0 on Ubuntu 18.04",
                "distribution": "Ubuntu",
                "error_message": "",
                "id": 68195844,
                "image": "68195844",
                "min_disk_size": 80,
                "name": "Bugfender 2020.2.0 on Ubuntu 18.04",
                "private": false,
                "regions": [
                  "ams2",
                  "ams3",
                  "blr1",
                  "fra1",
                  "lon1",
                  "nyc1",
                  "nyc2",
                  "nyc3",
                  "sfo1",
                  "sfo2",
                  "sfo3",
                  "sgp1",
                  "syd1",
                  "tor1"
                ],
                "size_gigabytes": 4.73,
                "slug": "mobilejazz-bugfender-18-04",
                "status": "available",
                "tags": [],
                "type": "snapshot"
              },
              {
                "created": "2020-08-07T23:13:03Z",
                "description": "Solder.io 0.7.6 on Ubuntu 18.04.5",
                "distribution": "Ubuntu",
                "error_message": "",
                "id": 68056432,
                "image": "68056432",
                "min_disk_size": 25,
                "name": "Solder.io 0.7.6 on Ubuntu 18.04.5",
                "private": false,
                "regions": [
                  "ams2",
                  "ams3",
                  "blr1",
                  "fra1",
                  "lon1",
                  "nyc1",
                  "nyc2",
                  "nyc3",
                  "sfo1",
                  "sfo2",
                  "sfo3",
                  "sgp1",
                  "syd1",
                  "tor1"
                ],
                "size_gigabytes": 2.54,
                "slug": "jadiangaming-solderio-18-04-5",
                "status": "available",
                "tags": [],
                "type": "snapshot"
              },
              {
                "created": "2020-08-07T03:02:24Z",
                "description": "UXLens 0.7 on Ubuntu 18.04",
                "distribution": "Ubuntu",
                "error_message": "",
                "id": 68019043,
                "image": "68019043",
                "min_disk_size": 80,
                "name": "UXLens 0.7 on Ubuntu 18.04",
                "private": false,
                "regions": [
                  "ams2",
                  "ams3",
                  "blr1",
                  "fra1",
                  "lon1",
                  "nyc1",
                  "nyc2",
                  "nyc3",
                  "sfo1",
                  "sfo2",
                  "sfo3",
                  "sgp1",
                  "syd1",
                  "tor1"
                ],
                "size_gigabytes": 5.27,
                "slug": "uxlens-18-04",
                "status": "available",
                "tags": [],
                "type": "snapshot"
              },
              {
                "created": "2020-07-30T10:52:48Z",
                "description": "Passbolt CE 2.13.5 on Ubuntu 18.04",
                "distribution": "Ubuntu",
                "error_message": "",
                "id": 67613663,
                "image": "67613663",
                "min_disk_size": 25,
                "name": "Passbolt CE 2.13.5 on Ubuntu 18.04",
                "private": false,
                "regions": [
                  "ams2",
                  "ams3",
                  "blr1",
                  "fra1",
                  "lon1",
                  "nyc1",
                  "nyc2",
                  "nyc3",
                  "sfo1",
                  "sfo2",
                  "sfo3",
                  "sgp1",
                  "syd1",
                  "tor1"
                ],
                "size_gigabytes": 2.41,
                "slug": "passbolt-18-04",
                "status": "available",
                "tags": [],
                "type": "snapshot"
              },
              {
                "created": "2020-07-25T04:44:27Z",
                "description": "Purdm 0.3a on Ubuntu 18.04",
                "distribution": "Ubuntu",
                "error_message": "",
                "id": 67340642,
                "image": "67340642",
                "min_disk_size": 25,
                "name": "Purdm 0.3a on Ubuntu 18.04",
                "private": false,
                "regions": [
                  "ams2",
                  "ams3",
                  "blr1",
                  "fra1",
                  "lon1",
                  "nyc1",
                  "nyc2",
                  "nyc3",
                  "sfo1",
                  "sfo2",
                  "sfo3",
                  "sgp1",
                  "syd1",
                  "tor1"
                ],
                "size_gigabytes": 2.09,
                "slug": "wftutorials-purdm-18-04",
                "status": "available",
                "tags": [],
                "type": "snapshot"
              },
              {
                "created": "2020-07-24T15:05:31Z",
                "description": "Kepler Builder 1.0.10 on Ubuntu 18.04",
                "distribution": "Ubuntu",
                "error_message": "",
                "id": 67299287,
                "image": "67299287",
                "min_disk_size": 25,
                "name": "Kepler Builder 1.0.10 on Ubuntu 18.04",
                "private": false,
                "regions": [
                  "ams2",
                  "ams3",
                  "blr1",
                  "fra1",
                  "lon1",
                  "nyc1",
                  "nyc2",
                  "nyc3",
                  "sfo1",
                  "sfo2",
                  "sfo3",
                  "sgp1",
                  "syd1",
                  "tor1"
                ],
                "size_gigabytes": 1.91,
                "slug": "revox-keplerbuilder-18-04",
                "status": "available",
                "tags": [],
                "type": "snapshot"
              },
              {
                "created": "2020-07-23T20:48:13Z",
                "description": "Ant Media Server Community Edition 2.1.0 on Ubuntu 18.04",
                "distribution": "Ubuntu",
                "error_message": "",
                "id": 67254425,
                "image": "67254425",
                "min_disk_size": 25,
                "name": "Ant Media Server Community Edition 2.1.0 on Ubuntu 18.04",
                "private": false,
                "regions": [
                  "ams2",
                  "ams3",
                  "blr1",
                  "fra1",
                  "lon1",
                  "nyc1",
                  "nyc2",
                  "nyc3",
                  "sfo1",
                  "sfo2",
                  "sfo3",
                  "sgp1",
                  "syd1",
                  "tor1"
                ],
                "size_gigabytes": 2.74,
                "slug": "antmedia-16-04",
                "status": "available",
                "tags": [],
                "type": "snapshot"
              },
              {
                "created": "2020-07-23T16:23:57Z",
                "description": "Strapi 3.1.0 on Ubuntu 18.04",
                "distribution": "Ubuntu",
                "error_message": "",
                "id": 67247093,
                "image": "67247093",
                "min_disk_size": 50,
                "name": "Strapi 3.1.0 on Ubuntu 18.04",
                "private": false,
                "regions": [
                  "ams2",
                  "ams3",
                  "blr1",
                  "fra1",
                  "lon1",
                  "nyc1",
                  "nyc2",
                  "nyc3",
                  "sfo1",
                  "sfo2",
                  "sfo3",
                  "sgp1",
                  "syd1",
                  "tor1"
                ],
                "size_gigabytes": 2.14,
                "slug": "strapi-18-04",
                "status": "available",
                "tags": [],
                "type": "snapshot"
              },
              {
                "created": "2020-07-23T12:31:35Z",
                "description": "Repman 0.4.1 on Ubuntu 18.04 (LTS)",
                "distribution": "Ubuntu",
                "error_message": "",
                "id": 67242773,
                "image": "67242773",
                "min_disk_size": 25,
                "name": "Repman 0.4.1 on Ubuntu 18.04 (LTS)",
                "private": false,
                "regions": [
                  "ams2",
                  "ams3",
                  "blr1",
                  "fra1",
                  "lon1",
                  "nyc1",
                  "nyc2",
                  "nyc3",
                  "sfo1",
                  "sfo2",
                  "sfo3",
                  "sgp1",
                  "syd1",
                  "tor1"
                ],
                "size_gigabytes": 2.03,
                "slug": "buddy-repman-18-04",
                "status": "available",
                "tags": [],
                "type": "snapshot"
              },
              {
                "created": "2020-07-08T07:14:38Z",
                "description": "RunCloud-18.04 on Ubuntu 18.04",
                "distribution": "Ubuntu",
                "error_message": "",
                "id": 66443802,
                "image": "66443802",
                "min_disk_size": 25,
                "name": "RunCloud-18.04 on Ubuntu 18.04",
                "private": false,
                "regions": [
                  "ams2",
                  "ams3",
                  "blr1",
                  "fra1",
                  "lon1",
                  "nyc1",
                  "nyc2",
                  "nyc3",
                  "sfo1",
                  "sfo2",
                  "sfo3",
                  "sgp1",
                  "syd1",
                  "tor1"
                ],
                "size_gigabytes": 3.06,
                "slug": "runcloud-18-04",
                "status": "available",
                "tags": [],
                "type": "snapshot"
              },
              {
                "created": "2020-07-06T13:43:00Z",
                "description": "Computing for COVID 3 on Ubuntu 18.04.4 LTS",
                "distribution": "Ubuntu",
                "error_message": "",
                "id": 66343115,
                "image": "66343115",
                "min_disk_size": 60,
                "name": "Computing for COVID 3 on Ubuntu 18.04.4 LTS",
                "private": false,
                "regions": [
                  "ams2",
                  "ams3",
                  "blr1",
                  "fra1",
                  "lon1",
                  "nyc1",
                  "nyc2",
                  "nyc3",
                  "sfo1",
                  "sfo2",
                  "sfo3",
                  "sgp1",
                  "syd1",
                  "tor1"
                ],
                "size_gigabytes": 1.47,
                "slug": "ten7-computingforcovi-18-04-4",
                "status": "available",
                "tags": [],
                "type": "snapshot"
              },
              {
                "created": "2020-06-11T19:57:53Z",
                "description": "OpenVPN + Pihole 1.1.1 on Ubuntu 18.04",
                "distribution": "Ubuntu",
                "error_message": "",
                "id": 65052996,
                "image": "65052996",
                "min_disk_size": 25,
                "name": "OpenVPN + Pihole 1.1.1 on Ubuntu 18.04",
                "private": false,
                "regions": [
                  "ams2",
                  "ams3",
                  "blr1",
                  "fra1",
                  "lon1",
                  "nyc1",
                  "nyc2",
                  "nyc3",
                  "sfo1",
                  "sfo2",
                  "sfo3",
                  "sgp1",
                  "syd1",
                  "tor1"
                ],
                "size_gigabytes": 1.58,
                "slug": "pihole-18-04",
                "status": "available",
                "tags": [],
                "type": "snapshot"
              },
              {
                "created": "2020-06-10T08:40:20Z",
                "description": "IOTA Hornet Node on Ubuntu 20.04",
                "distribution": "Ubuntu",
                "error_message": "",
                "id": 64991584,
                "image": "64991584",
                "min_disk_size": 25,
                "name": "IOTA Hornet Node on Ubuntu 20.04",
                "private": false,
                "regions": [
                  "ams2",
                  "ams3",
                  "blr1",
                  "fra1",
                  "lon1",
                  "nyc1",
                  "nyc2",
                  "nyc3",
                  "sfo1",
                  "sfo2",
                  "sfo3",
                  "sgp1",
                  "syd1",
                  "tor1"
                ],
                "size_gigabytes": 3.92,
                "slug": "iota-iotahornetnode-18-04",
                "status": "available",
                "tags": [],
                "type": "snapshot"
              },
              {
                "created": "2020-06-08T14:25:33Z",
                "description": "Ghost on Ubuntu 18.04",
                "distribution": "Ubuntu",
                "error_message": "",
                "id": 64892282,
                "image": "64892282",
                "min_disk_size": 25,
                "name": "Ghost on Ubuntu 18.04",
                "private": false,
                "regions": [
                  "ams2",
                  "ams3",
                  "blr1",
                  "fra1",
                  "lon1",
                  "nyc1",
                  "nyc2",
                  "nyc3",
                  "sfo1",
                  "sfo2",
                  "sfo3",
                  "sgp1",
                  "syd1",
                  "tor1"
                ],
                "size_gigabytes": 2.24,
                "slug": "ghost-18-04",
                "status": "available",
                "tags": [],
                "type": "snapshot"
              },
              {
                "created": "2020-06-03T09:37:14Z",
                "description": "Supabase Realtime 0.7.5 on Ubuntu 18.04",
                "distribution": "Ubuntu",
                "error_message": "",
                "id": 64634239,
                "image": "64634239",
                "min_disk_size": 20,
                "name": "Supabase Realtime 0.7.5 on Ubuntu 18.04",
                "private": false,
                "regions": [
                  "ams2",
                  "ams3",
                  "blr1",
                  "fra1",
                  "lon1",
                  "nyc1",
                  "nyc2",
                  "nyc3",
                  "sfo1",
                  "sfo2",
                  "sfo3",
                  "sgp1",
                  "syd1",
                  "tor1"
                ],
                "size_gigabytes": 1.68,
                "slug": "supabase-supabaserealtime-18-04",
                "status": "available",
                "tags": [],
                "type": "snapshot"
              },
              {
                "created": "2020-06-01T15:55:04Z",
                "description": "ZoomAdmin 2.0.1 on Ubuntu 18.04.03",
                "distribution": "Ubuntu",
                "error_message": "",
                "id": 64535957,
                "image": "64535957",
                "min_disk_size": 25,
                "name": "ZoomAdmin 2.0.1 on Ubuntu 18.04.03",
                "private": false,
                "regions": [
                  "ams2",
                  "ams3",
                  "blr1",
                  "fra1",
                  "lon1",
                  "nyc1",
                  "nyc2",
                  "nyc3",
                  "sfo1",
                  "sfo2",
                  "sfo3",
                  "sgp1",
                  "syd1",
                  "tor1"
                ],
                "size_gigabytes": 5.42,
                "slug": "zoomadmin-18-04",
                "status": "available",
                "tags": [],
                "type": "snapshot"
              },
              {
                "created": "2020-05-31T12:35:41Z",
                "description": "Akaunting on Ubuntu 18.04",
                "distribution": "Ubuntu",
                "error_message": "",
                "id": 64481530,
                "image": "64481530",
                "min_disk_size": 25,
                "name": "Akaunting on Ubuntu 18.04",
                "private": false,
                "regions": [
                  "ams2",
                  "ams3",
                  "blr1",
                  "fra1",
                  "lon1",
                  "nyc1",
                  "nyc2",
                  "nyc3",
                  "sfo1",
                  "sfo2",
                  "sfo3",
                  "sgp1",
                  "syd1",
                  "tor1"
                ],
                "size_gigabytes": 1.83,
                "slug": "akaunting-18-04",
                "status": "available",
                "tags": [],
                "type": "snapshot"
              },
              {
                "created": "2020-05-19T12:35:09Z",
                "description": "OpenLiteSpeed NodeJS 12.16.3 on Ubuntu 20.04",
                "distribution": "Ubuntu",
                "error_message": "",
                "id": 63871420,
                "image": "63871420",
                "min_disk_size": 25,
                "name": "OpenLiteSpeed NodeJS 12.16.3 on Ubuntu 20.04",
                "private": false,
                "regions": [
                  "ams2",
                  "ams3",
                  "blr1",
                  "fra1",
                  "lon1",
                  "nyc1",
                  "nyc2",
                  "nyc3",
                  "sfo1",
                  "sfo2",
                  "sfo3",
                  "sgp1",
                  "syd1",
                  "tor1"
                ],
                "size_gigabytes": 2.04,
                "slug": "litespeedtechnol-openlitespeednod-18-04",
                "status": "available",
                "tags": [],
                "type": "snapshot"
              },
              {
                "created": "2020-05-11T12:44:47Z",
                "description": "Botpress 12.9.1 on Ubuntu 18.04",
                "distribution": "Ubuntu",
                "error_message": "",
                "id": 63468814,
                "image": "63468814",
                "min_disk_size": 25,
                "name": "Botpress 12.9.1 on Ubuntu 18.04",
                "private": false,
                "regions": [
                  "ams2",
                  "ams3",
                  "blr1",
                  "fra1",
                  "lon1",
                  "nyc1",
                  "nyc2",
                  "nyc3",
                  "sfo1",
                  "sfo2",
                  "sfo3",
                  "sgp1",
                  "syd1",
                  "tor1"
                ],
                "size_gigabytes": 4.18,
                "slug": "botpress-18-04",
                "status": "available",
                "tags": [],
                "type": "snapshot"
              },
              {
                "created": "2020-05-08T01:48:36Z",
                "description": "Minecraft: Bedrock Edition 1.0 on Ubuntu 20.04 (LTS)",
                "distribution": "Ubuntu",
                "error_message": "",
                "id": 63297697,
                "image": "63297697",
                "min_disk_size": 25,
                "name": "Minecraft: Bedrock Edition 1.0 on Ubuntu 20.04 (LTS)",
                "private": false,
                "regions": [
                  "ams2",
                  "ams3",
                  "blr1",
                  "fra1",
                  "lon1",
                  "nyc1",
                  "nyc2",
                  "nyc3",
                  "sfo1",
                  "sfo2",
                  "sfo3",
                  "sgp1",
                  "syd1",
                  "tor1"
                ],
                "size_gigabytes": 3.4,
                "slug": "sharklabs-minecraftbedrock-20-04",
                "status": "available",
                "tags": [],
                "type": "snapshot"
              },
              {
                "created": "2020-05-07T10:13:22Z",
                "description": "Krill 0.6.0 on Ubuntu 18.04",
                "distribution": "Ubuntu",
                "error_message": "",
                "id": 63267808,
                "image": "63267808",
                "min_disk_size": 25,
                "name": "Krill 0.6.0 on Ubuntu 18.04",
                "private": false,
                "regions": [
                  "ams2",
                  "ams3",
                  "blr1",
                  "fra1",
                  "lon1",
                  "nyc1",
                  "nyc2",
                  "nyc3",
                  "sfo1",
                  "sfo2",
                  "sfo3",
                  "sgp1",
                  "syd1",
                  "tor1"
                ],
                "size_gigabytes": 3.92,
                "slug": "nlnetlabs-krill-18-04",
                "status": "available",
                "tags": [],
                "type": "snapshot"
              },
              {
                "created": "2020-05-04T20:11:57Z",
                "description": "Meltano 1.31.0 on Ubuntu 18.04",
                "distribution": "Ubuntu",
                "error_message": "",
                "id": 63127734,
                "image": "63127734",
                "min_disk_size": 25,
                "name": "Meltano 1.31.0 on Ubuntu 18.04",
                "private": false,
                "regions": [
                  "ams2",
                  "ams3",
                  "blr1",
                  "fra1",
                  "lon1",
                  "nyc1",
                  "nyc2",
                  "nyc3",
                  "sfo1",
                  "sfo2",
                  "sfo3",
                  "sgp1",
                  "syd1",
                  "tor1"
                ],
                "size_gigabytes": 2.66,
                "slug": "meltano-18-04",
                "status": "available",
                "tags": [],
                "type": "snapshot"
              },
              {
                "created": "2020-05-01T21:56:50Z",
                "description": "Hubs Cloud Personal 1.1.0 on Ubuntu 18.04",
                "distribution": "Ubuntu",
                "error_message": "",
                "id": 62983753,
                "image": "62983753",
                "min_disk_size": 25,
                "name": "Hubs Cloud Personal 1.1.0 on Ubuntu 18.04",
                "private": false,
                "regions": [
                  "ams2",
                  "ams3",
                  "blr1",
                  "fra1",
                  "lon1",
                  "nyc1",
                  "nyc2",
                  "nyc3",
                  "sfo1",
                  "sfo2",
                  "sfo3",
                  "sgp1",
                  "syd1",
                  "tor1"
                ],
                "size_gigabytes": 2.19,
                "slug": "mozilla-hubscloudpersona-18-04",
                "status": "available",
                "tags": [],
                "type": "snapshot"
              },
              {
                "created": "2020-04-30T21:34:00Z",
                "description": "Discourse 2.5.0.beta3 on Ubuntu 18.04",
                "distribution": "Ubuntu",
                "error_message": "",
                "id": 62932114,
                "image": "62932114",
                "min_disk_size": 20,
                "name": "Discourse 2.5.0.beta3 on Ubuntu 18.04",
                "private": false,
                "regions": [
                  "ams2",
                  "ams3",
                  "blr1",
                  "fra1",
                  "lon1",
                  "nyc1",
                  "nyc2",
                  "nyc3",
                  "sfo1",
                  "sfo2",
                  "sfo3",
                  "sgp1",
                  "syd1",
                  "tor1"
                ],
                "size_gigabytes": 2.53,
                "slug": "discourse-18-04",
                "status": "available",
                "tags": [],
                "type": "snapshot"
              },
              {
                "created": "2020-04-28T20:44:25Z",
                "description": "Python/Django Quickstart 1.1 on Ubuntu 18.04",
                "distribution": "Ubuntu",
                "error_message": "",
                "id": 62828899,
                "image": "62828899",
                "min_disk_size": 25,
                "name": "Python/Django Quickstart 1.1 on Ubuntu 18.04",
                "private": false,
                "regions": [
                  "ams2",
                  "ams3",
                  "blr1",
                  "fra1",
                  "lon1",
                  "nyc1",
                  "nyc2",
                  "nyc3",
                  "sfo1",
                  "sfo2",
                  "sfo3",
                  "sgp1",
                  "syd1",
                  "tor1"
                ],
                "size_gigabytes": 3.07,
                "slug": "sharklabs-pythondjangoquic-18-04",
                "status": "available",
                "tags": [],
                "type": "snapshot"
              },
              {
                "created": "2020-04-19T12:16:19Z",
                "description": "Selenoid 1.10.0 on Ubuntu 18.04",
                "distribution": "Ubuntu",
                "error_message": "",
                "id": 62370503,
                "image": "62370503",
                "min_disk_size": 25,
                "name": "Selenoid 1.10.0 on Ubuntu 18.04",
                "private": false,
                "regions": [
                  "ams2",
                  "ams3",
                  "blr1",
                  "fra1",
                  "lon1",
                  "nyc1",
                  "nyc2",
                  "nyc3",
                  "sfo1",
                  "sfo2",
                  "sfo3",
                  "sgp1",
                  "syd1",
                  "tor1"
                ],
                "size_gigabytes": 4,
                "slug": "selenoid-18-04",
                "status": "available",
                "tags": [],
                "type": "snapshot"
              },
              {
                "created": "2020-04-09T17:02:38Z",
                "description": "code-server 3.0.2 on Ubuntu 18.04",
                "distribution": "Ubuntu",
                "error_message": "",
                "id": 61882425,
                "image": "61882425",
                "min_disk_size": 25,
                "name": "code-server 3.0.2 on Ubuntu 18.04",
                "private": false,
                "regions": [
                  "ams2",
                  "ams3",
                  "blr1",
                  "fra1",
                  "lon1",
                  "nyc1",
                  "nyc2",
                  "nyc3",
                  "sfo1",
                  "sfo2",
                  "sfo3",
                  "sgp1",
                  "syd1",
                  "tor1"
                ],
                "size_gigabytes": 1.71,
                "slug": "code-server-18-04",
                "status": "available",
                "tags": [],
                "type": "snapshot"
              },
              {
                "created": "2020-04-07T17:29:42Z",
                "description": "Minecraft: Java Edition Server 1.0 on Ubuntu 18.04",
                "distribution": "Ubuntu",
                "error_message": "",
                "id": 61783800,
                "image": "61783800",
                "min_disk_size": 25,
                "name": "Minecraft: Java Edition Server 1.0 on Ubuntu 18.04",
                "private": false,
                "regions": [
                  "ams2",
                  "ams3",
                  "blr1",
                  "fra1",
                  "lon1",
                  "nyc1",
                  "nyc2",
                  "nyc3",
                  "sfo1",
                  "sfo2",
                  "sfo3",
                  "sgp1",
                  "syd1",
                  "tor1"
                ],
                "size_gigabytes": 2.07,
                "slug": "sharklabs-minecraftjavaedi-18-04",
                "status": "available",
                "tags": [],
                "type": "snapshot"
              },
              {
                "created": "2020-03-26T16:26:25Z",
                "description": "Folding@home 0.0.1 on Ubuntu 18.04",
                "distribution": "Ubuntu",
                "error_message": "",
                "id": 61190486,
                "image": "61190486",
                "min_disk_size": 25,
                "name": "Folding@home 0.0.1 on Ubuntu 18.04",
                "private": false,
                "regions": [
                  "ams2",
                  "ams3",
                  "blr1",
                  "fra1",
                  "lon1",
                  "nyc1",
                  "nyc2",
                  "nyc3",
                  "sfo1",
                  "sfo2",
                  "sfo3",
                  "sgp1",
                  "syd1",
                  "tor1"
                ],
                "size_gigabytes": 1.44,
                "slug": "sharklabs-foldinghome-18-04",
                "status": "available",
                "tags": [],
                "type": "snapshot"
              },
              {
                "created": "2020-03-19T08:04:51Z",
                "description": "Buddy on Ubuntu 18.04",
                "distribution": "Ubuntu",
                "error_message": "",
                "id": 60838833,
                "image": "60838833",
                "min_disk_size": 160,
                "name": "Buddy on Ubuntu 18.04",
                "private": false,
                "regions": [
                  "ams2",
                  "ams3",
                  "blr1",
                  "fra1",
                  "lon1",
                  "nyc1",
                  "nyc2",
                  "nyc3",
                  "sfo1",
                  "sfo2",
                  "sfo3",
                  "sgp1",
                  "syd1",
                  "tor1"
                ],
                "size_gigabytes": 2.83,
                "slug": "buddy-18-04",
                "status": "available",
                "tags": [],
                "type": "snapshot"
              },
              {
                "created": "2020-03-10T14:58:51Z",
                "description": "Ruby on Rails on 18.04 ",
                "distribution": "Ubuntu",
                "error_message": "",
                "id": 60412145,
                "image": "60412145",
                "min_disk_size": 20,
                "name": "Ruby on Rails on 18.04",
                "private": false,
                "regions": [
                  "ams2",
                  "ams3",
                  "blr1",
                  "fra1",
                  "lon1",
                  "nyc1",
                  "nyc2",
                  "nyc3",
                  "sfo1",
                  "sfo2",
                  "sfo3",
                  "sgp1",
                  "syd1",
                  "tor1"
                ],
                "size_gigabytes": 21.47,
                "slug": "rails-18-04",
                "status": "available",
                "tags": [],
                "type": "snapshot"
              },
              {
                "created": "2020-02-25T08:03:39Z",
                "description": "Snapt Nova ADC (Load Balancer, WAF) 1.0.0 on Ubuntu 18.04",
                "distribution": "Ubuntu",
                "error_message": "",
                "id": 59730488,
                "image": "59730488",
                "min_disk_size": 25,
                "name": "Snapt Nova ADC (Load Balancer, WAF) 1.0.0 on Ubuntu 18.04",
                "private": false,
                "regions": [
                  "ams2",
                  "ams3",
                  "blr1",
                  "fra1",
                  "lon1",
                  "nyc1",
                  "nyc2",
                  "nyc3",
                  "sfo1",
                  "sfo2",
                  "sfo3",
                  "sgp1",
                  "syd1",
                  "tor1"
                ],
                "size_gigabytes": 1.27,
                "slug": "snapt-snaptnova-18-04",
                "status": "available",
                "tags": [],
                "type": "snapshot"
              },
              {
                "created": "2020-02-24T11:47:23Z",
                "description": "ERPNext 12.5.0 on Ubuntu 18.04",
                "distribution": "Ubuntu",
                "error_message": "",
                "id": 59686506,
                "image": "59686506",
                "min_disk_size": 160,
                "name": "ERPNext 12.5.0 on Ubuntu 18.04",
                "private": false,
                "regions": [
                  "ams2",
                  "ams3",
                  "blr1",
                  "fra1",
                  "lon1",
                  "nyc1",
                  "nyc2",
                  "nyc3",
                  "sfo1",
                  "sfo2",
                  "sfo3",
                  "sgp1",
                  "syd1",
                  "tor1"
                ],
                "size_gigabytes": 6.86,
                "slug": "erpnext-18-04",
                "status": "available",
                "tags": [],
                "type": "snapshot"
              },
              {
                "created": "2020-02-22T06:50:56Z",
                "description": "Snapt Aria 2.0.0 on Ubuntu 18.04",
                "distribution": "Ubuntu",
                "error_message": "",
                "id": 59585886,
                "image": "59585886",
                "min_disk_size": 25,
                "name": "Snapt Aria 2.0.0 on Ubuntu 18.04",
                "private": false,
                "regions": [
                  "ams2",
                  "ams3",
                  "blr1",
                  "fra1",
                  "lon1",
                  "nyc1",
                  "nyc2",
                  "nyc3",
                  "sfo1",
                  "sfo2",
                  "sfo3",
                  "sgp1",
                  "syd1",
                  "tor1"
                ],
                "size_gigabytes": 2.07,
                "slug": "snapt-snaptaria-18-04",
                "status": "available",
                "tags": [],
                "type": "snapshot"
              },
              {
                "created": "2020-02-20T19:31:28Z",
                "description": "Node.js Quickstart 1.0 on Ubuntu 18.04",
                "distribution": "Ubuntu",
                "error_message": "",
                "id": 59505490,
                "image": "59505490",
                "min_disk_size": 25,
                "name": "Node.js Quickstart 1.0 on Ubuntu 18.04",
                "private": false,
                "regions": [
                  "ams2",
                  "ams3",
                  "blr1",
                  "fra1",
                  "lon1",
                  "nyc1",
                  "nyc2",
                  "nyc3",
                  "sfo1",
                  "sfo2",
                  "sfo3",
                  "sgp1",
                  "syd1",
                  "tor1"
                ],
                "size_gigabytes": 2.29,
                "slug": "sharklabs-nodejsquickstart-18-04",
                "status": "available",
                "tags": [],
                "type": "snapshot"
              },
              {
                "created": "2020-02-19T17:10:50Z",
                "description": "Reblaze WAF 2.12.10 on Ubuntu 18.04",
                "distribution": "Ubuntu",
                "error_message": "",
                "id": 59454915,
                "image": "59454915",
                "min_disk_size": 25,
                "name": "Reblaze WAF 2.12.10 on Ubuntu 18.04",
                "private": false,
                "regions": [
                  "ams2",
                  "ams3",
                  "blr1",
                  "fra1",
                  "lon1",
                  "nyc1",
                  "nyc2",
                  "nyc3",
                  "sfo1",
                  "sfo2",
                  "sfo3",
                  "sgp1",
                  "syd1",
                  "tor1"
                ],
                "size_gigabytes": 2.58,
                "slug": "reblaze-reblazewaf-18-04",
                "status": "available",
                "tags": [],
                "type": "snapshot"
              },
              {
                "created": "2020-02-13T23:34:28Z",
                "description": "Rocket.Chat 2.4.9 on Ubuntu 18.04",
                "distribution": "Ubuntu",
                "error_message": "",
                "id": 59182288,
                "image": "59182288",
                "min_disk_size": 25,
                "name": "Rocket.Chat 2.4.9 on Ubuntu 18.04",
                "private": false,
                "regions": [
                  "ams2",
                  "ams3",
                  "blr1",
                  "fra1",
                  "lon1",
                  "nyc1",
                  "nyc2",
                  "nyc3",
                  "sfo1",
                  "sfo2",
                  "sfo3",
                  "sgp1",
                  "syd1",
                  "tor1"
                ],
                "size_gigabytes": 8.01,
                "slug": "rocketchat-18-04",
                "status": "available",
                "tags": [],
                "type": "snapshot"
              },
              {
                "created": "2020-02-13T11:20:05Z",
                "description": "titra 0.9.8 on Ubuntu 18.04",
                "distribution": "Ubuntu",
                "error_message": "",
                "id": 59164646,
                "image": "59164646",
                "min_disk_size": 25,
                "name": "titra 0.9.8 on Ubuntu 18.04",
                "private": false,
                "regions": [
                  "ams2",
                  "ams3",
                  "blr1",
                  "fra1",
                  "lon1",
                  "nyc1",
                  "nyc2",
                  "nyc3",
                  "sfo1",
                  "sfo2",
                  "sfo3",
                  "sgp1",
                  "syd1",
                  "tor1"
                ],
                "size_gigabytes": 4.64,
                "slug": "kromit-titra-18-04",
                "status": "available",
                "tags": [],
                "type": "snapshot"
              },
              {
                "created": "2020-02-09T08:52:56Z",
                "description": "Open Unlight 1.0.0.pre1 on Ubuntu 18.04",
                "distribution": "Ubuntu",
                "error_message": "",
                "id": 58974013,
                "image": "58974013",
                "min_disk_size": 30,
                "name": "Open Unlight 1.0.0.pre1 on Ubuntu 18.04",
                "private": false,
                "regions": [
                  "ams2",
                  "ams3",
                  "blr1",
                  "fra1",
                  "lon1",
                  "nyc1",
                  "nyc2",
                  "nyc3",
                  "sfo1",
                  "sfo2",
                  "sfo3",
                  "sgp1",
                  "syd1",
                  "tor1"
                ],
                "size_gigabytes": 2.89,
                "slug": "unlight-openunlight-18-04",
                "status": "available",
                "tags": [],
                "type": "snapshot"
              },
              {
                "created": "2020-01-31T18:59:19Z",
                "description": "Nimbella Lite on Ubuntu 18.04",
                "distribution": "Ubuntu",
                "error_message": "",
                "id": 58562018,
                "image": "58562018",
                "min_disk_size": 25,
                "name": "Nimbella Lite on Ubuntu 18.04",
                "private": false,
                "regions": [
                  "ams2",
                  "ams3",
                  "blr1",
                  "fra1",
                  "lon1",
                  "nyc1",
                  "nyc2",
                  "nyc3",
                  "sfo1",
                  "sfo2",
                  "sfo3",
                  "sgp1",
                  "syd1",
                  "tor1"
                ],
                "size_gigabytes": 5.2,
                "slug": "nimbella-18-04",
                "status": "available",
                "tags": [],
                "type": "snapshot"
              },
              {
                "created": "2020-01-23T01:14:57Z",
                "description": "RStudio + H2O 1.2 on Ubuntu 18.04",
                "distribution": "Ubuntu",
                "error_message": "",
                "id": 58153814,
                "image": "58153814",
                "min_disk_size": 25,
                "name": "RStudio + H2O 1.2 on Ubuntu 18.04",
                "private": false,
                "regions": [
                  "ams2",
                  "ams3",
                  "blr1",
                  "fra1",
                  "lon1",
                  "nyc1",
                  "nyc2",
                  "nyc3",
                  "sfo1",
                  "sfo2",
                  "sfo3",
                  "sgp1",
                  "syd1",
                  "tor1"
                ],
                "size_gigabytes": 3.73,
                "slug": "opentradestatist-rstudioh2o-18-04",
                "status": "available",
                "tags": [],
                "type": "snapshot"
              },
              {
                "created": "2020-01-13T16:30:27Z",
                "description": "Meltano 1.15.0 on Ubuntu 18.04",
                "distribution": "Ubuntu",
                "error_message": "",
                "id": 57715909,
                "image": "57715909",
                "min_disk_size": 25,
                "name": "Meltano 1.15.0 on Ubuntu 18.04",
                "private": false,
                "regions": [
                  "ams2",
                  "ams3",
                  "blr1",
                  "fra1",
                  "lon1",
                  "nyc1",
                  "nyc2",
                  "nyc3",
                  "sfo1",
                  "sfo2",
                  "sfo3",
                  "sgp1",
                  "syd1",
                  "tor1"
                ],
                "size_gigabytes": 2.15,
                "slug": "gitlab-meltano-18-04",
                "status": "available",
                "tags": [],
                "type": "snapshot"
              },
              {
                "created": "2020-01-11T08:48:55Z",
                "description": "Hasura GraphQL on Ubuntu 18.04",
                "distribution": "Ubuntu",
                "error_message": "",
                "id": 57616599,
                "image": "57616599",
                "min_disk_size": 25,
                "name": "Hasura GraphQL on Ubuntu 18.04",
                "private": false,
                "regions": [
                  "ams2",
                  "ams3",
                  "blr1",
                  "fra1",
                  "lon1",
                  "nyc1",
                  "nyc2",
                  "nyc3",
                  "sfo1",
                  "sfo2",
                  "sfo3",
                  "sgp1",
                  "syd1",
                  "tor1"
                ],
                "size_gigabytes": 2.89,
                "slug": "hasura-18-04",
                "status": "available",
                "tags": [],
                "type": "snapshot"
              },
              {
                "created": "2019-12-29T21:34:10Z",
                "description": "RStudio 1.2 on Ubuntu 18.04",
                "distribution": "Ubuntu",
                "error_message": "",
                "id": 57033970,
                "image": "57033970",
                "min_disk_size": 25,
                "name": "RStudio 1.2 on Ubuntu 18.04",
                "private": false,
                "regions": [
                  "ams2",
                  "ams3",
                  "blr1",
                  "fra1",
                  "lon1",
                  "nyc1",
                  "nyc2",
                  "nyc3",
                  "sfo1",
                  "sfo2",
                  "sfo3",
                  "sgp1",
                  "syd1",
                  "tor1"
                ],
                "size_gigabytes": 13.3,
                "slug": "simplystatistics-rstudio-18-04",
                "status": "available",
                "tags": [],
                "type": "snapshot"
              },
              {
                "created": "2019-12-18T18:36:23Z",
                "description": "Workarea 3.5.x on Ubuntu 18.04",
                "distribution": "Ubuntu",
                "error_message": "",
                "id": 56522552,
                "image": "56522552",
                "min_disk_size": 25,
                "name": "Workarea 3.5.x on Ubuntu 18.04",
                "private": false,
                "regions": [
                  "ams2",
                  "ams3",
                  "blr1",
                  "fra1",
                  "lon1",
                  "nyc1",
                  "nyc2",
                  "nyc3",
                  "sfo1",
                  "sfo2",
                  "sfo3",
                  "sgp1",
                  "syd1",
                  "tor1"
                ],
                "size_gigabytes": 3.03,
                "slug": "workarea-18-04",
                "status": "available",
                "tags": [],
                "type": "snapshot"
              },
              {
                "created": "2019-12-18T08:33:19Z",
                "description": "Restyaboard 0.6.8 on Ubuntu 16.04",
                "distribution": "Ubuntu",
                "error_message": "",
                "id": 56512564,
                "image": "56512564",
                "min_disk_size": 25,
                "name": "Restyaboard 0.6.8 on Ubuntu 16.04",
                "private": false,
                "regions": [
                  "ams2",
                  "ams3",
                  "blr1",
                  "fra1",
                  "lon1",
                  "nyc1",
                  "nyc2",
                  "nyc3",
                  "sfo1",
                  "sfo2",
                  "sfo3",
                  "sgp1",
                  "syd1",
                  "tor1"
                ],
                "size_gigabytes": 2.03,
                "slug": "restyaboard-16-04",
                "status": "available",
                "tags": [],
                "type": "snapshot"
              },
              {
                "created": "2019-12-13T17:08:55Z",
                "description": "RStudio + PkgDev 1.2 on Ubuntu 18.04",
                "distribution": "Ubuntu",
                "error_message": "",
                "id": 56291082,
                "image": "56291082",
                "min_disk_size": 25,
                "name": "RStudio + PkgDev 1.2 on Ubuntu 18.04",
                "private": false,
                "regions": [
                  "ams2",
                  "ams3",
                  "blr1",
                  "fra1",
                  "lon1",
                  "nyc1",
                  "nyc2",
                  "nyc3",
                  "sfo1",
                  "sfo2",
                  "sfo3",
                  "sgp1",
                  "syd1",
                  "tor1"
                ],
                "size_gigabytes": 3.07,
                "slug": "opentradestatist-rstudiopkgdev-18-04",
                "status": "available",
                "tags": [],
                "type": "snapshot"
              },
              {
                "created": "2019-12-05T16:57:16Z",
                "description": "OpenLiteSpeed WordPress 5.3 on Ubuntu 18.04",
                "distribution": "Ubuntu",
                "error_message": "",
                "id": 55916878,
                "image": "55916878",
                "min_disk_size": 25,
                "name": "OpenLiteSpeed WordPress 5.3 on Ubuntu 18.04",
                "private": false,
                "regions": [
                  "ams2",
                  "ams3",
                  "blr1",
                  "fra1",
                  "lon1",
                  "nyc1",
                  "nyc2",
                  "nyc3",
                  "sfo1",
                  "sfo2",
                  "sfo3",
                  "sgp1",
                  "syd1",
                  "tor1"
                ],
                "size_gigabytes": 2.24,
                "slug": "openlitespeed-wp-18-04",
                "status": "available",
                "tags": [],
                "type": "snapshot"
              },
              {
                "created": "2019-11-21T13:09:45Z",
                "description": "RethinkDB (Fantasia) 2.3.7 on Ubuntu 18.04",
                "distribution": "Ubuntu",
                "error_message": "",
                "id": 55272004,
                "image": "55272004",
                "min_disk_size": 25,
                "name": "RethinkDB (Fantasia) 2.3.7 on Ubuntu 18.04",
                "private": false,
                "regions": [
                  "ams2",
                  "ams3",
                  "blr1",
                  "fra1",
                  "lon1",
                  "nyc1",
                  "nyc2",
                  "nyc3",
                  "sfo1",
                  "sfo2",
                  "sfo3",
                  "sgp1",
                  "syd1",
                  "tor1"
                ],
                "size_gigabytes": 1.46,
                "slug": "rethinkdb-rethinkdbfantasi-18-04",
                "status": "available",
                "tags": [],
                "type": "snapshot"
              },
              {
                "created": "2019-11-14T19:39:14Z",
                "description": "Mattermost 5.16.3 on Ubuntu 18.04",
                "distribution": "Ubuntu",
                "error_message": "",
                "id": 54959642,
                "image": "54959642",
                "min_disk_size": 20,
                "name": "Mattermost 5.16.3 on Ubuntu 18.04",
                "private": false,
                "regions": [
                  "ams2",
                  "ams3",
                  "blr1",
                  "fra1",
                  "lon1",
                  "nyc1",
                  "nyc2",
                  "nyc3",
                  "sfo1",
                  "sfo2",
                  "sfo3",
                  "sgp1",
                  "syd1",
                  "tor1"
                ],
                "size_gigabytes": 2.05,
                "slug": "mattermost-18-04",
                "status": "available",
                "tags": [],
                "type": "snapshot"
              },
              {
                "created": "2019-10-28T14:06:49Z",
                "description": "Redash 8.0.0 on Ubuntu 18.04",
                "distribution": "Ubuntu",
                "error_message": "",
                "id": 54187810,
                "image": "54187810",
                "min_disk_size": 30,
                "name": "Redash 8.0.0 on Ubuntu 18.04",
                "private": false,
                "regions": [
                  "ams2",
                  "ams3",
                  "blr1",
                  "fra1",
                  "lon1",
                  "nyc1",
                  "nyc2",
                  "nyc3",
                  "sfo1",
                  "sfo2",
                  "sfo3",
                  "sgp1",
                  "syd1",
                  "tor1"
                ],
                "size_gigabytes": 3.35,
                "slug": "redash-18-04",
                "status": "available",
                "tags": [],
                "type": "snapshot"
              },
              {
                "created": "2019-10-01T12:17:03Z",
                "description": "Varbase 8.7.11 on Ubuntu 18.04",
                "distribution": "Ubuntu",
                "error_message": "",
                "id": 52981719,
                "image": "52981719",
                "min_disk_size": 50,
                "name": "Varbase 8.7.11 on Ubuntu 18.04",
                "private": false,
                "regions": [
                  "ams2",
                  "ams3",
                  "blr1",
                  "fra1",
                  "lon1",
                  "nyc1",
                  "nyc2",
                  "nyc3",
                  "sfo1",
                  "sfo2",
                  "sfo3",
                  "sgp1",
                  "syd1",
                  "tor1"
                ],
                "size_gigabytes": 2.71,
                "slug": "vardot-varbase-18-04",
                "status": "available",
                "tags": [],
                "type": "snapshot"
              },
              {
                "created": "2019-09-23T22:16:45Z",
                "description": "Chamilo 1.11.10 on Ubuntu 18.04",
                "distribution": "Ubuntu",
                "error_message": "",
                "id": 52639497,
                "image": "52639497",
                "min_disk_size": 25,
                "name": "Chamilo 1.11.10 on Ubuntu 18.04",
                "private": false,
                "regions": [
                  "ams2",
                  "ams3",
                  "blr1",
                  "fra1",
                  "lon1",
                  "nyc1",
                  "nyc2",
                  "nyc3",
                  "sfo1",
                  "sfo2",
                  "sfo3",
                  "sgp1",
                  "syd1",
                  "tor1"
                ],
                "size_gigabytes": 4.52,
                "slug": "chamilo-18-04",
                "status": "available",
                "tags": [],
                "type": "snapshot"
              },
              {
                "created": "2019-09-16T13:51:03Z",
                "description": "",
                "distribution": "Ubuntu",
                "error_message": "",
                "id": 52318955,
                "image": "52318955",
                "min_disk_size": 25,
                "name": "Fathom on 18.04",
                "private": false,
                "regions": [
                  "ams2",
                  "ams3",
                  "blr1",
                  "fra1",
                  "lon1",
                  "nyc1",
                  "nyc2",
                  "nyc3",
                  "sfo1",
                  "sfo2",
                  "sfo3",
                  "sgp1",
                  "syd1",
                  "tor1"
                ],
                "size_gigabytes": 1.24,
                "slug": "fathom-18-04",
                "status": "available",
                "tags": [],
                "type": "snapshot"
              },
              {
                "created": "2019-08-28T01:12:32Z",
                "description": "QCObjects 2.1.157 on Ubuntu 18.04",
                "distribution": "Ubuntu",
                "error_message": "",
                "id": 51476094,
                "image": "51476094",
                "min_disk_size": 25,
                "name": "QCObjects 2.1.157 on Ubuntu 18.04",
                "private": false,
                "regions": [
                  "ams2",
                  "ams3",
                  "blr1",
                  "fra1",
                  "lon1",
                  "nyc1",
                  "nyc2",
                  "nyc3",
                  "sfo1",
                  "sfo2",
                  "sfo3",
                  "sgp1",
                  "syd1",
                  "tor1"
                ],
                "size_gigabytes": 2.58,
                "slug": "quickcorp-qcobjects-18-04",
                "status": "available",
                "tags": [],
                "type": "snapshot"
              },
              {
                "created": "2019-08-21T15:54:05Z",
                "description": "",
                "distribution": "Ubuntu",
                "error_message": "",
                "id": 51199767,
                "image": "51199767",
                "min_disk_size": 20,
                "name": "bcoin on 18.04",
                "private": false,
                "regions": [
                  "ams2",
                  "ams3",
                  "blr1",
                  "fra1",
                  "lon1",
                  "nyc1",
                  "nyc2",
                  "nyc3",
                  "sfo1",
                  "sfo2",
                  "sfo3",
                  "sgp1",
                  "syd1",
                  "tor1"
                ],
                "size_gigabytes": 6.51,
                "slug": "bcoin-18-04",
                "status": "available",
                "tags": [],
                "type": "snapshot"
              },
              {
                "created": "2019-08-19T16:59:05Z",
                "description": "LEMP on 18.04 20190819",
                "distribution": "Ubuntu",
                "error_message": "",
                "id": 51114830,
                "image": "51114830",
                "min_disk_size": 20,
                "name": "LEMP on 18.04",
                "private": false,
                "regions": [
                  "ams2",
                  "ams3",
                  "blr1",
                  "fra1",
                  "lon1",
                  "nyc1",
                  "nyc2",
                  "nyc3",
                  "sfo1",
                  "sfo2",
                  "sfo3",
                  "sgp1",
                  "syd1",
                  "tor1"
                ],
                "size_gigabytes": 0.47,
                "slug": "lemp-18-04",
                "status": "available",
                "tags": [],
                "type": "snapshot"
              },
              {
                "created": "2019-08-15T15:49:07Z",
                "description": "CyberScore 5.0.1 on Ubuntu 18.04.3",
                "distribution": "Ubuntu",
                "error_message": "",
                "id": 50944501,
                "image": "50944501",
                "min_disk_size": 25,
                "name": "CyberScore 5.0.1 on Ubuntu 18.04.3",
                "private": false,
                "regions": [
                  "ams2",
                  "ams3",
                  "blr1",
                  "fra1",
                  "lon1",
                  "nyc1",
                  "nyc2",
                  "nyc3",
                  "sfo1",
                  "sfo2",
                  "sfo3",
                  "sgp1",
                  "syd1",
                  "tor1"
                ],
                "size_gigabytes": 1.1,
                "slug": "cyberscore-18-04",
                "status": "available",
                "tags": [],
                "type": "snapshot"
              },
              {
                "created": "2019-08-13T17:01:38Z",
                "description": "",
                "distribution": "Ubuntu",
                "error_message": "",
                "id": 50860670,
                "image": "50860670",
                "min_disk_size": 25,
                "name": "Zeromon Zabbix 4 on Ubuntu 18.04",
                "private": false,
                "regions": [
                  "ams2",
                  "ams3",
                  "blr1",
                  "fra1",
                  "lon1",
                  "nyc1",
                  "nyc2",
                  "nyc3",
                  "sfo1",
                  "sfo2",
                  "sfo3",
                  "sgp1",
                  "syd1",
                  "tor1"
                ],
                "size_gigabytes": 20.55,
                "slug": "zeromon-zabbix-18-04",
                "status": "available",
                "tags": [],
                "type": "snapshot"
              },
              {
                "created": "2019-08-11T01:46:40Z",
                "description": "Invoice Ninja 1.0.0 on Ubuntu 18.0.4",
                "distribution": "Ubuntu",
                "error_message": "",
                "id": 50751897,
                "image": "50751897",
                "min_disk_size": 25,
                "name": "Invoice Ninja 1.0.0 on Ubuntu 18.0.4",
                "private": false,
                "regions": [
                  "ams2",
                  "ams3",
                  "blr1",
                  "fra1",
                  "lon1",
                  "nyc1",
                  "nyc2",
                  "nyc3",
                  "sfo1",
                  "sfo2",
                  "sfo3",
                  "sgp1",
                  "syd1",
                  "tor1"
                ],
                "size_gigabytes": 1.59,
                "slug": "invoiceninja-18-04",
                "status": "available",
                "tags": [],
                "type": "snapshot"
              },
              {
                "created": "2019-07-30T14:42:36Z",
                "description": "",
                "distribution": "Ubuntu",
                "error_message": "",
                "id": 50270443,
                "image": "50270443",
                "min_disk_size": 20,
                "name": "Izenda 3.3.1 on Ubuntu 18.04",
                "private": false,
                "regions": [
                  "ams2",
                  "ams3",
                  "blr1",
                  "fra1",
                  "lon1",
                  "nyc1",
                  "nyc2",
                  "nyc3",
                  "sfo1",
                  "sfo2",
                  "sfo3",
                  "sgp1",
                  "syd1",
                  "tor1"
                ],
                "size_gigabytes": 3.13,
                "slug": "izenda-18-04",
                "status": "available",
                "tags": [],
                "type": "snapshot"
              },
              {
                "created": "2019-07-23T18:13:11Z",
                "description": "OpenLiteSpeed Django 2.2.3 on Ubuntu 18.04",
                "distribution": "Ubuntu",
                "error_message": "",
                "id": 49991862,
                "image": "49991862",
                "min_disk_size": 25,
                "name": "OpenLiteSpeed Django 2.2.3 on Ubuntu 18.04",
                "private": false,
                "regions": [
                  "ams2",
                  "ams3",
                  "blr1",
                  "fra1",
                  "lon1",
                  "nyc1",
                  "nyc2",
                  "nyc3",
                  "sfo1",
                  "sfo2",
                  "sfo3",
                  "sgp1",
                  "syd1",
                  "tor1"
                ],
                "size_gigabytes": 2.05,
                "slug": "openlitespeed-django-18-04",
                "status": "available",
                "tags": [],
                "type": "snapshot"
              },
              {
                "created": "2019-07-23T18:12:10Z",
                "description": "OpenLiteSpeed NodeJS 10.15.3 on Ubuntu 18.04",
                "distribution": "Ubuntu",
                "error_message": "",
                "id": 49991856,
                "image": "49991856",
                "min_disk_size": 25,
                "name": "OpenLiteSpeed NodeJS 10.15.3 on Ubuntu 18.04",
                "private": false,
                "regions": [
                  "ams2",
                  "ams3",
                  "blr1",
                  "fra1",
                  "lon1",
                  "nyc1",
                  "nyc2",
                  "nyc3",
                  "sfo1",
                  "sfo2",
                  "sfo3",
                  "sgp1",
                  "syd1",
                  "tor1"
                ],
                "size_gigabytes": 1.76,
                "slug": "openlitespeed-node-18-04",
                "status": "available",
                "tags": [],
                "type": "snapshot"
              },
              {
                "created": "2019-07-12T01:34:19Z",
                "description": "Skaffolder 3.0 on Ubuntu 18.04",
                "distribution": "Ubuntu",
                "error_message": "",
                "id": 49506692,
                "image": "49506692",
                "min_disk_size": 25,
                "name": "Skaffolder 3.0 on Ubuntu 18.04",
                "private": false,
                "regions": [
                  "ams2",
                  "ams3",
                  "blr1",
                  "fra1",
                  "lon1",
                  "nyc1",
                  "nyc2",
                  "nyc3",
                  "sfo1",
                  "sfo2",
                  "sfo3",
                  "sgp1",
                  "syd1",
                  "tor1"
                ],
                "size_gigabytes": 4.67,
                "slug": "skaffolder-18-04",
                "status": "available",
                "tags": [],
                "type": "snapshot"
              },
              {
                "created": "2019-07-11T22:14:22Z",
                "description": "Influx TICK on 18.04",
                "distribution": "Ubuntu",
                "error_message": "",
                "id": 49497176,
                "image": "49497176",
                "min_disk_size": 25,
                "name": "Influx TICK on 18.04",
                "private": false,
                "regions": [
                  "ams2",
                  "ams3",
                  "blr1",
                  "fra1",
                  "lon1",
                  "nyc1",
                  "nyc2",
                  "nyc3",
                  "sfo1",
                  "sfo2",
                  "sfo3",
                  "sgp1",
                  "syd1",
                  "tor1"
                ],
                "size_gigabytes": 1.77,
                "slug": "influxdb-18-04",
                "status": "available",
                "tags": [],
                "type": "snapshot"
              },
              {
                "created": "2019-07-11T00:05:42Z",
                "description": "PacVim on Ubuntu 18.04",
                "distribution": "Ubuntu",
                "error_message": "",
                "id": 49460377,
                "image": "49460377",
                "min_disk_size": 25,
                "name": "PacVim on Ubuntu 18.04",
                "private": false,
                "regions": [
                  "ams2",
                  "ams3",
                  "blr1",
                  "fra1",
                  "lon1",
                  "nyc1",
                  "nyc2",
                  "nyc3",
                  "sfo1",
                  "sfo2",
                  "sfo3",
                  "sgp1",
                  "syd1",
                  "tor1"
                ],
                "size_gigabytes": 1.38,
                "slug": "sharklabs-pacvim-18-04",
                "status": "available",
                "tags": [],
                "type": "snapshot"
              },
              {
                "created": "2019-07-10T15:59:02Z",
                "description": "",
                "distribution": "Ubuntu",
                "error_message": "",
                "id": 49446420,
                "image": "49446420",
                "min_disk_size": 20,
                "name": "ThingsBoard PE on Ubuntu 18.04",
                "private": false,
                "regions": [
                  "ams2",
                  "ams3",
                  "blr1",
                  "fra1",
                  "lon1",
                  "nyc1",
                  "nyc2",
                  "nyc3",
                  "sfo1",
                  "sfo2",
                  "sfo3",
                  "sgp1",
                  "syd1",
                  "tor1"
                ],
                "size_gigabytes": 2.4,
                "slug": "thingsboardpe-18-04",
                "status": "available",
                "tags": [],
                "type": "snapshot"
              },
              {
                "created": "2019-07-10T15:22:27Z",
                "description": "ThingsBoard CE on Ubuntu 18.04",
                "distribution": "Ubuntu",
                "error_message": "",
                "id": 49445799,
                "image": "49445799",
                "min_disk_size": 20,
                "name": "ThingsBoard CE on Ubuntu 18.04",
                "private": false,
                "regions": [
                  "ams2",
                  "ams3",
                  "blr1",
                  "fra1",
                  "lon1",
                  "nyc1",
                  "nyc2",
                  "nyc3",
                  "sfo1",
                  "sfo2",
                  "sfo3",
                  "sgp1",
                  "syd1",
                  "tor1"
                ],
                "size_gigabytes": 1.81,
                "slug": "thingsboard-18-04",
                "status": "available",
                "tags": [],
                "type": "snapshot"
              },
              {
                "created": "2019-06-26T13:29:51Z",
                "description": "",
                "distribution": "Ubuntu",
                "error_message": "",
                "id": 48862530,
                "image": "48862530",
                "min_disk_size": 25,
                "name": "CloudBees Jenkins on 18.04",
                "private": false,
                "regions": [
                  "ams2",
                  "ams3",
                  "blr1",
                  "fra1",
                  "lon1",
                  "nyc1",
                  "nyc2",
                  "nyc3",
                  "sfo1",
                  "sfo2",
                  "sfo3",
                  "sgp1",
                  "syd1",
                  "tor1"
                ],
                "size_gigabytes": 1.5,
                "slug": "jenkins-18-04",
                "status": "available",
                "tags": [],
                "type": "snapshot"
              },
              {
                "created": "2019-06-25T19:35:39Z",
                "description": "PhpMyAdmin on 18.04 20190625",
                "distribution": "Ubuntu",
                "error_message": "",
                "id": 48826557,
                "image": "48826557",
                "min_disk_size": 20,
                "name": "PhpMyAdmin on 18.04",
                "private": false,
                "regions": [
                  "ams2",
                  "ams3",
                  "blr1",
                  "fra1",
                  "lon1",
                  "nyc1",
                  "nyc2",
                  "nyc3",
                  "sfo1",
                  "sfo2",
                  "sfo3",
                  "sgp1",
                  "syd1",
                  "tor1"
                ],
                "size_gigabytes": 0.51,
                "slug": "phpmyadmin-18-04",
                "status": "available",
                "tags": [],
                "type": "snapshot"
              },
              {
                "created": "2019-06-25T18:47:45Z",
                "description": "MySQL on 18.04 20190625",
                "distribution": "Ubuntu",
                "error_message": "",
                "id": 48825518,
                "image": "48825518",
                "min_disk_size": 20,
                "name": "MySQL on 18.04",
                "private": false,
                "regions": [
                  "ams2",
                  "ams3",
                  "blr1",
                  "fra1",
                  "lon1",
                  "nyc1",
                  "nyc2",
                  "nyc3",
                  "sfo1",
                  "sfo2",
                  "sfo3",
                  "sgp1",
                  "syd1",
                  "tor1"
                ],
                "size_gigabytes": 0.51,
                "slug": "mysql-18-04",
                "status": "available",
                "tags": [],
                "type": "snapshot"
              },
              {
                "created": "2019-06-25T15:32:42Z",
                "description": "Dokku 0.17.9 on 18.04 20190625",
                "distribution": "Ubuntu",
                "error_message": "",
                "id": 48823330,
                "image": "48823330",
                "min_disk_size": 20,
                "name": "Dokku 0.17.9 on 18.04",
                "private": false,
                "regions": [
                  "ams2",
                  "ams3",
                  "blr1",
                  "fra1",
                  "lon1",
                  "nyc1",
                  "nyc2",
                  "nyc3",
                  "sfo1",
                  "sfo2",
                  "sfo3",
                  "sgp1",
                  "syd1",
                  "tor1"
                ],
                "size_gigabytes": 0.84,
                "slug": "dokku-18-04",
                "status": "available",
                "tags": [],
                "type": "snapshot"
              },
              {
                "created": "2019-06-17T04:02:39Z",
                "description": "OpenCart 3.0.3 on Ubuntu 18.04",
                "distribution": "Ubuntu",
                "error_message": "",
                "id": 48487343,
                "image": "48487343",
                "min_disk_size": 25,
                "name": "OpenCart 3.0.3 on Ubuntu 18.04",
                "private": false,
                "regions": [
                  "ams2",
                  "ams3",
                  "blr1",
                  "fra1",
                  "lon1",
                  "nyc1",
                  "nyc2",
                  "nyc3",
                  "sfo1",
                  "sfo2",
                  "sfo3",
                  "sgp1",
                  "syd1",
                  "tor1"
                ],
                "size_gigabytes": 1.87,
                "slug": "opencart-18-04",
                "status": "available",
                "tags": [],
                "type": "snapshot"
              },
              {
                "created": "2019-06-04T07:04:57Z",
                "description": "SolidInvoice 2.0.3 on Ubuntu 18.04",
                "distribution": "Ubuntu",
                "error_message": "",
                "id": 47979870,
                "image": "47979870",
                "min_disk_size": 25,
                "name": "SolidInvoice 2.0.3 on Ubuntu 18.04",
                "private": false,
                "regions": [
                  "ams2",
                  "ams3",
                  "blr1",
                  "fra1",
                  "lon1",
                  "nyc1",
                  "nyc2",
                  "nyc3",
                  "sfo1",
                  "sfo2",
                  "sfo3",
                  "sgp1",
                  "syd1",
                  "tor1"
                ],
                "size_gigabytes": 2.25,
                "slug": "solidinvoice-18-04",
                "status": "available",
                "tags": [],
                "type": "snapshot"
              },
              {
                "created": "2019-05-28T12:46:55Z",
                "description": "Shopware on Ubuntu 18.04",
                "distribution": "Ubuntu",
                "error_message": "",
                "id": 47696842,
                "image": "47696842",
                "min_disk_size": 25,
                "name": "Shopware on Ubuntu 18.04",
                "private": false,
                "regions": [
                  "ams2",
                  "ams3",
                  "blr1",
                  "fra1",
                  "lon1",
                  "nyc1",
                  "nyc2",
                  "nyc3",
                  "sfo1",
                  "sfo2",
                  "sfo3",
                  "sgp1",
                  "syd1",
                  "tor1"
                ],
                "size_gigabytes": 2.22,
                "slug": "shopware-18-04",
                "status": "available",
                "tags": [],
                "type": "snapshot"
              },
              {
                "created": "2019-05-22T07:05:51Z",
                "description": "Onjection Jenkins 2.164.3 on Ubuntu 16.04",
                "distribution": "Ubuntu",
                "error_message": "",
                "id": 47457247,
                "image": "47457247",
                "min_disk_size": 25,
                "name": "Onjection Jenkins 2.164.3 on Ubuntu 16.04",
                "private": false,
                "regions": [
                  "ams2",
                  "ams3",
                  "blr1",
                  "fra1",
                  "lon1",
                  "nyc1",
                  "nyc2",
                  "nyc3",
                  "sfo1",
                  "sfo2",
                  "sfo3",
                  "sgp1",
                  "syd1",
                  "tor1"
                ],
                "size_gigabytes": 3.12,
                "slug": "onjection-jenkins-16-04",
                "status": "available",
                "tags": [],
                "type": "snapshot"
              },
              {
                "created": "2019-05-16T12:44:10Z",
                "description": "Acra 0.85.0 on Ubuntu 18.04",
                "distribution": "Ubuntu",
                "error_message": "",
                "id": 47220441,
                "image": "47220441",
                "min_disk_size": 25,
                "name": "Acra 0.85.0 on Ubuntu 18.04",
                "private": false,
                "regions": [
                  "ams2",
                  "ams3",
                  "blr1",
                  "fra1",
                  "lon1",
                  "nyc1",
                  "nyc2",
                  "nyc3",
                  "sfo1",
                  "sfo2",
                  "sfo3",
                  "sgp1",
                  "syd1",
                  "tor1"
                ],
                "size_gigabytes": 1.49,
                "slug": "acra-18-04",
                "status": "available",
                "tags": [],
                "type": "snapshot"
              },
              {
                "created": "2019-05-16T09:35:42Z",
                "description": "Prometheus 2.9.2 on Ubuntu 18.04",
                "distribution": "Ubuntu",
                "error_message": "",
                "id": 47219194,
                "image": "47219194",
                "min_disk_size": 20,
                "name": "Prometheus 2.9.2 on Ubuntu 18.04",
                "private": false,
                "regions": [
                  "ams2",
                  "ams3",
                  "blr1",
                  "fra1",
                  "lon1",
                  "nyc1",
                  "nyc2",
                  "nyc3",
                  "sfo1",
                  "sfo2",
                  "sfo3",
                  "sgp1",
                  "syd1",
                  "tor1"
                ],
                "size_gigabytes": 1.33,
                "slug": "prometheus-18-04",
                "status": "available",
                "tags": [],
                "type": "snapshot"
              },
              {
                "created": "2019-05-15T22:31:26Z",
                "description": "FastNetMon 2.0 on Ubuntu 18.04",
                "distribution": "Ubuntu",
                "error_message": "",
                "id": 47193962,
                "image": "47193962",
                "min_disk_size": 25,
                "name": "FastNetMon 2.0 on Ubuntu 18.04",
                "private": false,
                "regions": [
                  "ams2",
                  "ams3",
                  "blr1",
                  "fra1",
                  "lon1",
                  "nyc1",
                  "nyc2",
                  "nyc3",
                  "sfo1",
                  "sfo2",
                  "sfo3",
                  "sgp1",
                  "syd1",
                  "tor1"
                ],
                "size_gigabytes": 3.71,
                "slug": "fastnetmon-18-04",
                "status": "available",
                "tags": [],
                "type": "snapshot"
              },
              {
                "created": "2019-05-15T21:19:41Z",
                "description": "Onion Routed Cloud 14 on 18.04",
                "distribution": "Ubuntu",
                "error_message": "",
                "id": 47190557,
                "image": "47190557",
                "min_disk_size": 25,
                "name": "Onion Routed Cloud 14 on 18.04",
                "private": false,
                "regions": [
                  "ams2",
                  "ams3",
                  "blr1",
                  "fra1",
                  "lon1",
                  "nyc1",
                  "nyc2",
                  "nyc3",
                  "sfo1",
                  "sfo2",
                  "sfo3",
                  "sgp1",
                  "syd1",
                  "tor1"
                ],
                "size_gigabytes": 1.46,
                "slug": "deadcanaries-onionroutedcloud-18-04",
                "status": "available",
                "tags": [],
                "type": "snapshot"
              },
              {
                "created": "2019-05-15T21:09:18Z",
                "description": "OpenFaaS on Ubuntu 18.04",
                "distribution": "Ubuntu",
                "error_message": "",
                "id": 47190076,
                "image": "47190076",
                "min_disk_size": 25,
                "name": "OpenFaaS on Ubuntu 18.04",
                "private": false,
                "regions": [
                  "ams2",
                  "ams3",
                  "blr1",
                  "fra1",
                  "lon1",
                  "nyc1",
                  "nyc2",
                  "nyc3",
                  "sfo1",
                  "sfo2",
                  "sfo3",
                  "sgp1",
                  "syd1",
                  "tor1"
                ],
                "size_gigabytes": 2.21,
                "slug": "openfaas-18-04",
                "status": "available",
                "tags": [],
                "type": "snapshot"
              },
              {
                "created": "2019-05-15T20:05:43Z",
                "description": "Helpy 2.4 on 18.04",
                "distribution": "Ubuntu",
                "error_message": "",
                "id": 47187262,
                "image": "47187262",
                "min_disk_size": 25,
                "name": "Helpy 2.4 on 18.04",
                "private": false,
                "regions": [
                  "ams2",
                  "ams3",
                  "blr1",
                  "fra1",
                  "lon1",
                  "nyc1",
                  "nyc2",
                  "nyc3",
                  "sfo1",
                  "sfo2",
                  "sfo3",
                  "sgp1",
                  "syd1",
                  "tor1"
                ],
                "size_gigabytes": 3.44,
                "slug": "helpy-18-04",
                "status": "available",
                "tags": [],
                "type": "snapshot"
              },
              {
                "created": "2019-05-15T05:38:56Z",
                "description": "Spotipo 3.4.13 on 18.04",
                "distribution": "Ubuntu",
                "error_message": "",
                "id": 47172991,
                "image": "47172991",
                "min_disk_size": 25,
                "name": "Spotipo 3.4.13 on 18.04",
                "private": false,
                "regions": [
                  "ams2",
                  "ams3",
                  "blr1",
                  "fra1",
                  "lon1",
                  "nyc1",
                  "nyc2",
                  "nyc3",
                  "sfo1",
                  "sfo2",
                  "sfo3",
                  "sgp1",
                  "syd1",
                  "tor1"
                ],
                "size_gigabytes": 2.52,
                "slug": "nibblecomm-spotipo-18-04",
                "status": "available",
                "tags": [],
                "type": "snapshot"
              },
              {
                "created": "2019-04-11T02:03:55Z",
                "description": "",
                "distribution": "Ubuntu",
                "error_message": "",
                "id": 45800611,
                "image": "45800611",
                "min_disk_size": 25,
                "name": "DeadLetter Facial Recognition on 18.04",
                "private": false,
                "regions": [
                  "ams2",
                  "ams3",
                  "blr1",
                  "fra1",
                  "lon1",
                  "nyc1",
                  "nyc2",
                  "nyc3",
                  "sfo1",
                  "sfo2",
                  "sfo3",
                  "sgp1",
                  "syd1",
                  "tor1"
                ],
                "size_gigabytes": 1.45,
                "slug": "deadletter-18-04",
                "status": "available",
                "tags": [],
                "type": "snapshot"
              },
              {
                "created": "2018-10-03T13:13:30Z",
                "description": "DSuhinin-App-1 1.0 on 18.04",
                "distribution": "Ubuntu",
                "error_message": "",
                "id": 38821435,
                "image": "38821435",
                "min_disk_size": 20,
                "name": "DSuhinin-App-1 1.0 on 18.04",
                "private": false,
                "regions": [
                  "ams2",
                  "ams3",
                  "blr1",
                  "fra1",
                  "lon1",
                  "nyc1",
                  "nyc2",
                  "nyc3",
                  "sfo1",
                  "sfo2",
                  "sfo3",
                  "sgp1",
                  "syd1",
                  "tor1"
                ],
                "size_gigabytes": 0.54,
                "slug": "dsuhininapp1-18-04",
                "status": "deleted",
                "tags": [],
                "type": "snapshot"
              }
            ],
            "sort": [
              {
                "direction": "desc",
                "key": "created"
              }
            ]
          },
          "sensitive_attributes": []
        }
      ]
    },
    {
      "mode": "data",
      "type": "template_file",
      "name": "userdata",
      "provider": "provider[\"registry.terraform.io/hashicorp/template\"]",
      "instances": [
        {
          "schema_version": 0,
          "attributes": {
            "filename": null,
            "id": "20f3e1e922802e2220211d539fa9026422f0f2e79f44992c8d1c0c08c55fa272",
            "rendered": "#!/usr/bin/env bash\r\nset -x\r\nexec \u003e \u003e(tee /var/log/user-data.log|logger -t user-data -s 2\u003e/dev/console) 2\u003e\u00261\r\nexport PATH=\"$PATH:/usr/bin\"\r\n# Mount Volume\r\nDEVICE_FS=`blkid -o value -s TYPE /dev/disk/by-id/scsi-0DO_Volume_proyectoterra-docker-volume`\r\nif [ \"`echo -n $DEVICE_FS`\" == \"\" ] ; then\r\n        mkfs.ext4 /dev/disk/by-id/scsi-0DO_Volume_proyectoterra-docker-volume\r\nfi\r\nmkdir -p /var/lib/docker\r\necho '/dev/disk/by-id/scsi-0DO_Volume_proyectoterra-docker-volume /var/lib/docker ext4 defaults 0 0' \u003e\u003e /etc/fstab\r\nmount /var/lib/docker\r\n# Git and curl\r\nsudo apt install -y git\r\n#Docker\r\nsudo apt install -y apt-transport-https ca-certificates curl software-properties-common\r\ncurl -fsSL https://download.docker.com/linux/ubuntu/gpg | sudo apt-key add -\r\nsudo add-apt-repository -y \"deb [arch=amd64] https://download.docker.com/linux/ubuntu focal stable\"\r\nsudo apt install -y docker-ce\r\nqq\r\n\r\n# Docker User manage\r\nsudo groupadd -g 1000 kelvin\r\nsudo useradd -d /home/kelvin -s /bin/bash -u 1000 -g 1000 kelvin\r\nsudo mkdir /home/kelvin\r\nsudo chown -R kelvin:kelvin /home/kelvin\r\nsudo usermod -aG docker kelvin\r\n\r\nsudo curl -L \"https://github.com/docker/compose/releases/download/1.28.6/docker-compose-$(uname -s)-$(uname -m)\" -o /usr/local/bin/docker-compose\r\nsudo chmod +x /usr/local/bin/docker-compose\r\nsudo ln -s /usr/local/bin/docker-compose /usr/bin/docker-compose\r\n\r\n# Reboot\r\n#sudo reboot\r\n",
            "template": "#!/usr/bin/env bash\r\nset -x\r\nexec \u003e \u003e(tee /var/log/user-data.log|logger -t user-data -s 2\u003e/dev/console) 2\u003e\u00261\r\nexport PATH=\"$PATH:/usr/bin\"\r\n# Mount Volume\r\nDEVICE_FS=`blkid -o value -s TYPE ${device_path}`\r\nif [ \"`echo -n $DEVICE_FS`\" == \"\" ] ; then\r\n        mkfs.ext4 ${device_path}\r\nfi\r\nmkdir -p ${mount_path}\r\necho '${device_path} ${mount_path} ext4 defaults 0 0' \u003e\u003e /etc/fstab\r\nmount ${mount_path}\r\n# Git and curl\r\nsudo apt install -y git\r\n#Docker\r\nsudo apt install -y apt-transport-https ca-certificates curl software-properties-common\r\ncurl -fsSL https://download.docker.com/linux/ubuntu/gpg | sudo apt-key add -\r\nsudo add-apt-repository -y \"deb [arch=amd64] https://download.docker.com/linux/ubuntu focal stable\"\r\nsudo apt install -y docker-ce\r\nqq\r\n\r\n# Docker User manage\r\nsudo groupadd -g 1000 ${DOCKER_USER}\r\nsudo useradd -d /home/${DOCKER_USER} -s /bin/bash -u 1000 -g 1000 ${DOCKER_USER}\r\nsudo mkdir /home/${DOCKER_USER}\r\nsudo chown -R ${DOCKER_USER}:${DOCKER_USER} /home/${DOCKER_USER}\r\nsudo usermod -aG docker ${DOCKER_USER}\r\n\r\nsudo curl -L \"https://github.com/docker/compose/releases/download/1.28.6/docker-compose-$(uname -s)-$(uname -m)\" -o /usr/local/bin/docker-compose\r\nsudo chmod +x /usr/local/bin/docker-compose\r\nsudo ln -s /usr/local/bin/docker-compose /usr/bin/docker-compose\r\n\r\n# Reboot\r\n#sudo reboot\r\n",
            "vars": {
              "DOCKER_USER": "kelvin",
              "device_path": "/dev/disk/by-id/scsi-0DO_Volume_proyectoterra-docker-volume",
              "mount_path": "/var/lib/docker"
            }
          },
          "sensitive_attributes": []
        }
      ]
    },
    {
      "mode": "managed",
      "type": "digitalocean_droplet",
      "name": "docker",
      "provider": "provider[\"registry.terraform.io/digitalocean/digitalocean\"]",
      "instances": [
        {
          "schema_version": 1,
          "attributes": {
            "backups": true,
            "created_at": "2023-03-11T04:09:27Z",
            "disk": 160,
            "droplet_agent": null,
            "graceful_shutdown": false,
            "id": "344899173",
            "image": "ubuntu-20-04-x64",
            "ipv4_address": "142.93.160.247",
            "ipv4_address_private": "10.114.0.2",
            "ipv6": false,
            "ipv6_address": "",
            "locked": false,
            "memory": 8192,
            "monitoring": false,
            "name": "proyectoterra-docker",
            "price_hourly": 0.07143,
            "price_monthly": 48,
            "private_networking": true,
            "region": "fra1",
            "resize_disk": true,
            "size": "s-4vcpu-8gb",
            "ssh_keys": [
              "6d:ad:69:88:df:ca:bf:c8:19:2d:03:a3:6f:a3:45:8d"
            ],
            "status": "active",
            "tags": null,
            "timeouts": null,
            "urn": "do:droplet:344899173",
            "user_data": "4f1839ca44f26c8f04ebf1a94d9862dc366fe96c",
            "vcpus": 4,
            "volume_ids": [],
            "vpc_uuid": "06c87a80-4c8d-4375-87a9-173335877c26"
          },
          "sensitive_attributes": [],
          "private": "eyJlMmJmYjczMC1lY2FhLTExZTYtOGY4OC0zNDM2M2JjN2M0YzAiOnsiY3JlYXRlIjozNjAwMDAwMDAwMDAwLCJkZWxldGUiOjYwMDAwMDAwMDAwLCJ1cGRhdGUiOjM2MDAwMDAwMDAwMDB9LCJzY2hlbWFfdmVyc2lvbiI6IjEifQ==",
          "dependencies": [
            "data.template_file.userdata",
            "digitalocean_ssh_key.docker-ssh"
          ]
        }
      ]
    },
    {
      "mode": "managed",
      "type": "digitalocean_ssh_key",
      "name": "docker-ssh",
      "provider": "provider[\"registry.terraform.io/digitalocean/digitalocean\"]",
      "instances": [
        {
          "schema_version": 0,
          "attributes": {
            "fingerprint": "6d:ad:69:88:df:ca:bf:c8:19:2d:03:a3:6f:a3:45:8d",
            "id": "37751428",
            "name": "proyectoterra-key",
            "public_key": "ssh-rsa AAAAB3NzaC1yc2EAAAADAQABAAABgQDSxJwAARyciZv7J2Z1D9HxgAM1nF5ERA5i2riDHKLmNiba8MHsiwbTszZ2aoQvsU2Hll++RyTA1SnXgu2tB+F6knlM0/RjC6Oa1j3s6Fpy00DmsUI7B5VZ4CxfucL6Je46PcbHTW4TJPc/nf70goQmBu44e2aM9h3DASIh49SCrMrS3BqZ5KYozK+gU52REVE7gWDzETVN56ec8Tkk3MIFQ1fOGHEFYV6CBPb146E+nq+KhX1dEYagW2JQIQgNaiLq6cSA/P5wEChC5hQbFmzB/XtsVgaPhFlWIGizOGX3a8pnoDFacQvas1PcBmV4wCjZReb+BoK3b8IvT5YOG3JOthqPP8jwSyIqEQFl92lLiIcUPH0Y7c7iXKqyxnuWswORSaQv4A5O4amt43796d0blZTtVoM+KXUsYLDpa0+ZViMkdMmx0c9dnkJj3BKSlKaox0gZz0D48Fcb4WTH+xd5q31BidD7fsOqGDGWyURtoQzKhw574mmCK7ISJkoC21k= kelvin@LAPTOP-UF79HNHK\r\n"
          },
          "sensitive_attributes": [],
          "private": "bnVsbA=="
        }
      ]
    },
    {
      "mode": "managed",
      "type": "digitalocean_volume",
      "name": "docker",
      "provider": "provider[\"registry.terraform.io/digitalocean/digitalocean\"]",
      "instances": [
        {
          "schema_version": 0,
          "attributes": {
            "description": "proyectoterra docker volume description",
            "droplet_ids": [],
            "filesystem_label": null,
            "filesystem_type": "ext4",
            "id": "302f993f-bfc2-11ed-be5d-0a58ac14d195",
            "initial_filesystem_label": null,
            "initial_filesystem_type": "ext4",
            "name": "proyectoterra-docker-volume",
            "region": "fra1",
            "size": 80,
            "snapshot_id": null,
            "tags": [],
            "urn": "do:volume:302f993f-bfc2-11ed-be5d-0a58ac14d195"
          },
          "sensitive_attributes": [],
          "private": "bnVsbA=="
        }
      ]
    },
    {
      "mode": "managed",
      "type": "digitalocean_volume_attachment",
      "name": "docker",
      "provider": "provider[\"registry.terraform.io/digitalocean/digitalocean\"]",
      "instances": [
        {
          "schema_version": 0,
          "attributes": {
            "droplet_id": 344899173,
            "id": "344899173-302f993f-bfc2-11ed-be5d-0a58ac14d195-20230311040547296000000001",
            "volume_id": "302f993f-bfc2-11ed-be5d-0a58ac14d195"
          },
          "sensitive_attributes": [],
          "private": "bnVsbA==",
          "dependencies": [
            "data.template_file.userdata",
            "digitalocean_droplet.docker",
            "digitalocean_ssh_key.docker-ssh",
            "digitalocean_volume.docker"
          ]
        }
      ]
    }
  ],
  "check_results": []
}
